
Microsoft Visual Studio Solution File, Format Version 12.00
# Visual Studio Version 17
VisualStudioVersion = 17.2.32630.192
MinimumVisualStudioVersion = 10.0.40219.1
Project("{9A19103F-16F7-4668-BE54-9A1E7A4F7556}") = "R5T.O0006.Construction", "R5T.O0006.Construction\R5T.O0006.Construction.csproj", "{00C21036-D0FC-4A19-804D-6EBC778A8A92}"
EndProject
Project("{9A19103F-16F7-4668-BE54-9A1E7A4F7556}") = "R5T.O0006", "R5T.O0006\R5T.O0006.csproj", "{48C9B5AB-1CD7-4FCE-BEA6-24A598638BAB}"
EndProject
Project("{2150E333-8FDC-42A3-9474-1A3956D46DE8}") = "_Dependencies", "_Dependencies", "{CEA555D7-C427-4375-AD51-27CFA057892F}"
EndProject
Project("{9A19103F-16F7-4668-BE54-9A1E7A4F7556}") = "R5T.F0000", "..\..\R5T.F0000\source\R5T.F0000\R5T.F0000.csproj", "{54D8023E-2FCA-451A-874A-343188C01679}"
EndProject
Project("{9A19103F-16F7-4668-BE54-9A1E7A4F7556}") = "R5T.F0002", "..\..\R5T.F0002\source\R5T.F0002\R5T.F0002.csproj", "{44290D47-D0DB-4D43-81B3-10790708A83A}"
EndProject
Project("{9A19103F-16F7-4668-BE54-9A1E7A4F7556}") = "R5T.F0020", "..\..\R5T.F0020\source\R5T.F0020\R5T.F0020.csproj", "{E7FCE154-AD27-4B1B-8D7D-7FF3DE2EE6F0}"
EndProject
Project("{9A19103F-16F7-4668-BE54-9A1E7A4F7556}") = "R5T.F0040.F000", "..\..\R5T.F0040\source\R5T.F0040.F000\R5T.F0040.F000.csproj", "{A111F22F-87AA-4E0A-849A-66B86F57D70B}"
EndProject
Project("{9A19103F-16F7-4668-BE54-9A1E7A4F7556}") = "R5T.T0131", "..\..\R5T.T0131\source\R5T.T0131\R5T.T0131.csproj", "{24064267-84B9-453F-8B26-D9F01D7F4ACE}"
EndProject
Project("{9A19103F-16F7-4668-BE54-9A1E7A4F7556}") = "R5T.T0132", "..\..\R5T.T0132\source\R5T.T0132\R5T.T0132.csproj", "{41C0B582-90B7-4D66-88E6-ACD2B02AB4E8}"
EndProject
Project("{9A19103F-16F7-4668-BE54-9A1E7A4F7556}") = "R5T.T0142", "..\..\R5T.T0142\source\R5T.T0142\R5T.T0142.csproj", "{9B15BF45-0243-40F7-8D25-BD400724F6FC}"
EndProject
Project("{9A19103F-16F7-4668-BE54-9A1E7A4F7556}") = "R5T.T0143", "..\..\R5T.T0143\source\R5T.T0143\R5T.T0143.csproj", "{584846CA-6875-445A-BF0D-71924B8500CA}"
EndProject
Project("{9A19103F-16F7-4668-BE54-9A1E7A4F7556}") = "R5T.T0152", "..\..\R5T.T0152\source\R5T.T0152\R5T.T0152.csproj", "{1C4D51B6-B605-4CEC-B64C-D33DF9838686}"
EndProject
Project("{9A19103F-16F7-4668-BE54-9A1E7A4F7556}") = "R5T.T0156", "..\..\R5T.T0156\source\R5T.T0156\R5T.T0156.csproj", "{BB1A6C38-7D9B-418B-8B89-90844B17830C}"
EndProject
Project("{9A19103F-16F7-4668-BE54-9A1E7A4F7556}") = "R5T.Y0000", "..\..\R5T.Y0000\source\R5T.Y0000\R5T.Y0000.csproj", "{39DF76C3-175B-4AE0-A935-F806DF9ACCA1}"
EndProject
Project("{9A19103F-16F7-4668-BE54-9A1E7A4F7556}") = "R5T.Z0000", "..\..\R5T.Z0000\source\R5T.Z0000\R5T.Z0000.csproj", "{F3CEDA0B-574D-4884-BD3E-5C472E11FD38}"
EndProject
Project("{9A19103F-16F7-4668-BE54-9A1E7A4F7556}") = "R5T.T0150", "..\..\R5T.T0150\source\R5T.T0150\R5T.T0150.csproj", "{ED309E13-197F-46BC-B585-42CFEDB35D50}"
EndProject
Project("{9A19103F-16F7-4668-BE54-9A1E7A4F7556}") = "R5T.T0151", "..\..\R5T.T0151\source\R5T.T0151\R5T.T0151.csproj", "{D6437390-E30A-4363-BC7D-DCD5C1AAFAAF}"
EndProject
Project("{9A19103F-16F7-4668-BE54-9A1E7A4F7556}") = "R5T.T0172", "..\..\R5T.T0172\source\R5T.T0172\R5T.T0172.csproj", "{3998750A-2D77-41EC-A2C7-0B22BA28404B}"
EndProject
Project("{9A19103F-16F7-4668-BE54-9A1E7A4F7556}") = "R5T.T0178", "..\..\R5T.T0178\source\R5T.T0178\R5T.T0178.csproj", "{1AAF32C1-6A45-4AD7-8FCA-5C4EF4F9078C}"
EndProject
Project("{9A19103F-16F7-4668-BE54-9A1E7A4F7556}") = "R5T.T0179", "..\..\R5T.T0179\source\R5T.T0179\R5T.T0179.csproj", "{12249910-CD32-4557-B27B-DD76B6FC4113}"
EndProject
Project("{9A19103F-16F7-4668-BE54-9A1E7A4F7556}") = "R5T.T0180", "..\..\R5T.T0180\source\R5T.T0180\R5T.T0180.csproj", "{D0D02AFC-0FFD-43CF-84B7-5446237D11C9}"
EndProject
Project("{9A19103F-16F7-4668-BE54-9A1E7A4F7556}") = "R5T.T0181", "..\..\R5T.T0181\source\R5T.T0181\R5T.T0181.csproj", "{A99DD413-DD0A-4130-A0CC-2433255ADD68}"
EndProject
Global
	GlobalSection(NestedProjects) = preSolution
		{54D8023E-2FCA-451A-874A-343188C01679} = {CEA555D7-C427-4375-AD51-27CFA057892F}
		{44290D47-D0DB-4D43-81B3-10790708A83A} = {CEA555D7-C427-4375-AD51-27CFA057892F}
		{E7FCE154-AD27-4B1B-8D7D-7FF3DE2EE6F0} = {CEA555D7-C427-4375-AD51-27CFA057892F}
		{A111F22F-87AA-4E0A-849A-66B86F57D70B} = {CEA555D7-C427-4375-AD51-27CFA057892F}
		{24064267-84B9-453F-8B26-D9F01D7F4ACE} = {CEA555D7-C427-4375-AD51-27CFA057892F}
		{41C0B582-90B7-4D66-88E6-ACD2B02AB4E8} = {CEA555D7-C427-4375-AD51-27CFA057892F}
		{9B15BF45-0243-40F7-8D25-BD400724F6FC} = {CEA555D7-C427-4375-AD51-27CFA057892F}
		{584846CA-6875-445A-BF0D-71924B8500CA} = {CEA555D7-C427-4375-AD51-27CFA057892F}
		{1C4D51B6-B605-4CEC-B64C-D33DF9838686} = {CEA555D7-C427-4375-AD51-27CFA057892F}
		{BB1A6C38-7D9B-418B-8B89-90844B17830C} = {CEA555D7-C427-4375-AD51-27CFA057892F}
		{39DF76C3-175B-4AE0-A935-F806DF9ACCA1} = {CEA555D7-C427-4375-AD51-27CFA057892F}
		{F3CEDA0B-574D-4884-BD3E-5C472E11FD38} = {CEA555D7-C427-4375-AD51-27CFA057892F}
		{ED309E13-197F-46BC-B585-42CFEDB35D50} = {CEA555D7-C427-4375-AD51-27CFA057892F}
		{D6437390-E30A-4363-BC7D-DCD5C1AAFAAF} = {CEA555D7-C427-4375-AD51-27CFA057892F}
		{3998750A-2D77-41EC-A2C7-0B22BA28404B} = {CEA555D7-C427-4375-AD51-27CFA057892F}
		{1AAF32C1-6A45-4AD7-8FCA-5C4EF4F9078C} = {CEA555D7-C427-4375-AD51-27CFA057892F}
		{12249910-CD32-4557-B27B-DD76B6FC4113} = {CEA555D7-C427-4375-AD51-27CFA057892F}
		{D0D02AFC-0FFD-43CF-84B7-5446237D11C9} = {CEA555D7-C427-4375-AD51-27CFA057892F}
		{A99DD413-DD0A-4130-A0CC-2433255ADD68} = {CEA555D7-C427-4375-AD51-27CFA057892F}
	EndGlobalSection
	GlobalSection(SolutionConfigurationPlatforms) = preSolution
		Debug|Any CPU = Debug|Any CPU
		Release|Any CPU = Release|Any CPU
	EndGlobalSection
	GlobalSection(ProjectConfigurationPlatforms) = postSolution
		{00C21036-D0FC-4A19-804D-6EBC778A8A92}.Debug|Any CPU.ActiveCfg = Debug|Any CPU
		{00C21036-D0FC-4A19-804D-6EBC778A8A92}.Debug|Any CPU.Build.0 = Debug|Any CPU
		{00C21036-D0FC-4A19-804D-6EBC778A8A92}.Release|Any CPU.ActiveCfg = Release|Any CPU
		{00C21036-D0FC-4A19-804D-6EBC778A8A92}.Release|Any CPU.Build.0 = Release|Any CPU
		{48C9B5AB-1CD7-4FCE-BEA6-24A598638BAB}.Debug|Any CPU.ActiveCfg = Debug|Any CPU
		{48C9B5AB-1CD7-4FCE-BEA6-24A598638BAB}.Debug|Any CPU.Build.0 = Debug|Any CPU
		{48C9B5AB-1CD7-4FCE-BEA6-24A598638BAB}.Release|Any CPU.ActiveCfg = Release|Any CPU
		{48C9B5AB-1CD7-4FCE-BEA6-24A598638BAB}.Release|Any CPU.Build.0 = Release|Any CPU
		{54D8023E-2FCA-451A-874A-343188C01679}.Debug|Any CPU.ActiveCfg = Debug|Any CPU
		{54D8023E-2FCA-451A-874A-343188C01679}.Debug|Any CPU.Build.0 = Debug|Any CPU
		{54D8023E-2FCA-451A-874A-343188C01679}.Release|Any CPU.ActiveCfg = Release|Any CPU
		{54D8023E-2FCA-451A-874A-343188C01679}.Release|Any CPU.Build.0 = Release|Any CPU
		{44290D47-D0DB-4D43-81B3-10790708A83A}.Debug|Any CPU.ActiveCfg = Debug|Any CPU
		{44290D47-D0DB-4D43-81B3-10790708A83A}.Debug|Any CPU.Build.0 = Debug|Any CPU
		{44290D47-D0DB-4D43-81B3-10790708A83A}.Release|Any CPU.ActiveCfg = Release|Any CPU
		{44290D47-D0DB-4D43-81B3-10790708A83A}.Release|Any CPU.Build.0 = Release|Any CPU
		{E7FCE154-AD27-4B1B-8D7D-7FF3DE2EE6F0}.Debug|Any CPU.ActiveCfg = Debug|Any CPU
		{E7FCE154-AD27-4B1B-8D7D-7FF3DE2EE6F0}.Debug|Any CPU.Build.0 = Debug|Any CPU
		{E7FCE154-AD27-4B1B-8D7D-7FF3DE2EE6F0}.Release|Any CPU.ActiveCfg = Release|Any CPU
		{E7FCE154-AD27-4B1B-8D7D-7FF3DE2EE6F0}.Release|Any CPU.Build.0 = Release|Any CPU
		{A111F22F-87AA-4E0A-849A-66B86F57D70B}.Debug|Any CPU.ActiveCfg = Debug|Any CPU
		{A111F22F-87AA-4E0A-849A-66B86F57D70B}.Debug|Any CPU.Build.0 = Debug|Any CPU
		{A111F22F-87AA-4E0A-849A-66B86F57D70B}.Release|Any CPU.ActiveCfg = Release|Any CPU
		{A111F22F-87AA-4E0A-849A-66B86F57D70B}.Release|Any CPU.Build.0 = Release|Any CPU
		{24064267-84B9-453F-8B26-D9F01D7F4ACE}.Debug|Any CPU.ActiveCfg = Debug|Any CPU
		{24064267-84B9-453F-8B26-D9F01D7F4ACE}.Debug|Any CPU.Build.0 = Debug|Any CPU
		{24064267-84B9-453F-8B26-D9F01D7F4ACE}.Release|Any CPU.ActiveCfg = Release|Any CPU
		{24064267-84B9-453F-8B26-D9F01D7F4ACE}.Release|Any CPU.Build.0 = Release|Any CPU
		{41C0B582-90B7-4D66-88E6-ACD2B02AB4E8}.Debug|Any CPU.ActiveCfg = Debug|Any CPU
		{41C0B582-90B7-4D66-88E6-ACD2B02AB4E8}.Debug|Any CPU.Build.0 = Debug|Any CPU
		{41C0B582-90B7-4D66-88E6-ACD2B02AB4E8}.Release|Any CPU.ActiveCfg = Release|Any CPU
		{41C0B582-90B7-4D66-88E6-ACD2B02AB4E8}.Release|Any CPU.Build.0 = Release|Any CPU
		{9B15BF45-0243-40F7-8D25-BD400724F6FC}.Debug|Any CPU.ActiveCfg = Debug|Any CPU
		{9B15BF45-0243-40F7-8D25-BD400724F6FC}.Debug|Any CPU.Build.0 = Debug|Any CPU
		{9B15BF45-0243-40F7-8D25-BD400724F6FC}.Release|Any CPU.ActiveCfg = Release|Any CPU
		{9B15BF45-0243-40F7-8D25-BD400724F6FC}.Release|Any CPU.Build.0 = Release|Any CPU
		{584846CA-6875-445A-BF0D-71924B8500CA}.Debug|Any CPU.ActiveCfg = Debug|Any CPU
		{584846CA-6875-445A-BF0D-71924B8500CA}.Debug|Any CPU.Build.0 = Debug|Any CPU
		{584846CA-6875-445A-BF0D-71924B8500CA}.Release|Any CPU.ActiveCfg = Release|Any CPU
		{584846CA-6875-445A-BF0D-71924B8500CA}.Release|Any CPU.Build.0 = Release|Any CPU
		{1C4D51B6-B605-4CEC-B64C-D33DF9838686}.Debug|Any CPU.ActiveCfg = Debug|Any CPU
		{1C4D51B6-B605-4CEC-B64C-D33DF9838686}.Debug|Any CPU.Build.0 = Debug|Any CPU
		{1C4D51B6-B605-4CEC-B64C-D33DF9838686}.Release|Any CPU.ActiveCfg = Release|Any CPU
		{1C4D51B6-B605-4CEC-B64C-D33DF9838686}.Release|Any CPU.Build.0 = Release|Any CPU
		{BB1A6C38-7D9B-418B-8B89-90844B17830C}.Debug|Any CPU.ActiveCfg = Debug|Any CPU
		{BB1A6C38-7D9B-418B-8B89-90844B17830C}.Debug|Any CPU.Build.0 = Debug|Any CPU
		{BB1A6C38-7D9B-418B-8B89-90844B17830C}.Release|Any CPU.ActiveCfg = Release|Any CPU
		{BB1A6C38-7D9B-418B-8B89-90844B17830C}.Release|Any CPU.Build.0 = Release|Any CPU
		{39DF76C3-175B-4AE0-A935-F806DF9ACCA1}.Debug|Any CPU.ActiveCfg = Debug|Any CPU
		{39DF76C3-175B-4AE0-A935-F806DF9ACCA1}.Debug|Any CPU.Build.0 = Debug|Any CPU
		{39DF76C3-175B-4AE0-A935-F806DF9ACCA1}.Release|Any CPU.ActiveCfg = Release|Any CPU
		{39DF76C3-175B-4AE0-A935-F806DF9ACCA1}.Release|Any CPU.Build.0 = Release|Any CPU
		{F3CEDA0B-574D-4884-BD3E-5C472E11FD38}.Debug|Any CPU.ActiveCfg = Debug|Any CPU
		{F3CEDA0B-574D-4884-BD3E-5C472E11FD38}.Debug|Any CPU.Build.0 = Debug|Any CPU
		{F3CEDA0B-574D-4884-BD3E-5C472E11FD38}.Release|Any CPU.ActiveCfg = Release|Any CPU
		{F3CEDA0B-574D-4884-BD3E-5C472E11FD38}.Release|Any CPU.Build.0 = Release|Any CPU
		{ED309E13-197F-46BC-B585-42CFEDB35D50}.Debug|Any CPU.ActiveCfg = Debug|Any CPU
		{ED309E13-197F-46BC-B585-42CFEDB35D50}.Debug|Any CPU.Build.0 = Debug|Any CPU
		{ED309E13-197F-46BC-B585-42CFEDB35D50}.Release|Any CPU.ActiveCfg = Release|Any CPU
		{ED309E13-197F-46BC-B585-42CFEDB35D50}.Release|Any CPU.Build.0 = Release|Any CPU
		{D6437390-E30A-4363-BC7D-DCD5C1AAFAAF}.Debug|Any CPU.ActiveCfg = Debug|Any CPU
		{D6437390-E30A-4363-BC7D-DCD5C1AAFAAF}.Debug|Any CPU.Build.0 = Debug|Any CPU
		{D6437390-E30A-4363-BC7D-DCD5C1AAFAAF}.Release|Any CPU.ActiveCfg = Release|Any CPU
		{D6437390-E30A-4363-BC7D-DCD5C1AAFAAF}.Release|Any CPU.Build.0 = Release|Any CPU
		{3998750A-2D77-41EC-A2C7-0B22BA28404B}.Debug|Any CPU.ActiveCfg = Debug|Any CPU
		{3998750A-2D77-41EC-A2C7-0B22BA28404B}.Debug|Any CPU.Build.0 = Debug|Any CPU
		{3998750A-2D77-41EC-A2C7-0B22BA28404B}.Release|Any CPU.ActiveCfg = Release|Any CPU
		{3998750A-2D77-41EC-A2C7-0B22BA28404B}.Release|Any CPU.Build.0 = Release|Any CPU
		{1AAF32C1-6A45-4AD7-8FCA-5C4EF4F9078C}.Debug|Any CPU.ActiveCfg = Debug|Any CPU
		{1AAF32C1-6A45-4AD7-8FCA-5C4EF4F9078C}.Debug|Any CPU.Build.0 = Debug|Any CPU
		{1AAF32C1-6A45-4AD7-8FCA-5C4EF4F9078C}.Release|Any CPU.ActiveCfg = Release|Any CPU
		{1AAF32C1-6A45-4AD7-8FCA-5C4EF4F9078C}.Release|Any CPU.Build.0 = Release|Any CPU
		{12249910-CD32-4557-B27B-DD76B6FC4113}.Debug|Any CPU.ActiveCfg = Debug|Any CPU
		{12249910-CD32-4557-B27B-DD76B6FC4113}.Debug|Any CPU.Build.0 = Debug|Any CPU
		{12249910-CD32-4557-B27B-DD76B6FC4113}.Release|Any CPU.ActiveCfg = Release|Any CPU
		{12249910-CD32-4557-B27B-DD76B6FC4113}.Release|Any CPU.Build.0 = Release|Any CPU
		{D0D02AFC-0FFD-43CF-84B7-5446237D11C9}.Debug|Any CPU.ActiveCfg = Debug|Any CPU
		{D0D02AFC-0FFD-43CF-84B7-5446237D11C9}.Debug|Any CPU.Build.0 = Debug|Any CPU
		{D0D02AFC-0FFD-43CF-84B7-5446237D11C9}.Release|Any CPU.ActiveCfg = Release|Any CPU
		{D0D02AFC-0FFD-43CF-84B7-5446237D11C9}.Release|Any CPU.Build.0 = Release|Any CPU
		{A99DD413-DD0A-4130-A0CC-2433255ADD68}.Debug|Any CPU.ActiveCfg = Debug|Any CPU
		{A99DD413-DD0A-4130-A0CC-2433255ADD68}.Debug|Any CPU.Build.0 = Debug|Any CPU
		{A99DD413-DD0A-4130-A0CC-2433255ADD68}.Release|Any CPU.ActiveCfg = Release|Any CPU
		{A99DD413-DD0A-4130-A0CC-2433255ADD68}.Release|Any CPU.Build.0 = Release|Any CPU
	EndGlobalSection
	GlobalSection(SolutionProperties) = preSolution
		HideSolutionNode = FALSE
	EndGlobalSection
	GlobalSection(ExtensibilityGlobals) = postSolution
		SolutionGuid = {1EE58B98-B92E-45EC-B313-ACA04B94AEA4}
	EndGlobalSection
EndGlobal
