
Microsoft Visual Studio Solution File, Format Version 12.00
# Visual Studio Version 17
VisualStudioVersion = 17.2.32630.192
MinimumVisualStudioVersion = 10.0.40219.1
Project("{9A19103F-16F7-4668-BE54-9A1E7A4F7556}") = "R5T.O0006.Construction", "R5T.O0006.Construction\R5T.O0006.Construction.csproj", "{00C21036-D0FC-4A19-804D-6EBC778A8A92}"
EndProject
Project("{9A19103F-16F7-4668-BE54-9A1E7A4F7556}") = "R5T.O0006", "R5T.O0006\R5T.O0006.csproj", "{48C9B5AB-1CD7-4FCE-BEA6-24A598638BAB}"
EndProject
Project("{2150E333-8FDC-42A3-9474-1A3956D46DE8}") = "_Dependencies", "_Dependencies", "{CEA555D7-C427-4375-AD51-27CFA057892F}"
EndProject
Project("{9A19103F-16F7-4668-BE54-9A1E7A4F7556}") = "R5T.F0000", "..\..\R5T.F0000\source\R5T.F0000\R5T.F0000.csproj", "{54D8023E-2FCA-451A-874A-343188C01679}"
EndProject
Project("{9A19103F-16F7-4668-BE54-9A1E7A4F7556}") = "R5T.F0002", "..\..\R5T.F0002\source\R5T.F0002\R5T.F0002.csproj", "{44290D47-D0DB-4D43-81B3-10790708A83A}"
EndProject
Project("{9A19103F-16F7-4668-BE54-9A1E7A4F7556}") = "R5T.F0020", "..\..\R5T.F0020\source\R5T.F0020\R5T.F0020.csproj", "{E7FCE154-AD27-4B1B-8D7D-7FF3DE2EE6F0}"
EndProject
Project("{9A19103F-16F7-4668-BE54-9A1E7A4F7556}") = "R5T.F0040.F000", "..\..\R5T.F0040\source\R5T.F0040.F000\R5T.F0040.F000.csproj", "{A111F22F-87AA-4E0A-849A-66B86F57D70B}"
EndProject
Project("{9A19103F-16F7-4668-BE54-9A1E7A4F7556}") = "R5T.T0131", "..\..\R5T.T0131\source\R5T.T0131\R5T.T0131.csproj", "{24064267-84B9-453F-8B26-D9F01D7F4ACE}"
EndProject
Project("{9A19103F-16F7-4668-BE54-9A1E7A4F7556}") = "R5T.T0132", "..\..\R5T.T0132\source\R5T.T0132\R5T.T0132.csproj", "{41C0B582-90B7-4D66-88E6-ACD2B02AB4E8}"
EndProject
Project("{9A19103F-16F7-4668-BE54-9A1E7A4F7556}") = "R5T.T0142", "..\..\R5T.T0142\source\R5T.T0142\R5T.T0142.csproj", "{9B15BF45-0243-40F7-8D25-BD400724F6FC}"
EndProject
Project("{9A19103F-16F7-4668-BE54-9A1E7A4F7556}") = "R5T.T0143", "..\..\R5T.T0143\source\R5T.T0143\R5T.T0143.csproj", "{584846CA-6875-445A-BF0D-71924B8500CA}"
EndProject
Project("{9A19103F-16F7-4668-BE54-9A1E7A4F7556}") = "R5T.T0152", "..\..\R5T.T0152\source\R5T.T0152\R5T.T0152.csproj", "{1C4D51B6-B605-4CEC-B64C-D33DF9838686}"
EndProject
Project("{9A19103F-16F7-4668-BE54-9A1E7A4F7556}") = "R5T.T0156", "..\..\R5T.T0156\source\R5T.T0156\R5T.T0156.csproj", "{BB1A6C38-7D9B-418B-8B89-90844B17830C}"
EndProject
Project("{9A19103F-16F7-4668-BE54-9A1E7A4F7556}") = "R5T.Y0000", "..\..\R5T.Y0000\source\R5T.Y0000\R5T.Y0000.csproj", "{39DF76C3-175B-4AE0-A935-F806DF9ACCA1}"
EndProject
Project("{9A19103F-16F7-4668-BE54-9A1E7A4F7556}") = "R5T.Z0000", "..\..\R5T.Z0000\source\R5T.Z0000\R5T.Z0000.csproj", "{F3CEDA0B-574D-4884-BD3E-5C472E11FD38}"
EndProject
Project("{9A19103F-16F7-4668-BE54-9A1E7A4F7556}") = "R5T.T0150", "..\..\R5T.T0150\source\R5T.T0150\R5T.T0150.csproj", "{ED309E13-197F-46BC-B585-42CFEDB35D50}"
EndProject
Project("{9A19103F-16F7-4668-BE54-9A1E7A4F7556}") = "R5T.T0151", "..\..\R5T.T0151\source\R5T.T0151\R5T.T0151.csproj", "{D6437390-E30A-4363-BC7D-DCD5C1AAFAAF}"
EndProject
Project("{9A19103F-16F7-4668-BE54-9A1E7A4F7556}") = "R5T.T0172", "..\..\R5T.T0172\source\R5T.T0172\R5T.T0172.csproj", "{3998750A-2D77-41EC-A2C7-0B22BA28404B}"
EndProject
Project("{9A19103F-16F7-4668-BE54-9A1E7A4F7556}") = "R5T.T0178", "..\..\R5T.T0178\source\R5T.T0178\R5T.T0178.csproj", "{1AAF32C1-6A45-4AD7-8FCA-5C4EF4F9078C}"
EndProject
Project("{9A19103F-16F7-4668-BE54-9A1E7A4F7556}") = "R5T.T0179", "..\..\R5T.T0179\source\R5T.T0179\R5T.T0179.csproj", "{12249910-CD32-4557-B27B-DD76B6FC4113}"
EndProject
Project("{9A19103F-16F7-4668-BE54-9A1E7A4F7556}") = "R5T.T0180", "..\..\R5T.T0180\source\R5T.T0180\R5T.T0180.csproj", "{D0D02AFC-0FFD-43CF-84B7-5446237D11C9}"
EndProject
Project("{9A19103F-16F7-4668-BE54-9A1E7A4F7556}") = "R5T.T0181", "..\..\R5T.T0181\source\R5T.T0181\R5T.T0181.csproj", "{A99DD413-DD0A-4130-A0CC-2433255ADD68}"
EndProject
Project("{9A19103F-16F7-4668-BE54-9A1E7A4F7556}") = "R5T.F0016.F001", "..\..\R5T.F0016\source\R5T.F0016.F001\R5T.F0016.F001.csproj", "{2E021577-E046-437D-A855-CC34AF17F2C9}"
EndProject
Project("{9A19103F-16F7-4668-BE54-9A1E7A4F7556}") = "R5T.F0016", "..\..\R5T.F0016\source\R5T.F0016\R5T.F0016.csproj", "{F3B73907-C1E2-4440-B23C-B1940889F0D3}"
EndProject
Project("{9A19103F-16F7-4668-BE54-9A1E7A4F7556}") = "R5T.F0019", "..\..\R5T.F0019\source\R5T.F0019\R5T.F0019.csproj", "{1BE5C172-478D-40FF-B87D-AE46A07A8C99}"
EndProject
Project("{9A19103F-16F7-4668-BE54-9A1E7A4F7556}") = "R5T.F0032", "..\..\R5T.F0032\source\R5T.F0032\R5T.F0032.csproj", "{93C86C75-EDCF-460A-B9AB-C16C4FA5BC3F}"
EndProject
Project("{9A19103F-16F7-4668-BE54-9A1E7A4F7556}") = "R5T.F0041", "..\..\R5T.F0041\source\R5T.F0041\R5T.F0041.csproj", "{C9CE6DBF-16B2-4693-AF61-F08375C530D3}"
EndProject
Project("{9A19103F-16F7-4668-BE54-9A1E7A4F7556}") = "R5T.F0044", "..\..\R5T.F0044\source\R5T.F0044\R5T.F0044.csproj", "{8DD13A2B-B291-49EC-86A5-CFF496BF5FEB}"
EndProject
Project("{9A19103F-16F7-4668-BE54-9A1E7A4F7556}") = "R5T.F0046", "..\..\R5T.F0046\source\R5T.F0046\R5T.F0046.csproj", "{578E3E89-1123-4E20-BCF4-B3A7CA68F039}"
EndProject
Project("{9A19103F-16F7-4668-BE54-9A1E7A4F7556}") = "R5T.F0047", "..\..\R5T.F0047\source\R5T.F0047\R5T.F0047.csproj", "{07045EFE-CD65-4A97-95BC-CB06C5CB8E33}"
EndProject
Project("{9A19103F-16F7-4668-BE54-9A1E7A4F7556}") = "R5T.F0057", "..\..\R5T.F0057\source\R5T.F0057\R5T.F0057.csproj", "{AEA48951-3B19-4FFA-BE79-5BDB886DD05D}"
EndProject
Project("{9A19103F-16F7-4668-BE54-9A1E7A4F7556}") = "R5T.F0120", "..\..\R5T.F0120\source\R5T.F0120\R5T.F0120.csproj", "{60B42EAA-D4DB-43FA-8202-0EDCE1116054}"
EndProject
Project("{9A19103F-16F7-4668-BE54-9A1E7A4F7556}") = "R5T.F0124", "..\..\R5T.F0124\source\R5T.F0124\R5T.F0124.csproj", "{CA4BCDBB-B44A-46E8-8F00-6F9EE3B9FB74}"
EndProject
Project("{9A19103F-16F7-4668-BE54-9A1E7A4F7556}") = "R5T.F0125", "..\..\R5T.F0125\source\R5T.F0125\R5T.F0125.csproj", "{DF17CB49-C0CC-47AB-83A3-EA551A050381}"
EndProject
Project("{9A19103F-16F7-4668-BE54-9A1E7A4F7556}") = "R5T.L0001.Y000", "..\..\R5T.L0001\source\R5T.L0001.Y000\R5T.L0001.Y000.csproj", "{FF6032E9-DAE4-4035-8E04-F94B9C64F263}"
EndProject
Project("{9A19103F-16F7-4668-BE54-9A1E7A4F7556}") = "R5T.L0001.Z000", "..\..\R5T.L0001\source\R5T.L0001.Z000\R5T.L0001.Z000.csproj", "{CB1C3AB7-325D-410A-AB1C-41FA19A350C0}"
EndProject
Project("{9A19103F-16F7-4668-BE54-9A1E7A4F7556}") = "R5T.L0001", "..\..\R5T.L0001\source\R5T.L0001\R5T.L0001.csproj", "{71072929-6975-4628-9D92-A45D491468AA}"
EndProject
Project("{9A19103F-16F7-4668-BE54-9A1E7A4F7556}") = "R5T.L0030.T000", "..\..\R5T.L0030\source\R5T.L0030.T000\R5T.L0030.T000.csproj", "{2F41CAA9-CC61-4D8F-A19F-1297CFF02E6C}"
EndProject
Project("{9A19103F-16F7-4668-BE54-9A1E7A4F7556}") = "R5T.L0030", "..\..\R5T.L0030\source\R5T.L0030\R5T.L0030.csproj", "{6F84790E-2EBC-481A-90FE-A1D0D65A8F46}"
EndProject
Project("{9A19103F-16F7-4668-BE54-9A1E7A4F7556}") = "R5T.L0031.T000", "..\..\R5T.L0031\source\R5T.L0031.T000\R5T.L0031.T000.csproj", "{7EC8FE75-F0D9-42C9-BC41-FC36A9505FED}"
EndProject
Project("{9A19103F-16F7-4668-BE54-9A1E7A4F7556}") = "R5T.L0031", "..\..\R5T.L0031\source\R5T.L0031\R5T.L0031.csproj", "{7D13E65D-57D5-4E57-9FA2-D3FAFF84D771}"
EndProject
Project("{9A19103F-16F7-4668-BE54-9A1E7A4F7556}") = "R5T.L0032.T000", "..\..\R5T.L0032\source\R5T.L0032.T000\R5T.L0032.T000.csproj", "{938E3E61-F5C8-483D-B3EC-9858BF5AF767}"
EndProject
Project("{9A19103F-16F7-4668-BE54-9A1E7A4F7556}") = "R5T.L0032.Z000", "..\..\R5T.L0032\source\R5T.L0032.Z000\R5T.L0032.Z000.csproj", "{01A5EAA1-E6BF-45F9-A8A7-8E3435D40B55}"
EndProject
Project("{9A19103F-16F7-4668-BE54-9A1E7A4F7556}") = "R5T.L0032", "..\..\R5T.L0032\source\R5T.L0032\R5T.L0032.csproj", "{E35A612F-C78D-4CA3-848F-CB54348343DF}"
EndProject
Project("{9A19103F-16F7-4668-BE54-9A1E7A4F7556}") = "R5T.L0034", "..\..\R5T.L0034\source\R5T.L0034\R5T.L0034.csproj", "{F8E7C205-94E9-429C-BD40-B332E2192C69}"
EndProject
Project("{9A19103F-16F7-4668-BE54-9A1E7A4F7556}") = "R5T.L0035", "..\..\R5T.L0035\source\R5T.L0035\R5T.L0035.csproj", "{F6299F5B-2079-49AB-920A-62D44C42E3CF}"
EndProject
Project("{9A19103F-16F7-4668-BE54-9A1E7A4F7556}") = "R5T.L0036.T000", "..\..\R5T.L0036\source\R5T.L0036.T000\R5T.L0036.T000.csproj", "{70FBC771-8381-4A1F-A224-B4F54DB0E7C1}"
EndProject
Project("{9A19103F-16F7-4668-BE54-9A1E7A4F7556}") = "R5T.L0036", "..\..\R5T.L0036\source\R5T.L0036\R5T.L0036.csproj", "{1E973810-CE52-4416-97C8-4868E409AC9A}"
EndProject
Project("{9A19103F-16F7-4668-BE54-9A1E7A4F7556}") = "R5T.NG0005", "..\..\R5T.NG0005\source\R5T.NG0005\R5T.NG0005.csproj", "{1C5EB1EE-CB74-424C-B5B4-BF6E89C79024}"
EndProject
Project("{9A19103F-16F7-4668-BE54-9A1E7A4F7556}") = "R5T.NG0006", "..\..\R5T.NG0006\source\R5T.NG0006\R5T.NG0006.csproj", "{7AE69102-048C-4945-9912-06E69293C5BA}"
EndProject
Project("{9A19103F-16F7-4668-BE54-9A1E7A4F7556}") = "R5T.NG0008", "..\..\R5T.NG0008\source\R5T.NG0008\R5T.NG0008.csproj", "{7F668F4A-135A-4EB1-9E1C-2D7F44372E97}"
EndProject
Project("{9A19103F-16F7-4668-BE54-9A1E7A4F7556}") = "R5T.NG0022", "..\..\R5T.NG0022\source\R5T.NG0022\R5T.NG0022.csproj", "{4B7AE840-0678-4F77-B377-2DC894360D11}"
EndProject
Project("{9A19103F-16F7-4668-BE54-9A1E7A4F7556}") = "R5T.O0017", "..\..\R5T.O0017\source\R5T.O0017\R5T.O0017.csproj", "{82630889-F8FE-48DB-8F02-B3A022D78CE3}"
EndProject
Project("{9A19103F-16F7-4668-BE54-9A1E7A4F7556}") = "R5T.O0023", "..\..\R5T.O0023\source\R5T.O0023\R5T.O0023.csproj", "{5091E517-BC18-4802-A4C5-2B33B2157B1F}"
EndProject
Project("{9A19103F-16F7-4668-BE54-9A1E7A4F7556}") = "R5T.T0046", "..\..\R5T.T0046\source\R5T.T0046\R5T.T0046.csproj", "{FD2764B8-7221-417E-AD40-364CF2105D32}"
EndProject
Project("{9A19103F-16F7-4668-BE54-9A1E7A4F7556}") = "R5T.T0137", "..\..\R5T.T0137\source\R5T.T0137\R5T.T0137.csproj", "{6D67A5DB-2987-4EA8-99D9-1FCCC10B6B4E}"
EndProject
Project("{9A19103F-16F7-4668-BE54-9A1E7A4F7556}") = "R5T.T0144", "..\..\R5T.T0144\source\R5T.T0144\R5T.T0144.csproj", "{310F0A3C-399A-4C38-B891-8CA9B531DA00}"
EndProject
Project("{9A19103F-16F7-4668-BE54-9A1E7A4F7556}") = "R5T.T0158", "..\..\R5T.T0158\source\R5T.T0158\R5T.T0158.csproj", "{D370E269-7BC1-482B-9DA5-688C6446DD19}"
EndProject
Project("{9A19103F-16F7-4668-BE54-9A1E7A4F7556}") = "R5T.T0159", "..\..\R5T.T0159\source\R5T.T0159\R5T.T0159.csproj", "{D9AACCDE-B9D4-4DB6-934C-8958DD905BCF}"
EndProject
Project("{9A19103F-16F7-4668-BE54-9A1E7A4F7556}") = "R5T.T0174", "..\..\R5T.T0174\source\R5T.T0174\R5T.T0174.csproj", "{BB255BB5-B719-4589-BE74-BA2DC3A2A1A4}"
EndProject
Project("{9A19103F-16F7-4668-BE54-9A1E7A4F7556}") = "R5T.T0176", "..\..\R5T.T0176\source\R5T.T0176\R5T.T0176.csproj", "{DD47473F-C4B2-4E3C-B169-CFF9F407682F}"
EndProject
Project("{9A19103F-16F7-4668-BE54-9A1E7A4F7556}") = "R5T.T0177", "..\..\R5T.T0177\source\R5T.T0177\R5T.T0177.csproj", "{EE65EB7F-827E-4394-89C5-BC4F83476963}"
EndProject
Project("{9A19103F-16F7-4668-BE54-9A1E7A4F7556}") = "R5T.T0184", "..\..\R5T.T0184\source\R5T.T0184\R5T.T0184.csproj", "{59F3B165-9699-48A2-BA96-1C483665A2F8}"
EndProject
Project("{9A19103F-16F7-4668-BE54-9A1E7A4F7556}") = "R5T.T0185", "..\..\R5T.T0185\source\R5T.T0185\R5T.T0185.csproj", "{565966EE-8E27-4ADD-B8A3-FAE66DB9E2AE}"
EndProject
Project("{9A19103F-16F7-4668-BE54-9A1E7A4F7556}") = "R5T.T0186", "..\..\R5T.T0186\source\R5T.T0186\R5T.T0186.csproj", "{62D34F9A-79D0-4212-815C-EFD3673D732A}"
EndProject
Project("{9A19103F-16F7-4668-BE54-9A1E7A4F7556}") = "R5T.T0198", "..\..\R5T.T0198\source\R5T.T0198\R5T.T0198.csproj", "{B1322E54-F656-48F3-BFB2-5C452D4374E2}"
EndProject
Project("{9A19103F-16F7-4668-BE54-9A1E7A4F7556}") = "R5T.T0200", "..\..\R5T.T0200\source\R5T.T0200\R5T.T0200.csproj", "{B1F596BC-03EF-4296-9420-133DFDD41DBE}"
EndProject
Project("{9A19103F-16F7-4668-BE54-9A1E7A4F7556}") = "R5T.T0202", "..\..\R5T.T0202\source\R5T.T0202\R5T.T0202.csproj", "{094AAA3A-3FDE-481C-95F6-FD585D4C6466}"
EndProject
Project("{9A19103F-16F7-4668-BE54-9A1E7A4F7556}") = "R5T.T0203", "..\..\R5T.T0203\source\R5T.T0203\R5T.T0203.csproj", "{39343218-DCED-4665-9918-D89747220AEE}"
EndProject
Project("{9A19103F-16F7-4668-BE54-9A1E7A4F7556}") = "R5T.T0205", "..\..\R5T.T0205\source\R5T.T0205\R5T.T0205.csproj", "{5C3B7BF8-CE1A-43D3-AA22-0936D891CF64}"
EndProject
Project("{9A19103F-16F7-4668-BE54-9A1E7A4F7556}") = "R5T.T0206", "..\..\R5T.T0206\source\R5T.T0206\R5T.T0206.csproj", "{0520B650-0C4A-4255-B55E-BA6E39C7C628}"
EndProject
Project("{9A19103F-16F7-4668-BE54-9A1E7A4F7556}") = "R5T.T0208", "..\..\R5T.T0208\source\R5T.T0208\R5T.T0208.csproj", "{42F584DE-8C0D-4FA4-93A4-CA0A66DA4F77}"
EndProject
Project("{9A19103F-16F7-4668-BE54-9A1E7A4F7556}") = "R5T.T0209", "..\..\R5T.T0209\source\R5T.T0209\R5T.T0209.csproj", "{8217DE09-9CE0-4C8B-B774-FA33D5834ECA}"
EndProject
Project("{9A19103F-16F7-4668-BE54-9A1E7A4F7556}") = "R5T.Y0004", "..\..\R5T.Y0004\source\R5T.Y0004\R5T.Y0004.csproj", "{7F71265B-5C70-44DA-B1E1-C773DDEDABA2}"
EndProject
Project("{9A19103F-16F7-4668-BE54-9A1E7A4F7556}") = "R5T.Z0005", "..\..\R5T.Z0005\source\R5T.Z0005\R5T.Z0005.csproj", "{8548D574-52A6-4FA9-8F0E-4B5F2F6CFA69}"
EndProject
Project("{9A19103F-16F7-4668-BE54-9A1E7A4F7556}") = "R5T.Z0013", "..\..\R5T.Z0013\source\R5T.Z0013\R5T.Z0013.csproj", "{73DABA5F-C3E2-4ECC-AA6D-101BD524D712}"
EndProject
Project("{9A19103F-16F7-4668-BE54-9A1E7A4F7556}") = "R5T.L0032.F000", "..\..\R5T.L0032\source\R5T.L0032.F000\R5T.L0032.F000.csproj", "{850AA8CF-5A89-4B2B-BA50-09E368F0B13D}"
EndProject
Project("{9A19103F-16F7-4668-BE54-9A1E7A4F7556}") = "R5T.T0210", "..\..\R5T.T0210\source\R5T.T0210\R5T.T0210.csproj", "{8BD5A80B-3420-4AB6-930F-D118FE292FFA}"
EndProject
Project("{9A19103F-16F7-4668-BE54-9A1E7A4F7556}") = "R5T.L0033.Z001", "..\..\R5T.L0033\source\R5T.L0033.Z001\R5T.L0033.Z001.csproj", "{DA2B8C9B-BBF4-4C3D-A4ED-F679A254FF80}"
EndProject
Project("{9A19103F-16F7-4668-BE54-9A1E7A4F7556}") = "R5T.O0025.O000", "..\..\R5T.O0025\source\R5T.O0025.O000\R5T.O0025.O000.csproj", "{3BFA989F-985E-4A7B-8787-EDB4CF3235AC}"
EndProject
Project("{9A19103F-16F7-4668-BE54-9A1E7A4F7556}") = "R5T.O0025.O002", "..\..\R5T.O0025\source\R5T.O0025.O002\R5T.O0025.O002.csproj", "{0DA6A0AE-BF02-42EF-883B-A03A3F4D0970}"
EndProject
Project("{9A19103F-16F7-4668-BE54-9A1E7A4F7556}") = "R5T.O0025", "..\..\R5T.O0025\source\R5T.O0025\R5T.O0025.csproj", "{028E570A-34DD-4763-8A7F-E6BF52A518E0}"
EndProject
Project("{9A19103F-16F7-4668-BE54-9A1E7A4F7556}") = "R5T.Z0048", "..\..\R5T.Z0048\source\R5T.Z0048\R5T.Z0048.csproj", "{135B5CCB-87CE-41AD-B9E1-E881367A45F6}"
EndProject
Project("{9A19103F-16F7-4668-BE54-9A1E7A4F7556}") = "R5T.O0025.O001", "..\..\R5T.O0025\source\R5T.O0025.O001\R5T.O0025.O001.csproj", "{6B5BBA41-DC77-4688-BB4F-3B928DDC0700}"
EndProject
Project("{9A19103F-16F7-4668-BE54-9A1E7A4F7556}") = "R5T.T0141", "..\..\R5T.T0141\source\R5T.T0141\R5T.T0141.csproj", "{B7EE0B20-C554-48B1-8B20-914F363E8042}"
EndProject
Project("{9A19103F-16F7-4668-BE54-9A1E7A4F7556}") = "R5T.T0161", "..\..\R5T.T0161\source\R5T.T0161\R5T.T0161.csproj", "{3BEC2BEF-A9EE-4CBF-A9FD-D8D57C312854}"
EndProject
Project("{9A19103F-16F7-4668-BE54-9A1E7A4F7556}") = "R5T.T0187", "..\..\R5T.T0187\source\R5T.T0187\R5T.T0187.csproj", "{8F785A28-A0F4-4D79-AC99-E255F84A6C13}"
EndProject
Project("{9A19103F-16F7-4668-BE54-9A1E7A4F7556}") = "R5T.T0196", "..\..\R5T.T0196\source\R5T.T0196\R5T.T0196.csproj", "{B75B8620-7B39-49C7-82B2-9FD291B188FE}"
EndProject
Project("{9A19103F-16F7-4668-BE54-9A1E7A4F7556}") = "R5T.T0197", "..\..\R5T.T0197\source\R5T.T0197\R5T.T0197.csproj", "{BFCA3723-9900-45C2-98AA-F9139675283E}"
EndProject
Project("{9A19103F-16F7-4668-BE54-9A1E7A4F7556}") = "R5T.Z0046", "..\..\R5T.Z0046\source\R5T.Z0046\R5T.Z0046.csproj", "{3BDF17AC-3093-402B-8B71-42AEAB6DB8D2}"
EndProject
Project("{9A19103F-16F7-4668-BE54-9A1E7A4F7556}") = "R5T.F0033", "..\..\R5T.F0033\source\R5T.F0033\R5T.F0033.csproj", "{58B30C57-9DFA-4E90-A801-F5BF97CB38C9}"
EndProject
Project("{9A19103F-16F7-4668-BE54-9A1E7A4F7556}") = "R5T.O0025.O003", "..\..\R5T.O0025\source\R5T.O0025.O003\R5T.O0025.O003.csproj", "{8B367FB3-B972-447D-B192-76C474552916}"
EndProject
Project("{9A19103F-16F7-4668-BE54-9A1E7A4F7556}") = "R5T.O0026", "..\..\R5T.O0026\source\R5T.O0026\R5T.O0026.csproj", "{A1953C93-954C-4A5A-BACE-7EB161EE909F}"
EndProject
Global
	GlobalSection(NestedProjects) = preSolution
		{54D8023E-2FCA-451A-874A-343188C01679} = {CEA555D7-C427-4375-AD51-27CFA057892F}
		{44290D47-D0DB-4D43-81B3-10790708A83A} = {CEA555D7-C427-4375-AD51-27CFA057892F}
		{E7FCE154-AD27-4B1B-8D7D-7FF3DE2EE6F0} = {CEA555D7-C427-4375-AD51-27CFA057892F}
		{A111F22F-87AA-4E0A-849A-66B86F57D70B} = {CEA555D7-C427-4375-AD51-27CFA057892F}
		{24064267-84B9-453F-8B26-D9F01D7F4ACE} = {CEA555D7-C427-4375-AD51-27CFA057892F}
		{41C0B582-90B7-4D66-88E6-ACD2B02AB4E8} = {CEA555D7-C427-4375-AD51-27CFA057892F}
		{9B15BF45-0243-40F7-8D25-BD400724F6FC} = {CEA555D7-C427-4375-AD51-27CFA057892F}
		{584846CA-6875-445A-BF0D-71924B8500CA} = {CEA555D7-C427-4375-AD51-27CFA057892F}
		{1C4D51B6-B605-4CEC-B64C-D33DF9838686} = {CEA555D7-C427-4375-AD51-27CFA057892F}
		{BB1A6C38-7D9B-418B-8B89-90844B17830C} = {CEA555D7-C427-4375-AD51-27CFA057892F}
		{39DF76C3-175B-4AE0-A935-F806DF9ACCA1} = {CEA555D7-C427-4375-AD51-27CFA057892F}
		{F3CEDA0B-574D-4884-BD3E-5C472E11FD38} = {CEA555D7-C427-4375-AD51-27CFA057892F}
		{ED309E13-197F-46BC-B585-42CFEDB35D50} = {CEA555D7-C427-4375-AD51-27CFA057892F}
		{D6437390-E30A-4363-BC7D-DCD5C1AAFAAF} = {CEA555D7-C427-4375-AD51-27CFA057892F}
		{3998750A-2D77-41EC-A2C7-0B22BA28404B} = {CEA555D7-C427-4375-AD51-27CFA057892F}
		{1AAF32C1-6A45-4AD7-8FCA-5C4EF4F9078C} = {CEA555D7-C427-4375-AD51-27CFA057892F}
		{12249910-CD32-4557-B27B-DD76B6FC4113} = {CEA555D7-C427-4375-AD51-27CFA057892F}
		{D0D02AFC-0FFD-43CF-84B7-5446237D11C9} = {CEA555D7-C427-4375-AD51-27CFA057892F}
		{A99DD413-DD0A-4130-A0CC-2433255ADD68} = {CEA555D7-C427-4375-AD51-27CFA057892F}
		{2E021577-E046-437D-A855-CC34AF17F2C9} = {CEA555D7-C427-4375-AD51-27CFA057892F}
		{F3B73907-C1E2-4440-B23C-B1940889F0D3} = {CEA555D7-C427-4375-AD51-27CFA057892F}
		{1BE5C172-478D-40FF-B87D-AE46A07A8C99} = {CEA555D7-C427-4375-AD51-27CFA057892F}
		{93C86C75-EDCF-460A-B9AB-C16C4FA5BC3F} = {CEA555D7-C427-4375-AD51-27CFA057892F}
		{C9CE6DBF-16B2-4693-AF61-F08375C530D3} = {CEA555D7-C427-4375-AD51-27CFA057892F}
		{8DD13A2B-B291-49EC-86A5-CFF496BF5FEB} = {CEA555D7-C427-4375-AD51-27CFA057892F}
		{578E3E89-1123-4E20-BCF4-B3A7CA68F039} = {CEA555D7-C427-4375-AD51-27CFA057892F}
		{07045EFE-CD65-4A97-95BC-CB06C5CB8E33} = {CEA555D7-C427-4375-AD51-27CFA057892F}
		{AEA48951-3B19-4FFA-BE79-5BDB886DD05D} = {CEA555D7-C427-4375-AD51-27CFA057892F}
		{60B42EAA-D4DB-43FA-8202-0EDCE1116054} = {CEA555D7-C427-4375-AD51-27CFA057892F}
		{CA4BCDBB-B44A-46E8-8F00-6F9EE3B9FB74} = {CEA555D7-C427-4375-AD51-27CFA057892F}
		{DF17CB49-C0CC-47AB-83A3-EA551A050381} = {CEA555D7-C427-4375-AD51-27CFA057892F}
		{FF6032E9-DAE4-4035-8E04-F94B9C64F263} = {CEA555D7-C427-4375-AD51-27CFA057892F}
		{CB1C3AB7-325D-410A-AB1C-41FA19A350C0} = {CEA555D7-C427-4375-AD51-27CFA057892F}
		{71072929-6975-4628-9D92-A45D491468AA} = {CEA555D7-C427-4375-AD51-27CFA057892F}
		{2F41CAA9-CC61-4D8F-A19F-1297CFF02E6C} = {CEA555D7-C427-4375-AD51-27CFA057892F}
		{6F84790E-2EBC-481A-90FE-A1D0D65A8F46} = {CEA555D7-C427-4375-AD51-27CFA057892F}
		{7EC8FE75-F0D9-42C9-BC41-FC36A9505FED} = {CEA555D7-C427-4375-AD51-27CFA057892F}
		{7D13E65D-57D5-4E57-9FA2-D3FAFF84D771} = {CEA555D7-C427-4375-AD51-27CFA057892F}
		{938E3E61-F5C8-483D-B3EC-9858BF5AF767} = {CEA555D7-C427-4375-AD51-27CFA057892F}
		{01A5EAA1-E6BF-45F9-A8A7-8E3435D40B55} = {CEA555D7-C427-4375-AD51-27CFA057892F}
		{E35A612F-C78D-4CA3-848F-CB54348343DF} = {CEA555D7-C427-4375-AD51-27CFA057892F}
		{F8E7C205-94E9-429C-BD40-B332E2192C69} = {CEA555D7-C427-4375-AD51-27CFA057892F}
		{F6299F5B-2079-49AB-920A-62D44C42E3CF} = {CEA555D7-C427-4375-AD51-27CFA057892F}
		{70FBC771-8381-4A1F-A224-B4F54DB0E7C1} = {CEA555D7-C427-4375-AD51-27CFA057892F}
		{1E973810-CE52-4416-97C8-4868E409AC9A} = {CEA555D7-C427-4375-AD51-27CFA057892F}
		{1C5EB1EE-CB74-424C-B5B4-BF6E89C79024} = {CEA555D7-C427-4375-AD51-27CFA057892F}
		{7AE69102-048C-4945-9912-06E69293C5BA} = {CEA555D7-C427-4375-AD51-27CFA057892F}
		{7F668F4A-135A-4EB1-9E1C-2D7F44372E97} = {CEA555D7-C427-4375-AD51-27CFA057892F}
		{4B7AE840-0678-4F77-B377-2DC894360D11} = {CEA555D7-C427-4375-AD51-27CFA057892F}
		{82630889-F8FE-48DB-8F02-B3A022D78CE3} = {CEA555D7-C427-4375-AD51-27CFA057892F}
		{5091E517-BC18-4802-A4C5-2B33B2157B1F} = {CEA555D7-C427-4375-AD51-27CFA057892F}
		{FD2764B8-7221-417E-AD40-364CF2105D32} = {CEA555D7-C427-4375-AD51-27CFA057892F}
		{6D67A5DB-2987-4EA8-99D9-1FCCC10B6B4E} = {CEA555D7-C427-4375-AD51-27CFA057892F}
		{310F0A3C-399A-4C38-B891-8CA9B531DA00} = {CEA555D7-C427-4375-AD51-27CFA057892F}
		{D370E269-7BC1-482B-9DA5-688C6446DD19} = {CEA555D7-C427-4375-AD51-27CFA057892F}
		{D9AACCDE-B9D4-4DB6-934C-8958DD905BCF} = {CEA555D7-C427-4375-AD51-27CFA057892F}
		{BB255BB5-B719-4589-BE74-BA2DC3A2A1A4} = {CEA555D7-C427-4375-AD51-27CFA057892F}
		{DD47473F-C4B2-4E3C-B169-CFF9F407682F} = {CEA555D7-C427-4375-AD51-27CFA057892F}
		{EE65EB7F-827E-4394-89C5-BC4F83476963} = {CEA555D7-C427-4375-AD51-27CFA057892F}
		{59F3B165-9699-48A2-BA96-1C483665A2F8} = {CEA555D7-C427-4375-AD51-27CFA057892F}
		{565966EE-8E27-4ADD-B8A3-FAE66DB9E2AE} = {CEA555D7-C427-4375-AD51-27CFA057892F}
		{62D34F9A-79D0-4212-815C-EFD3673D732A} = {CEA555D7-C427-4375-AD51-27CFA057892F}
		{B1322E54-F656-48F3-BFB2-5C452D4374E2} = {CEA555D7-C427-4375-AD51-27CFA057892F}
		{B1F596BC-03EF-4296-9420-133DFDD41DBE} = {CEA555D7-C427-4375-AD51-27CFA057892F}
		{094AAA3A-3FDE-481C-95F6-FD585D4C6466} = {CEA555D7-C427-4375-AD51-27CFA057892F}
		{39343218-DCED-4665-9918-D89747220AEE} = {CEA555D7-C427-4375-AD51-27CFA057892F}
		{5C3B7BF8-CE1A-43D3-AA22-0936D891CF64} = {CEA555D7-C427-4375-AD51-27CFA057892F}
		{0520B650-0C4A-4255-B55E-BA6E39C7C628} = {CEA555D7-C427-4375-AD51-27CFA057892F}
		{42F584DE-8C0D-4FA4-93A4-CA0A66DA4F77} = {CEA555D7-C427-4375-AD51-27CFA057892F}
		{8217DE09-9CE0-4C8B-B774-FA33D5834ECA} = {CEA555D7-C427-4375-AD51-27CFA057892F}
		{7F71265B-5C70-44DA-B1E1-C773DDEDABA2} = {CEA555D7-C427-4375-AD51-27CFA057892F}
		{8548D574-52A6-4FA9-8F0E-4B5F2F6CFA69} = {CEA555D7-C427-4375-AD51-27CFA057892F}
		{73DABA5F-C3E2-4ECC-AA6D-101BD524D712} = {CEA555D7-C427-4375-AD51-27CFA057892F}
		{850AA8CF-5A89-4B2B-BA50-09E368F0B13D} = {CEA555D7-C427-4375-AD51-27CFA057892F}
		{8BD5A80B-3420-4AB6-930F-D118FE292FFA} = {CEA555D7-C427-4375-AD51-27CFA057892F}
		{DA2B8C9B-BBF4-4C3D-A4ED-F679A254FF80} = {CEA555D7-C427-4375-AD51-27CFA057892F}
		{3BFA989F-985E-4A7B-8787-EDB4CF3235AC} = {CEA555D7-C427-4375-AD51-27CFA057892F}
		{0DA6A0AE-BF02-42EF-883B-A03A3F4D0970} = {CEA555D7-C427-4375-AD51-27CFA057892F}
		{028E570A-34DD-4763-8A7F-E6BF52A518E0} = {CEA555D7-C427-4375-AD51-27CFA057892F}
		{135B5CCB-87CE-41AD-B9E1-E881367A45F6} = {CEA555D7-C427-4375-AD51-27CFA057892F}
		{6B5BBA41-DC77-4688-BB4F-3B928DDC0700} = {CEA555D7-C427-4375-AD51-27CFA057892F}
		{B7EE0B20-C554-48B1-8B20-914F363E8042} = {CEA555D7-C427-4375-AD51-27CFA057892F}
		{3BEC2BEF-A9EE-4CBF-A9FD-D8D57C312854} = {CEA555D7-C427-4375-AD51-27CFA057892F}
		{8F785A28-A0F4-4D79-AC99-E255F84A6C13} = {CEA555D7-C427-4375-AD51-27CFA057892F}
		{B75B8620-7B39-49C7-82B2-9FD291B188FE} = {CEA555D7-C427-4375-AD51-27CFA057892F}
		{BFCA3723-9900-45C2-98AA-F9139675283E} = {CEA555D7-C427-4375-AD51-27CFA057892F}
		{3BDF17AC-3093-402B-8B71-42AEAB6DB8D2} = {CEA555D7-C427-4375-AD51-27CFA057892F}
		{58B30C57-9DFA-4E90-A801-F5BF97CB38C9} = {CEA555D7-C427-4375-AD51-27CFA057892F}
		{8B367FB3-B972-447D-B192-76C474552916} = {CEA555D7-C427-4375-AD51-27CFA057892F}
		{A1953C93-954C-4A5A-BACE-7EB161EE909F} = {CEA555D7-C427-4375-AD51-27CFA057892F}
	EndGlobalSection
	GlobalSection(SolutionConfigurationPlatforms) = preSolution
		Debug|Any CPU = Debug|Any CPU
		Release|Any CPU = Release|Any CPU
	EndGlobalSection
	GlobalSection(ProjectConfigurationPlatforms) = postSolution
		{00C21036-D0FC-4A19-804D-6EBC778A8A92}.Debug|Any CPU.ActiveCfg = Debug|Any CPU
		{00C21036-D0FC-4A19-804D-6EBC778A8A92}.Debug|Any CPU.Build.0 = Debug|Any CPU
		{00C21036-D0FC-4A19-804D-6EBC778A8A92}.Release|Any CPU.ActiveCfg = Release|Any CPU
		{00C21036-D0FC-4A19-804D-6EBC778A8A92}.Release|Any CPU.Build.0 = Release|Any CPU
		{48C9B5AB-1CD7-4FCE-BEA6-24A598638BAB}.Debug|Any CPU.ActiveCfg = Debug|Any CPU
		{48C9B5AB-1CD7-4FCE-BEA6-24A598638BAB}.Debug|Any CPU.Build.0 = Debug|Any CPU
		{48C9B5AB-1CD7-4FCE-BEA6-24A598638BAB}.Release|Any CPU.ActiveCfg = Release|Any CPU
		{48C9B5AB-1CD7-4FCE-BEA6-24A598638BAB}.Release|Any CPU.Build.0 = Release|Any CPU
		{54D8023E-2FCA-451A-874A-343188C01679}.Debug|Any CPU.ActiveCfg = Debug|Any CPU
		{54D8023E-2FCA-451A-874A-343188C01679}.Debug|Any CPU.Build.0 = Debug|Any CPU
		{54D8023E-2FCA-451A-874A-343188C01679}.Release|Any CPU.ActiveCfg = Release|Any CPU
		{54D8023E-2FCA-451A-874A-343188C01679}.Release|Any CPU.Build.0 = Release|Any CPU
		{44290D47-D0DB-4D43-81B3-10790708A83A}.Debug|Any CPU.ActiveCfg = Debug|Any CPU
		{44290D47-D0DB-4D43-81B3-10790708A83A}.Debug|Any CPU.Build.0 = Debug|Any CPU
		{44290D47-D0DB-4D43-81B3-10790708A83A}.Release|Any CPU.ActiveCfg = Release|Any CPU
		{44290D47-D0DB-4D43-81B3-10790708A83A}.Release|Any CPU.Build.0 = Release|Any CPU
		{E7FCE154-AD27-4B1B-8D7D-7FF3DE2EE6F0}.Debug|Any CPU.ActiveCfg = Debug|Any CPU
		{E7FCE154-AD27-4B1B-8D7D-7FF3DE2EE6F0}.Debug|Any CPU.Build.0 = Debug|Any CPU
		{E7FCE154-AD27-4B1B-8D7D-7FF3DE2EE6F0}.Release|Any CPU.ActiveCfg = Release|Any CPU
		{E7FCE154-AD27-4B1B-8D7D-7FF3DE2EE6F0}.Release|Any CPU.Build.0 = Release|Any CPU
		{A111F22F-87AA-4E0A-849A-66B86F57D70B}.Debug|Any CPU.ActiveCfg = Debug|Any CPU
		{A111F22F-87AA-4E0A-849A-66B86F57D70B}.Debug|Any CPU.Build.0 = Debug|Any CPU
		{A111F22F-87AA-4E0A-849A-66B86F57D70B}.Release|Any CPU.ActiveCfg = Release|Any CPU
		{A111F22F-87AA-4E0A-849A-66B86F57D70B}.Release|Any CPU.Build.0 = Release|Any CPU
		{24064267-84B9-453F-8B26-D9F01D7F4ACE}.Debug|Any CPU.ActiveCfg = Debug|Any CPU
		{24064267-84B9-453F-8B26-D9F01D7F4ACE}.Debug|Any CPU.Build.0 = Debug|Any CPU
		{24064267-84B9-453F-8B26-D9F01D7F4ACE}.Release|Any CPU.ActiveCfg = Release|Any CPU
		{24064267-84B9-453F-8B26-D9F01D7F4ACE}.Release|Any CPU.Build.0 = Release|Any CPU
		{41C0B582-90B7-4D66-88E6-ACD2B02AB4E8}.Debug|Any CPU.ActiveCfg = Debug|Any CPU
		{41C0B582-90B7-4D66-88E6-ACD2B02AB4E8}.Debug|Any CPU.Build.0 = Debug|Any CPU
		{41C0B582-90B7-4D66-88E6-ACD2B02AB4E8}.Release|Any CPU.ActiveCfg = Release|Any CPU
		{41C0B582-90B7-4D66-88E6-ACD2B02AB4E8}.Release|Any CPU.Build.0 = Release|Any CPU
		{9B15BF45-0243-40F7-8D25-BD400724F6FC}.Debug|Any CPU.ActiveCfg = Debug|Any CPU
		{9B15BF45-0243-40F7-8D25-BD400724F6FC}.Debug|Any CPU.Build.0 = Debug|Any CPU
		{9B15BF45-0243-40F7-8D25-BD400724F6FC}.Release|Any CPU.ActiveCfg = Release|Any CPU
		{9B15BF45-0243-40F7-8D25-BD400724F6FC}.Release|Any CPU.Build.0 = Release|Any CPU
		{584846CA-6875-445A-BF0D-71924B8500CA}.Debug|Any CPU.ActiveCfg = Debug|Any CPU
		{584846CA-6875-445A-BF0D-71924B8500CA}.Debug|Any CPU.Build.0 = Debug|Any CPU
		{584846CA-6875-445A-BF0D-71924B8500CA}.Release|Any CPU.ActiveCfg = Release|Any CPU
		{584846CA-6875-445A-BF0D-71924B8500CA}.Release|Any CPU.Build.0 = Release|Any CPU
		{1C4D51B6-B605-4CEC-B64C-D33DF9838686}.Debug|Any CPU.ActiveCfg = Debug|Any CPU
		{1C4D51B6-B605-4CEC-B64C-D33DF9838686}.Debug|Any CPU.Build.0 = Debug|Any CPU
		{1C4D51B6-B605-4CEC-B64C-D33DF9838686}.Release|Any CPU.ActiveCfg = Release|Any CPU
		{1C4D51B6-B605-4CEC-B64C-D33DF9838686}.Release|Any CPU.Build.0 = Release|Any CPU
		{BB1A6C38-7D9B-418B-8B89-90844B17830C}.Debug|Any CPU.ActiveCfg = Debug|Any CPU
		{BB1A6C38-7D9B-418B-8B89-90844B17830C}.Debug|Any CPU.Build.0 = Debug|Any CPU
		{BB1A6C38-7D9B-418B-8B89-90844B17830C}.Release|Any CPU.ActiveCfg = Release|Any CPU
		{BB1A6C38-7D9B-418B-8B89-90844B17830C}.Release|Any CPU.Build.0 = Release|Any CPU
		{39DF76C3-175B-4AE0-A935-F806DF9ACCA1}.Debug|Any CPU.ActiveCfg = Debug|Any CPU
		{39DF76C3-175B-4AE0-A935-F806DF9ACCA1}.Debug|Any CPU.Build.0 = Debug|Any CPU
		{39DF76C3-175B-4AE0-A935-F806DF9ACCA1}.Release|Any CPU.ActiveCfg = Release|Any CPU
		{39DF76C3-175B-4AE0-A935-F806DF9ACCA1}.Release|Any CPU.Build.0 = Release|Any CPU
		{F3CEDA0B-574D-4884-BD3E-5C472E11FD38}.Debug|Any CPU.ActiveCfg = Debug|Any CPU
		{F3CEDA0B-574D-4884-BD3E-5C472E11FD38}.Debug|Any CPU.Build.0 = Debug|Any CPU
		{F3CEDA0B-574D-4884-BD3E-5C472E11FD38}.Release|Any CPU.ActiveCfg = Release|Any CPU
		{F3CEDA0B-574D-4884-BD3E-5C472E11FD38}.Release|Any CPU.Build.0 = Release|Any CPU
		{ED309E13-197F-46BC-B585-42CFEDB35D50}.Debug|Any CPU.ActiveCfg = Debug|Any CPU
		{ED309E13-197F-46BC-B585-42CFEDB35D50}.Debug|Any CPU.Build.0 = Debug|Any CPU
		{ED309E13-197F-46BC-B585-42CFEDB35D50}.Release|Any CPU.ActiveCfg = Release|Any CPU
		{ED309E13-197F-46BC-B585-42CFEDB35D50}.Release|Any CPU.Build.0 = Release|Any CPU
		{D6437390-E30A-4363-BC7D-DCD5C1AAFAAF}.Debug|Any CPU.ActiveCfg = Debug|Any CPU
		{D6437390-E30A-4363-BC7D-DCD5C1AAFAAF}.Debug|Any CPU.Build.0 = Debug|Any CPU
		{D6437390-E30A-4363-BC7D-DCD5C1AAFAAF}.Release|Any CPU.ActiveCfg = Release|Any CPU
		{D6437390-E30A-4363-BC7D-DCD5C1AAFAAF}.Release|Any CPU.Build.0 = Release|Any CPU
		{3998750A-2D77-41EC-A2C7-0B22BA28404B}.Debug|Any CPU.ActiveCfg = Debug|Any CPU
		{3998750A-2D77-41EC-A2C7-0B22BA28404B}.Debug|Any CPU.Build.0 = Debug|Any CPU
		{3998750A-2D77-41EC-A2C7-0B22BA28404B}.Release|Any CPU.ActiveCfg = Release|Any CPU
		{3998750A-2D77-41EC-A2C7-0B22BA28404B}.Release|Any CPU.Build.0 = Release|Any CPU
		{1AAF32C1-6A45-4AD7-8FCA-5C4EF4F9078C}.Debug|Any CPU.ActiveCfg = Debug|Any CPU
		{1AAF32C1-6A45-4AD7-8FCA-5C4EF4F9078C}.Debug|Any CPU.Build.0 = Debug|Any CPU
		{1AAF32C1-6A45-4AD7-8FCA-5C4EF4F9078C}.Release|Any CPU.ActiveCfg = Release|Any CPU
		{1AAF32C1-6A45-4AD7-8FCA-5C4EF4F9078C}.Release|Any CPU.Build.0 = Release|Any CPU
		{12249910-CD32-4557-B27B-DD76B6FC4113}.Debug|Any CPU.ActiveCfg = Debug|Any CPU
		{12249910-CD32-4557-B27B-DD76B6FC4113}.Debug|Any CPU.Build.0 = Debug|Any CPU
		{12249910-CD32-4557-B27B-DD76B6FC4113}.Release|Any CPU.ActiveCfg = Release|Any CPU
		{12249910-CD32-4557-B27B-DD76B6FC4113}.Release|Any CPU.Build.0 = Release|Any CPU
		{D0D02AFC-0FFD-43CF-84B7-5446237D11C9}.Debug|Any CPU.ActiveCfg = Debug|Any CPU
		{D0D02AFC-0FFD-43CF-84B7-5446237D11C9}.Debug|Any CPU.Build.0 = Debug|Any CPU
		{D0D02AFC-0FFD-43CF-84B7-5446237D11C9}.Release|Any CPU.ActiveCfg = Release|Any CPU
		{D0D02AFC-0FFD-43CF-84B7-5446237D11C9}.Release|Any CPU.Build.0 = Release|Any CPU
		{A99DD413-DD0A-4130-A0CC-2433255ADD68}.Debug|Any CPU.ActiveCfg = Debug|Any CPU
		{A99DD413-DD0A-4130-A0CC-2433255ADD68}.Debug|Any CPU.Build.0 = Debug|Any CPU
		{A99DD413-DD0A-4130-A0CC-2433255ADD68}.Release|Any CPU.ActiveCfg = Release|Any CPU
		{A99DD413-DD0A-4130-A0CC-2433255ADD68}.Release|Any CPU.Build.0 = Release|Any CPU
		{2E021577-E046-437D-A855-CC34AF17F2C9}.Debug|Any CPU.ActiveCfg = Debug|Any CPU
		{2E021577-E046-437D-A855-CC34AF17F2C9}.Debug|Any CPU.Build.0 = Debug|Any CPU
		{2E021577-E046-437D-A855-CC34AF17F2C9}.Release|Any CPU.ActiveCfg = Release|Any CPU
		{2E021577-E046-437D-A855-CC34AF17F2C9}.Release|Any CPU.Build.0 = Release|Any CPU
		{F3B73907-C1E2-4440-B23C-B1940889F0D3}.Debug|Any CPU.ActiveCfg = Debug|Any CPU
		{F3B73907-C1E2-4440-B23C-B1940889F0D3}.Debug|Any CPU.Build.0 = Debug|Any CPU
		{F3B73907-C1E2-4440-B23C-B1940889F0D3}.Release|Any CPU.ActiveCfg = Release|Any CPU
		{F3B73907-C1E2-4440-B23C-B1940889F0D3}.Release|Any CPU.Build.0 = Release|Any CPU
		{1BE5C172-478D-40FF-B87D-AE46A07A8C99}.Debug|Any CPU.ActiveCfg = Debug|Any CPU
		{1BE5C172-478D-40FF-B87D-AE46A07A8C99}.Debug|Any CPU.Build.0 = Debug|Any CPU
		{1BE5C172-478D-40FF-B87D-AE46A07A8C99}.Release|Any CPU.ActiveCfg = Release|Any CPU
		{1BE5C172-478D-40FF-B87D-AE46A07A8C99}.Release|Any CPU.Build.0 = Release|Any CPU
		{93C86C75-EDCF-460A-B9AB-C16C4FA5BC3F}.Debug|Any CPU.ActiveCfg = Debug|Any CPU
		{93C86C75-EDCF-460A-B9AB-C16C4FA5BC3F}.Debug|Any CPU.Build.0 = Debug|Any CPU
		{93C86C75-EDCF-460A-B9AB-C16C4FA5BC3F}.Release|Any CPU.ActiveCfg = Release|Any CPU
		{93C86C75-EDCF-460A-B9AB-C16C4FA5BC3F}.Release|Any CPU.Build.0 = Release|Any CPU
		{C9CE6DBF-16B2-4693-AF61-F08375C530D3}.Debug|Any CPU.ActiveCfg = Debug|Any CPU
		{C9CE6DBF-16B2-4693-AF61-F08375C530D3}.Debug|Any CPU.Build.0 = Debug|Any CPU
		{C9CE6DBF-16B2-4693-AF61-F08375C530D3}.Release|Any CPU.ActiveCfg = Release|Any CPU
		{C9CE6DBF-16B2-4693-AF61-F08375C530D3}.Release|Any CPU.Build.0 = Release|Any CPU
		{8DD13A2B-B291-49EC-86A5-CFF496BF5FEB}.Debug|Any CPU.ActiveCfg = Debug|Any CPU
		{8DD13A2B-B291-49EC-86A5-CFF496BF5FEB}.Debug|Any CPU.Build.0 = Debug|Any CPU
		{8DD13A2B-B291-49EC-86A5-CFF496BF5FEB}.Release|Any CPU.ActiveCfg = Release|Any CPU
		{8DD13A2B-B291-49EC-86A5-CFF496BF5FEB}.Release|Any CPU.Build.0 = Release|Any CPU
		{578E3E89-1123-4E20-BCF4-B3A7CA68F039}.Debug|Any CPU.ActiveCfg = Debug|Any CPU
		{578E3E89-1123-4E20-BCF4-B3A7CA68F039}.Debug|Any CPU.Build.0 = Debug|Any CPU
		{578E3E89-1123-4E20-BCF4-B3A7CA68F039}.Release|Any CPU.ActiveCfg = Release|Any CPU
		{578E3E89-1123-4E20-BCF4-B3A7CA68F039}.Release|Any CPU.Build.0 = Release|Any CPU
		{07045EFE-CD65-4A97-95BC-CB06C5CB8E33}.Debug|Any CPU.ActiveCfg = Debug|Any CPU
		{07045EFE-CD65-4A97-95BC-CB06C5CB8E33}.Debug|Any CPU.Build.0 = Debug|Any CPU
		{07045EFE-CD65-4A97-95BC-CB06C5CB8E33}.Release|Any CPU.ActiveCfg = Release|Any CPU
		{07045EFE-CD65-4A97-95BC-CB06C5CB8E33}.Release|Any CPU.Build.0 = Release|Any CPU
		{AEA48951-3B19-4FFA-BE79-5BDB886DD05D}.Debug|Any CPU.ActiveCfg = Debug|Any CPU
		{AEA48951-3B19-4FFA-BE79-5BDB886DD05D}.Debug|Any CPU.Build.0 = Debug|Any CPU
		{AEA48951-3B19-4FFA-BE79-5BDB886DD05D}.Release|Any CPU.ActiveCfg = Release|Any CPU
		{AEA48951-3B19-4FFA-BE79-5BDB886DD05D}.Release|Any CPU.Build.0 = Release|Any CPU
		{60B42EAA-D4DB-43FA-8202-0EDCE1116054}.Debug|Any CPU.ActiveCfg = Debug|Any CPU
		{60B42EAA-D4DB-43FA-8202-0EDCE1116054}.Debug|Any CPU.Build.0 = Debug|Any CPU
		{60B42EAA-D4DB-43FA-8202-0EDCE1116054}.Release|Any CPU.ActiveCfg = Release|Any CPU
		{60B42EAA-D4DB-43FA-8202-0EDCE1116054}.Release|Any CPU.Build.0 = Release|Any CPU
		{CA4BCDBB-B44A-46E8-8F00-6F9EE3B9FB74}.Debug|Any CPU.ActiveCfg = Debug|Any CPU
		{CA4BCDBB-B44A-46E8-8F00-6F9EE3B9FB74}.Debug|Any CPU.Build.0 = Debug|Any CPU
		{CA4BCDBB-B44A-46E8-8F00-6F9EE3B9FB74}.Release|Any CPU.ActiveCfg = Release|Any CPU
		{CA4BCDBB-B44A-46E8-8F00-6F9EE3B9FB74}.Release|Any CPU.Build.0 = Release|Any CPU
		{DF17CB49-C0CC-47AB-83A3-EA551A050381}.Debug|Any CPU.ActiveCfg = Debug|Any CPU
		{DF17CB49-C0CC-47AB-83A3-EA551A050381}.Debug|Any CPU.Build.0 = Debug|Any CPU
		{DF17CB49-C0CC-47AB-83A3-EA551A050381}.Release|Any CPU.ActiveCfg = Release|Any CPU
		{DF17CB49-C0CC-47AB-83A3-EA551A050381}.Release|Any CPU.Build.0 = Release|Any CPU
		{FF6032E9-DAE4-4035-8E04-F94B9C64F263}.Debug|Any CPU.ActiveCfg = Debug|Any CPU
		{FF6032E9-DAE4-4035-8E04-F94B9C64F263}.Debug|Any CPU.Build.0 = Debug|Any CPU
		{FF6032E9-DAE4-4035-8E04-F94B9C64F263}.Release|Any CPU.ActiveCfg = Release|Any CPU
		{FF6032E9-DAE4-4035-8E04-F94B9C64F263}.Release|Any CPU.Build.0 = Release|Any CPU
		{CB1C3AB7-325D-410A-AB1C-41FA19A350C0}.Debug|Any CPU.ActiveCfg = Debug|Any CPU
		{CB1C3AB7-325D-410A-AB1C-41FA19A350C0}.Debug|Any CPU.Build.0 = Debug|Any CPU
		{CB1C3AB7-325D-410A-AB1C-41FA19A350C0}.Release|Any CPU.ActiveCfg = Release|Any CPU
		{CB1C3AB7-325D-410A-AB1C-41FA19A350C0}.Release|Any CPU.Build.0 = Release|Any CPU
		{71072929-6975-4628-9D92-A45D491468AA}.Debug|Any CPU.ActiveCfg = Debug|Any CPU
		{71072929-6975-4628-9D92-A45D491468AA}.Debug|Any CPU.Build.0 = Debug|Any CPU
		{71072929-6975-4628-9D92-A45D491468AA}.Release|Any CPU.ActiveCfg = Release|Any CPU
		{71072929-6975-4628-9D92-A45D491468AA}.Release|Any CPU.Build.0 = Release|Any CPU
		{2F41CAA9-CC61-4D8F-A19F-1297CFF02E6C}.Debug|Any CPU.ActiveCfg = Debug|Any CPU
		{2F41CAA9-CC61-4D8F-A19F-1297CFF02E6C}.Debug|Any CPU.Build.0 = Debug|Any CPU
		{2F41CAA9-CC61-4D8F-A19F-1297CFF02E6C}.Release|Any CPU.ActiveCfg = Release|Any CPU
		{2F41CAA9-CC61-4D8F-A19F-1297CFF02E6C}.Release|Any CPU.Build.0 = Release|Any CPU
		{6F84790E-2EBC-481A-90FE-A1D0D65A8F46}.Debug|Any CPU.ActiveCfg = Debug|Any CPU
		{6F84790E-2EBC-481A-90FE-A1D0D65A8F46}.Debug|Any CPU.Build.0 = Debug|Any CPU
		{6F84790E-2EBC-481A-90FE-A1D0D65A8F46}.Release|Any CPU.ActiveCfg = Release|Any CPU
		{6F84790E-2EBC-481A-90FE-A1D0D65A8F46}.Release|Any CPU.Build.0 = Release|Any CPU
		{7EC8FE75-F0D9-42C9-BC41-FC36A9505FED}.Debug|Any CPU.ActiveCfg = Debug|Any CPU
		{7EC8FE75-F0D9-42C9-BC41-FC36A9505FED}.Debug|Any CPU.Build.0 = Debug|Any CPU
		{7EC8FE75-F0D9-42C9-BC41-FC36A9505FED}.Release|Any CPU.ActiveCfg = Release|Any CPU
		{7EC8FE75-F0D9-42C9-BC41-FC36A9505FED}.Release|Any CPU.Build.0 = Release|Any CPU
		{7D13E65D-57D5-4E57-9FA2-D3FAFF84D771}.Debug|Any CPU.ActiveCfg = Debug|Any CPU
		{7D13E65D-57D5-4E57-9FA2-D3FAFF84D771}.Debug|Any CPU.Build.0 = Debug|Any CPU
		{7D13E65D-57D5-4E57-9FA2-D3FAFF84D771}.Release|Any CPU.ActiveCfg = Release|Any CPU
		{7D13E65D-57D5-4E57-9FA2-D3FAFF84D771}.Release|Any CPU.Build.0 = Release|Any CPU
		{938E3E61-F5C8-483D-B3EC-9858BF5AF767}.Debug|Any CPU.ActiveCfg = Debug|Any CPU
		{938E3E61-F5C8-483D-B3EC-9858BF5AF767}.Debug|Any CPU.Build.0 = Debug|Any CPU
		{938E3E61-F5C8-483D-B3EC-9858BF5AF767}.Release|Any CPU.ActiveCfg = Release|Any CPU
		{938E3E61-F5C8-483D-B3EC-9858BF5AF767}.Release|Any CPU.Build.0 = Release|Any CPU
		{01A5EAA1-E6BF-45F9-A8A7-8E3435D40B55}.Debug|Any CPU.ActiveCfg = Debug|Any CPU
		{01A5EAA1-E6BF-45F9-A8A7-8E3435D40B55}.Debug|Any CPU.Build.0 = Debug|Any CPU
		{01A5EAA1-E6BF-45F9-A8A7-8E3435D40B55}.Release|Any CPU.ActiveCfg = Release|Any CPU
		{01A5EAA1-E6BF-45F9-A8A7-8E3435D40B55}.Release|Any CPU.Build.0 = Release|Any CPU
		{E35A612F-C78D-4CA3-848F-CB54348343DF}.Debug|Any CPU.ActiveCfg = Debug|Any CPU
		{E35A612F-C78D-4CA3-848F-CB54348343DF}.Debug|Any CPU.Build.0 = Debug|Any CPU
		{E35A612F-C78D-4CA3-848F-CB54348343DF}.Release|Any CPU.ActiveCfg = Release|Any CPU
		{E35A612F-C78D-4CA3-848F-CB54348343DF}.Release|Any CPU.Build.0 = Release|Any CPU
		{F8E7C205-94E9-429C-BD40-B332E2192C69}.Debug|Any CPU.ActiveCfg = Debug|Any CPU
		{F8E7C205-94E9-429C-BD40-B332E2192C69}.Debug|Any CPU.Build.0 = Debug|Any CPU
		{F8E7C205-94E9-429C-BD40-B332E2192C69}.Release|Any CPU.ActiveCfg = Release|Any CPU
		{F8E7C205-94E9-429C-BD40-B332E2192C69}.Release|Any CPU.Build.0 = Release|Any CPU
		{F6299F5B-2079-49AB-920A-62D44C42E3CF}.Debug|Any CPU.ActiveCfg = Debug|Any CPU
		{F6299F5B-2079-49AB-920A-62D44C42E3CF}.Debug|Any CPU.Build.0 = Debug|Any CPU
		{F6299F5B-2079-49AB-920A-62D44C42E3CF}.Release|Any CPU.ActiveCfg = Release|Any CPU
		{F6299F5B-2079-49AB-920A-62D44C42E3CF}.Release|Any CPU.Build.0 = Release|Any CPU
		{70FBC771-8381-4A1F-A224-B4F54DB0E7C1}.Debug|Any CPU.ActiveCfg = Debug|Any CPU
		{70FBC771-8381-4A1F-A224-B4F54DB0E7C1}.Debug|Any CPU.Build.0 = Debug|Any CPU
		{70FBC771-8381-4A1F-A224-B4F54DB0E7C1}.Release|Any CPU.ActiveCfg = Release|Any CPU
		{70FBC771-8381-4A1F-A224-B4F54DB0E7C1}.Release|Any CPU.Build.0 = Release|Any CPU
		{1E973810-CE52-4416-97C8-4868E409AC9A}.Debug|Any CPU.ActiveCfg = Debug|Any CPU
		{1E973810-CE52-4416-97C8-4868E409AC9A}.Debug|Any CPU.Build.0 = Debug|Any CPU
		{1E973810-CE52-4416-97C8-4868E409AC9A}.Release|Any CPU.ActiveCfg = Release|Any CPU
		{1E973810-CE52-4416-97C8-4868E409AC9A}.Release|Any CPU.Build.0 = Release|Any CPU
		{1C5EB1EE-CB74-424C-B5B4-BF6E89C79024}.Debug|Any CPU.ActiveCfg = Debug|Any CPU
		{1C5EB1EE-CB74-424C-B5B4-BF6E89C79024}.Debug|Any CPU.Build.0 = Debug|Any CPU
		{1C5EB1EE-CB74-424C-B5B4-BF6E89C79024}.Release|Any CPU.ActiveCfg = Release|Any CPU
		{1C5EB1EE-CB74-424C-B5B4-BF6E89C79024}.Release|Any CPU.Build.0 = Release|Any CPU
		{7AE69102-048C-4945-9912-06E69293C5BA}.Debug|Any CPU.ActiveCfg = Debug|Any CPU
		{7AE69102-048C-4945-9912-06E69293C5BA}.Debug|Any CPU.Build.0 = Debug|Any CPU
		{7AE69102-048C-4945-9912-06E69293C5BA}.Release|Any CPU.ActiveCfg = Release|Any CPU
		{7AE69102-048C-4945-9912-06E69293C5BA}.Release|Any CPU.Build.0 = Release|Any CPU
		{7F668F4A-135A-4EB1-9E1C-2D7F44372E97}.Debug|Any CPU.ActiveCfg = Debug|Any CPU
		{7F668F4A-135A-4EB1-9E1C-2D7F44372E97}.Debug|Any CPU.Build.0 = Debug|Any CPU
		{7F668F4A-135A-4EB1-9E1C-2D7F44372E97}.Release|Any CPU.ActiveCfg = Release|Any CPU
		{7F668F4A-135A-4EB1-9E1C-2D7F44372E97}.Release|Any CPU.Build.0 = Release|Any CPU
		{4B7AE840-0678-4F77-B377-2DC894360D11}.Debug|Any CPU.ActiveCfg = Debug|Any CPU
		{4B7AE840-0678-4F77-B377-2DC894360D11}.Debug|Any CPU.Build.0 = Debug|Any CPU
		{4B7AE840-0678-4F77-B377-2DC894360D11}.Release|Any CPU.ActiveCfg = Release|Any CPU
		{4B7AE840-0678-4F77-B377-2DC894360D11}.Release|Any CPU.Build.0 = Release|Any CPU
		{82630889-F8FE-48DB-8F02-B3A022D78CE3}.Debug|Any CPU.ActiveCfg = Debug|Any CPU
		{82630889-F8FE-48DB-8F02-B3A022D78CE3}.Debug|Any CPU.Build.0 = Debug|Any CPU
		{82630889-F8FE-48DB-8F02-B3A022D78CE3}.Release|Any CPU.ActiveCfg = Release|Any CPU
		{82630889-F8FE-48DB-8F02-B3A022D78CE3}.Release|Any CPU.Build.0 = Release|Any CPU
		{5091E517-BC18-4802-A4C5-2B33B2157B1F}.Debug|Any CPU.ActiveCfg = Debug|Any CPU
		{5091E517-BC18-4802-A4C5-2B33B2157B1F}.Debug|Any CPU.Build.0 = Debug|Any CPU
		{5091E517-BC18-4802-A4C5-2B33B2157B1F}.Release|Any CPU.ActiveCfg = Release|Any CPU
		{5091E517-BC18-4802-A4C5-2B33B2157B1F}.Release|Any CPU.Build.0 = Release|Any CPU
		{FD2764B8-7221-417E-AD40-364CF2105D32}.Debug|Any CPU.ActiveCfg = Debug|Any CPU
		{FD2764B8-7221-417E-AD40-364CF2105D32}.Debug|Any CPU.Build.0 = Debug|Any CPU
		{FD2764B8-7221-417E-AD40-364CF2105D32}.Release|Any CPU.ActiveCfg = Release|Any CPU
		{FD2764B8-7221-417E-AD40-364CF2105D32}.Release|Any CPU.Build.0 = Release|Any CPU
		{6D67A5DB-2987-4EA8-99D9-1FCCC10B6B4E}.Debug|Any CPU.ActiveCfg = Debug|Any CPU
		{6D67A5DB-2987-4EA8-99D9-1FCCC10B6B4E}.Debug|Any CPU.Build.0 = Debug|Any CPU
		{6D67A5DB-2987-4EA8-99D9-1FCCC10B6B4E}.Release|Any CPU.ActiveCfg = Release|Any CPU
		{6D67A5DB-2987-4EA8-99D9-1FCCC10B6B4E}.Release|Any CPU.Build.0 = Release|Any CPU
		{310F0A3C-399A-4C38-B891-8CA9B531DA00}.Debug|Any CPU.ActiveCfg = Debug|Any CPU
		{310F0A3C-399A-4C38-B891-8CA9B531DA00}.Debug|Any CPU.Build.0 = Debug|Any CPU
		{310F0A3C-399A-4C38-B891-8CA9B531DA00}.Release|Any CPU.ActiveCfg = Release|Any CPU
		{310F0A3C-399A-4C38-B891-8CA9B531DA00}.Release|Any CPU.Build.0 = Release|Any CPU
		{D370E269-7BC1-482B-9DA5-688C6446DD19}.Debug|Any CPU.ActiveCfg = Debug|Any CPU
		{D370E269-7BC1-482B-9DA5-688C6446DD19}.Debug|Any CPU.Build.0 = Debug|Any CPU
		{D370E269-7BC1-482B-9DA5-688C6446DD19}.Release|Any CPU.ActiveCfg = Release|Any CPU
		{D370E269-7BC1-482B-9DA5-688C6446DD19}.Release|Any CPU.Build.0 = Release|Any CPU
		{D9AACCDE-B9D4-4DB6-934C-8958DD905BCF}.Debug|Any CPU.ActiveCfg = Debug|Any CPU
		{D9AACCDE-B9D4-4DB6-934C-8958DD905BCF}.Debug|Any CPU.Build.0 = Debug|Any CPU
		{D9AACCDE-B9D4-4DB6-934C-8958DD905BCF}.Release|Any CPU.ActiveCfg = Release|Any CPU
		{D9AACCDE-B9D4-4DB6-934C-8958DD905BCF}.Release|Any CPU.Build.0 = Release|Any CPU
		{BB255BB5-B719-4589-BE74-BA2DC3A2A1A4}.Debug|Any CPU.ActiveCfg = Debug|Any CPU
		{BB255BB5-B719-4589-BE74-BA2DC3A2A1A4}.Debug|Any CPU.Build.0 = Debug|Any CPU
		{BB255BB5-B719-4589-BE74-BA2DC3A2A1A4}.Release|Any CPU.ActiveCfg = Release|Any CPU
		{BB255BB5-B719-4589-BE74-BA2DC3A2A1A4}.Release|Any CPU.Build.0 = Release|Any CPU
		{DD47473F-C4B2-4E3C-B169-CFF9F407682F}.Debug|Any CPU.ActiveCfg = Debug|Any CPU
		{DD47473F-C4B2-4E3C-B169-CFF9F407682F}.Debug|Any CPU.Build.0 = Debug|Any CPU
		{DD47473F-C4B2-4E3C-B169-CFF9F407682F}.Release|Any CPU.ActiveCfg = Release|Any CPU
		{DD47473F-C4B2-4E3C-B169-CFF9F407682F}.Release|Any CPU.Build.0 = Release|Any CPU
		{EE65EB7F-827E-4394-89C5-BC4F83476963}.Debug|Any CPU.ActiveCfg = Debug|Any CPU
		{EE65EB7F-827E-4394-89C5-BC4F83476963}.Debug|Any CPU.Build.0 = Debug|Any CPU
		{EE65EB7F-827E-4394-89C5-BC4F83476963}.Release|Any CPU.ActiveCfg = Release|Any CPU
		{EE65EB7F-827E-4394-89C5-BC4F83476963}.Release|Any CPU.Build.0 = Release|Any CPU
		{59F3B165-9699-48A2-BA96-1C483665A2F8}.Debug|Any CPU.ActiveCfg = Debug|Any CPU
		{59F3B165-9699-48A2-BA96-1C483665A2F8}.Debug|Any CPU.Build.0 = Debug|Any CPU
		{59F3B165-9699-48A2-BA96-1C483665A2F8}.Release|Any CPU.ActiveCfg = Release|Any CPU
		{59F3B165-9699-48A2-BA96-1C483665A2F8}.Release|Any CPU.Build.0 = Release|Any CPU
		{565966EE-8E27-4ADD-B8A3-FAE66DB9E2AE}.Debug|Any CPU.ActiveCfg = Debug|Any CPU
		{565966EE-8E27-4ADD-B8A3-FAE66DB9E2AE}.Debug|Any CPU.Build.0 = Debug|Any CPU
		{565966EE-8E27-4ADD-B8A3-FAE66DB9E2AE}.Release|Any CPU.ActiveCfg = Release|Any CPU
		{565966EE-8E27-4ADD-B8A3-FAE66DB9E2AE}.Release|Any CPU.Build.0 = Release|Any CPU
		{62D34F9A-79D0-4212-815C-EFD3673D732A}.Debug|Any CPU.ActiveCfg = Debug|Any CPU
		{62D34F9A-79D0-4212-815C-EFD3673D732A}.Debug|Any CPU.Build.0 = Debug|Any CPU
		{62D34F9A-79D0-4212-815C-EFD3673D732A}.Release|Any CPU.ActiveCfg = Release|Any CPU
		{62D34F9A-79D0-4212-815C-EFD3673D732A}.Release|Any CPU.Build.0 = Release|Any CPU
		{B1322E54-F656-48F3-BFB2-5C452D4374E2}.Debug|Any CPU.ActiveCfg = Debug|Any CPU
		{B1322E54-F656-48F3-BFB2-5C452D4374E2}.Debug|Any CPU.Build.0 = Debug|Any CPU
		{B1322E54-F656-48F3-BFB2-5C452D4374E2}.Release|Any CPU.ActiveCfg = Release|Any CPU
		{B1322E54-F656-48F3-BFB2-5C452D4374E2}.Release|Any CPU.Build.0 = Release|Any CPU
		{B1F596BC-03EF-4296-9420-133DFDD41DBE}.Debug|Any CPU.ActiveCfg = Debug|Any CPU
		{B1F596BC-03EF-4296-9420-133DFDD41DBE}.Debug|Any CPU.Build.0 = Debug|Any CPU
		{B1F596BC-03EF-4296-9420-133DFDD41DBE}.Release|Any CPU.ActiveCfg = Release|Any CPU
		{B1F596BC-03EF-4296-9420-133DFDD41DBE}.Release|Any CPU.Build.0 = Release|Any CPU
		{094AAA3A-3FDE-481C-95F6-FD585D4C6466}.Debug|Any CPU.ActiveCfg = Debug|Any CPU
		{094AAA3A-3FDE-481C-95F6-FD585D4C6466}.Debug|Any CPU.Build.0 = Debug|Any CPU
		{094AAA3A-3FDE-481C-95F6-FD585D4C6466}.Release|Any CPU.ActiveCfg = Release|Any CPU
		{094AAA3A-3FDE-481C-95F6-FD585D4C6466}.Release|Any CPU.Build.0 = Release|Any CPU
		{39343218-DCED-4665-9918-D89747220AEE}.Debug|Any CPU.ActiveCfg = Debug|Any CPU
		{39343218-DCED-4665-9918-D89747220AEE}.Debug|Any CPU.Build.0 = Debug|Any CPU
		{39343218-DCED-4665-9918-D89747220AEE}.Release|Any CPU.ActiveCfg = Release|Any CPU
		{39343218-DCED-4665-9918-D89747220AEE}.Release|Any CPU.Build.0 = Release|Any CPU
		{5C3B7BF8-CE1A-43D3-AA22-0936D891CF64}.Debug|Any CPU.ActiveCfg = Debug|Any CPU
		{5C3B7BF8-CE1A-43D3-AA22-0936D891CF64}.Debug|Any CPU.Build.0 = Debug|Any CPU
		{5C3B7BF8-CE1A-43D3-AA22-0936D891CF64}.Release|Any CPU.ActiveCfg = Release|Any CPU
		{5C3B7BF8-CE1A-43D3-AA22-0936D891CF64}.Release|Any CPU.Build.0 = Release|Any CPU
		{0520B650-0C4A-4255-B55E-BA6E39C7C628}.Debug|Any CPU.ActiveCfg = Debug|Any CPU
		{0520B650-0C4A-4255-B55E-BA6E39C7C628}.Debug|Any CPU.Build.0 = Debug|Any CPU
		{0520B650-0C4A-4255-B55E-BA6E39C7C628}.Release|Any CPU.ActiveCfg = Release|Any CPU
		{0520B650-0C4A-4255-B55E-BA6E39C7C628}.Release|Any CPU.Build.0 = Release|Any CPU
		{42F584DE-8C0D-4FA4-93A4-CA0A66DA4F77}.Debug|Any CPU.ActiveCfg = Debug|Any CPU
		{42F584DE-8C0D-4FA4-93A4-CA0A66DA4F77}.Debug|Any CPU.Build.0 = Debug|Any CPU
		{42F584DE-8C0D-4FA4-93A4-CA0A66DA4F77}.Release|Any CPU.ActiveCfg = Release|Any CPU
		{42F584DE-8C0D-4FA4-93A4-CA0A66DA4F77}.Release|Any CPU.Build.0 = Release|Any CPU
		{8217DE09-9CE0-4C8B-B774-FA33D5834ECA}.Debug|Any CPU.ActiveCfg = Debug|Any CPU
		{8217DE09-9CE0-4C8B-B774-FA33D5834ECA}.Debug|Any CPU.Build.0 = Debug|Any CPU
		{8217DE09-9CE0-4C8B-B774-FA33D5834ECA}.Release|Any CPU.ActiveCfg = Release|Any CPU
		{8217DE09-9CE0-4C8B-B774-FA33D5834ECA}.Release|Any CPU.Build.0 = Release|Any CPU
		{7F71265B-5C70-44DA-B1E1-C773DDEDABA2}.Debug|Any CPU.ActiveCfg = Debug|Any CPU
		{7F71265B-5C70-44DA-B1E1-C773DDEDABA2}.Debug|Any CPU.Build.0 = Debug|Any CPU
		{7F71265B-5C70-44DA-B1E1-C773DDEDABA2}.Release|Any CPU.ActiveCfg = Release|Any CPU
		{7F71265B-5C70-44DA-B1E1-C773DDEDABA2}.Release|Any CPU.Build.0 = Release|Any CPU
		{8548D574-52A6-4FA9-8F0E-4B5F2F6CFA69}.Debug|Any CPU.ActiveCfg = Debug|Any CPU
		{8548D574-52A6-4FA9-8F0E-4B5F2F6CFA69}.Debug|Any CPU.Build.0 = Debug|Any CPU
		{8548D574-52A6-4FA9-8F0E-4B5F2F6CFA69}.Release|Any CPU.ActiveCfg = Release|Any CPU
		{8548D574-52A6-4FA9-8F0E-4B5F2F6CFA69}.Release|Any CPU.Build.0 = Release|Any CPU
		{73DABA5F-C3E2-4ECC-AA6D-101BD524D712}.Debug|Any CPU.ActiveCfg = Debug|Any CPU
		{73DABA5F-C3E2-4ECC-AA6D-101BD524D712}.Debug|Any CPU.Build.0 = Debug|Any CPU
		{73DABA5F-C3E2-4ECC-AA6D-101BD524D712}.Release|Any CPU.ActiveCfg = Release|Any CPU
		{73DABA5F-C3E2-4ECC-AA6D-101BD524D712}.Release|Any CPU.Build.0 = Release|Any CPU
		{850AA8CF-5A89-4B2B-BA50-09E368F0B13D}.Debug|Any CPU.ActiveCfg = Debug|Any CPU
		{850AA8CF-5A89-4B2B-BA50-09E368F0B13D}.Debug|Any CPU.Build.0 = Debug|Any CPU
		{850AA8CF-5A89-4B2B-BA50-09E368F0B13D}.Release|Any CPU.ActiveCfg = Release|Any CPU
		{850AA8CF-5A89-4B2B-BA50-09E368F0B13D}.Release|Any CPU.Build.0 = Release|Any CPU
		{8BD5A80B-3420-4AB6-930F-D118FE292FFA}.Debug|Any CPU.ActiveCfg = Debug|Any CPU
		{8BD5A80B-3420-4AB6-930F-D118FE292FFA}.Debug|Any CPU.Build.0 = Debug|Any CPU
		{8BD5A80B-3420-4AB6-930F-D118FE292FFA}.Release|Any CPU.ActiveCfg = Release|Any CPU
		{8BD5A80B-3420-4AB6-930F-D118FE292FFA}.Release|Any CPU.Build.0 = Release|Any CPU
		{DA2B8C9B-BBF4-4C3D-A4ED-F679A254FF80}.Debug|Any CPU.ActiveCfg = Debug|Any CPU
		{DA2B8C9B-BBF4-4C3D-A4ED-F679A254FF80}.Debug|Any CPU.Build.0 = Debug|Any CPU
		{DA2B8C9B-BBF4-4C3D-A4ED-F679A254FF80}.Release|Any CPU.ActiveCfg = Release|Any CPU
		{DA2B8C9B-BBF4-4C3D-A4ED-F679A254FF80}.Release|Any CPU.Build.0 = Release|Any CPU
		{3BFA989F-985E-4A7B-8787-EDB4CF3235AC}.Debug|Any CPU.ActiveCfg = Debug|Any CPU
		{3BFA989F-985E-4A7B-8787-EDB4CF3235AC}.Debug|Any CPU.Build.0 = Debug|Any CPU
		{3BFA989F-985E-4A7B-8787-EDB4CF3235AC}.Release|Any CPU.ActiveCfg = Release|Any CPU
		{3BFA989F-985E-4A7B-8787-EDB4CF3235AC}.Release|Any CPU.Build.0 = Release|Any CPU
		{0DA6A0AE-BF02-42EF-883B-A03A3F4D0970}.Debug|Any CPU.ActiveCfg = Debug|Any CPU
		{0DA6A0AE-BF02-42EF-883B-A03A3F4D0970}.Debug|Any CPU.Build.0 = Debug|Any CPU
		{0DA6A0AE-BF02-42EF-883B-A03A3F4D0970}.Release|Any CPU.ActiveCfg = Release|Any CPU
		{0DA6A0AE-BF02-42EF-883B-A03A3F4D0970}.Release|Any CPU.Build.0 = Release|Any CPU
		{028E570A-34DD-4763-8A7F-E6BF52A518E0}.Debug|Any CPU.ActiveCfg = Debug|Any CPU
		{028E570A-34DD-4763-8A7F-E6BF52A518E0}.Debug|Any CPU.Build.0 = Debug|Any CPU
		{028E570A-34DD-4763-8A7F-E6BF52A518E0}.Release|Any CPU.ActiveCfg = Release|Any CPU
		{028E570A-34DD-4763-8A7F-E6BF52A518E0}.Release|Any CPU.Build.0 = Release|Any CPU
		{135B5CCB-87CE-41AD-B9E1-E881367A45F6}.Debug|Any CPU.ActiveCfg = Debug|Any CPU
		{135B5CCB-87CE-41AD-B9E1-E881367A45F6}.Debug|Any CPU.Build.0 = Debug|Any CPU
		{135B5CCB-87CE-41AD-B9E1-E881367A45F6}.Release|Any CPU.ActiveCfg = Release|Any CPU
		{135B5CCB-87CE-41AD-B9E1-E881367A45F6}.Release|Any CPU.Build.0 = Release|Any CPU
		{6B5BBA41-DC77-4688-BB4F-3B928DDC0700}.Debug|Any CPU.ActiveCfg = Debug|Any CPU
		{6B5BBA41-DC77-4688-BB4F-3B928DDC0700}.Debug|Any CPU.Build.0 = Debug|Any CPU
		{6B5BBA41-DC77-4688-BB4F-3B928DDC0700}.Release|Any CPU.ActiveCfg = Release|Any CPU
		{6B5BBA41-DC77-4688-BB4F-3B928DDC0700}.Release|Any CPU.Build.0 = Release|Any CPU
		{B7EE0B20-C554-48B1-8B20-914F363E8042}.Debug|Any CPU.ActiveCfg = Debug|Any CPU
		{B7EE0B20-C554-48B1-8B20-914F363E8042}.Debug|Any CPU.Build.0 = Debug|Any CPU
		{B7EE0B20-C554-48B1-8B20-914F363E8042}.Release|Any CPU.ActiveCfg = Release|Any CPU
		{B7EE0B20-C554-48B1-8B20-914F363E8042}.Release|Any CPU.Build.0 = Release|Any CPU
		{3BEC2BEF-A9EE-4CBF-A9FD-D8D57C312854}.Debug|Any CPU.ActiveCfg = Debug|Any CPU
		{3BEC2BEF-A9EE-4CBF-A9FD-D8D57C312854}.Debug|Any CPU.Build.0 = Debug|Any CPU
		{3BEC2BEF-A9EE-4CBF-A9FD-D8D57C312854}.Release|Any CPU.ActiveCfg = Release|Any CPU
		{3BEC2BEF-A9EE-4CBF-A9FD-D8D57C312854}.Release|Any CPU.Build.0 = Release|Any CPU
		{8F785A28-A0F4-4D79-AC99-E255F84A6C13}.Debug|Any CPU.ActiveCfg = Debug|Any CPU
		{8F785A28-A0F4-4D79-AC99-E255F84A6C13}.Debug|Any CPU.Build.0 = Debug|Any CPU
		{8F785A28-A0F4-4D79-AC99-E255F84A6C13}.Release|Any CPU.ActiveCfg = Release|Any CPU
		{8F785A28-A0F4-4D79-AC99-E255F84A6C13}.Release|Any CPU.Build.0 = Release|Any CPU
		{B75B8620-7B39-49C7-82B2-9FD291B188FE}.Debug|Any CPU.ActiveCfg = Debug|Any CPU
		{B75B8620-7B39-49C7-82B2-9FD291B188FE}.Debug|Any CPU.Build.0 = Debug|Any CPU
		{B75B8620-7B39-49C7-82B2-9FD291B188FE}.Release|Any CPU.ActiveCfg = Release|Any CPU
		{B75B8620-7B39-49C7-82B2-9FD291B188FE}.Release|Any CPU.Build.0 = Release|Any CPU
		{BFCA3723-9900-45C2-98AA-F9139675283E}.Debug|Any CPU.ActiveCfg = Debug|Any CPU
		{BFCA3723-9900-45C2-98AA-F9139675283E}.Debug|Any CPU.Build.0 = Debug|Any CPU
		{BFCA3723-9900-45C2-98AA-F9139675283E}.Release|Any CPU.ActiveCfg = Release|Any CPU
		{BFCA3723-9900-45C2-98AA-F9139675283E}.Release|Any CPU.Build.0 = Release|Any CPU
		{3BDF17AC-3093-402B-8B71-42AEAB6DB8D2}.Debug|Any CPU.ActiveCfg = Debug|Any CPU
		{3BDF17AC-3093-402B-8B71-42AEAB6DB8D2}.Debug|Any CPU.Build.0 = Debug|Any CPU
		{3BDF17AC-3093-402B-8B71-42AEAB6DB8D2}.Release|Any CPU.ActiveCfg = Release|Any CPU
		{3BDF17AC-3093-402B-8B71-42AEAB6DB8D2}.Release|Any CPU.Build.0 = Release|Any CPU
		{58B30C57-9DFA-4E90-A801-F5BF97CB38C9}.Debug|Any CPU.ActiveCfg = Debug|Any CPU
		{58B30C57-9DFA-4E90-A801-F5BF97CB38C9}.Debug|Any CPU.Build.0 = Debug|Any CPU
		{58B30C57-9DFA-4E90-A801-F5BF97CB38C9}.Release|Any CPU.ActiveCfg = Release|Any CPU
		{58B30C57-9DFA-4E90-A801-F5BF97CB38C9}.Release|Any CPU.Build.0 = Release|Any CPU
		{8B367FB3-B972-447D-B192-76C474552916}.Debug|Any CPU.ActiveCfg = Debug|Any CPU
		{8B367FB3-B972-447D-B192-76C474552916}.Debug|Any CPU.Build.0 = Debug|Any CPU
		{8B367FB3-B972-447D-B192-76C474552916}.Release|Any CPU.ActiveCfg = Release|Any CPU
		{8B367FB3-B972-447D-B192-76C474552916}.Release|Any CPU.Build.0 = Release|Any CPU
		{A1953C93-954C-4A5A-BACE-7EB161EE909F}.Debug|Any CPU.ActiveCfg = Debug|Any CPU
		{A1953C93-954C-4A5A-BACE-7EB161EE909F}.Debug|Any CPU.Build.0 = Debug|Any CPU
		{A1953C93-954C-4A5A-BACE-7EB161EE909F}.Release|Any CPU.ActiveCfg = Release|Any CPU
		{A1953C93-954C-4A5A-BACE-7EB161EE909F}.Release|Any CPU.Build.0 = Release|Any CPU
	EndGlobalSection
	GlobalSection(SolutionProperties) = preSolution
		HideSolutionNode = FALSE
	EndGlobalSection
	GlobalSection(ExtensibilityGlobals) = postSolution
		SolutionGuid = {1EE58B98-B92E-45EC-B313-ACA04B94AEA4}
	EndGlobalSection
EndGlobal
