
Microsoft Visual Studio Solution File, Format Version 12.00
# Visual Studio Version 17
VisualStudioVersion = 17.2.32630.192
MinimumVisualStudioVersion = 10.0.40219.1
Project("{9A19103F-16F7-4668-BE54-9A1E7A4F7556}") = "R5T.O0006", "R5T.O0006\R5T.O0006.csproj", "{3FF79870-355F-479F-ACD1-C1FDEC4A0E0B}"
EndProject
Project("{2150E333-8FDC-42A3-9474-1A3956D46DE8}") = "_Dependencies", "_Dependencies", "{DE9FA811-D03D-400D-AF5A-BA3B1E1656FB}"
EndProject
Project("{9A19103F-16F7-4668-BE54-9A1E7A4F7556}") = "R5T.F0000", "..\..\R5T.F0000\source\R5T.F0000\R5T.F0000.csproj", "{E35CA9E4-9119-483C-B5CB-2915BF2EF6CB}"
EndProject
Project("{9A19103F-16F7-4668-BE54-9A1E7A4F7556}") = "R5T.F0002", "..\..\R5T.F0002\source\R5T.F0002\R5T.F0002.csproj", "{B1074ED5-A53B-4D32-BC53-E09773FB1E8C}"
EndProject
Project("{9A19103F-16F7-4668-BE54-9A1E7A4F7556}") = "R5T.F0020", "..\..\R5T.F0020\source\R5T.F0020\R5T.F0020.csproj", "{122E66A9-12B4-4D8D-AB4D-26C38CB42A01}"
EndProject
Project("{9A19103F-16F7-4668-BE54-9A1E7A4F7556}") = "R5T.F0040.F000", "..\..\R5T.F0040\source\R5T.F0040.F000\R5T.F0040.F000.csproj", "{0C3D72AC-0E34-45B0-A614-EAB84ABCBCBC}"
EndProject
Project("{9A19103F-16F7-4668-BE54-9A1E7A4F7556}") = "R5T.T0131", "..\..\R5T.T0131\source\R5T.T0131\R5T.T0131.csproj", "{BC1A9097-322B-45FF-9680-E6B06B5A3D9E}"
EndProject
Project("{9A19103F-16F7-4668-BE54-9A1E7A4F7556}") = "R5T.T0132", "..\..\R5T.T0132\source\R5T.T0132\R5T.T0132.csproj", "{DC8029D7-3562-462F-AA26-9F083AE4F1CB}"
EndProject
Project("{9A19103F-16F7-4668-BE54-9A1E7A4F7556}") = "R5T.T0142", "..\..\R5T.T0142\source\R5T.T0142\R5T.T0142.csproj", "{BE88D249-9D39-4DE0-AA77-34DFB10DC70C}"
EndProject
Project("{9A19103F-16F7-4668-BE54-9A1E7A4F7556}") = "R5T.T0143", "..\..\R5T.T0143\source\R5T.T0143\R5T.T0143.csproj", "{2DF622D3-334B-4B1C-9D9F-1269F23DF140}"
EndProject
Project("{9A19103F-16F7-4668-BE54-9A1E7A4F7556}") = "R5T.T0152", "..\..\R5T.T0152\source\R5T.T0152\R5T.T0152.csproj", "{6C449D8F-AE6F-4442-BADA-62EE53D53D1A}"
EndProject
Project("{9A19103F-16F7-4668-BE54-9A1E7A4F7556}") = "R5T.T0156", "..\..\R5T.T0156\source\R5T.T0156\R5T.T0156.csproj", "{0AEC2FE3-3CBA-419C-83DF-54B3858399A8}"
EndProject
Project("{9A19103F-16F7-4668-BE54-9A1E7A4F7556}") = "R5T.Y0000", "..\..\R5T.Y0000\source\R5T.Y0000\R5T.Y0000.csproj", "{3C07C55E-6D23-42AD-A581-4A34C8F03A27}"
EndProject
Project("{9A19103F-16F7-4668-BE54-9A1E7A4F7556}") = "R5T.Z0000", "..\..\R5T.Z0000\source\R5T.Z0000\R5T.Z0000.csproj", "{816E00CF-E7B7-4E57-BAF7-471845DC65BA}"
EndProject
Project("{9A19103F-16F7-4668-BE54-9A1E7A4F7556}") = "R5T.T0150", "..\..\R5T.T0150\source\R5T.T0150\R5T.T0150.csproj", "{A7044E35-63B7-4088-92A1-F7F2BBA402BB}"
EndProject
Project("{9A19103F-16F7-4668-BE54-9A1E7A4F7556}") = "R5T.T0151", "..\..\R5T.T0151\source\R5T.T0151\R5T.T0151.csproj", "{54F4E415-F621-4C8A-9191-5925D375D435}"
EndProject
Project("{9A19103F-16F7-4668-BE54-9A1E7A4F7556}") = "R5T.T0172", "..\..\R5T.T0172\source\R5T.T0172\R5T.T0172.csproj", "{9D350316-186F-4628-ACB0-88CAFDC42535}"
EndProject
Project("{9A19103F-16F7-4668-BE54-9A1E7A4F7556}") = "R5T.T0178", "..\..\R5T.T0178\source\R5T.T0178\R5T.T0178.csproj", "{9B1CFC67-55E3-4FF8-A12B-DB0AF345C90B}"
EndProject
Project("{9A19103F-16F7-4668-BE54-9A1E7A4F7556}") = "R5T.T0179", "..\..\R5T.T0179\source\R5T.T0179\R5T.T0179.csproj", "{F72D65D9-68D2-4061-8C88-6331B28D7B40}"
EndProject
Project("{9A19103F-16F7-4668-BE54-9A1E7A4F7556}") = "R5T.T0180", "..\..\R5T.T0180\source\R5T.T0180\R5T.T0180.csproj", "{E7EA4218-605B-4E16-B03D-59DCB22C3BF7}"
EndProject
Project("{9A19103F-16F7-4668-BE54-9A1E7A4F7556}") = "R5T.T0181", "..\..\R5T.T0181\source\R5T.T0181\R5T.T0181.csproj", "{98AFBD4A-C100-4C6C-A51E-0698A6D5F3A2}"
EndProject
Global
	GlobalSection(NestedProjects) = preSolution
		{E35CA9E4-9119-483C-B5CB-2915BF2EF6CB} = {DE9FA811-D03D-400D-AF5A-BA3B1E1656FB}
		{B1074ED5-A53B-4D32-BC53-E09773FB1E8C} = {DE9FA811-D03D-400D-AF5A-BA3B1E1656FB}
		{122E66A9-12B4-4D8D-AB4D-26C38CB42A01} = {DE9FA811-D03D-400D-AF5A-BA3B1E1656FB}
		{0C3D72AC-0E34-45B0-A614-EAB84ABCBCBC} = {DE9FA811-D03D-400D-AF5A-BA3B1E1656FB}
		{BC1A9097-322B-45FF-9680-E6B06B5A3D9E} = {DE9FA811-D03D-400D-AF5A-BA3B1E1656FB}
		{DC8029D7-3562-462F-AA26-9F083AE4F1CB} = {DE9FA811-D03D-400D-AF5A-BA3B1E1656FB}
		{BE88D249-9D39-4DE0-AA77-34DFB10DC70C} = {DE9FA811-D03D-400D-AF5A-BA3B1E1656FB}
		{2DF622D3-334B-4B1C-9D9F-1269F23DF140} = {DE9FA811-D03D-400D-AF5A-BA3B1E1656FB}
		{6C449D8F-AE6F-4442-BADA-62EE53D53D1A} = {DE9FA811-D03D-400D-AF5A-BA3B1E1656FB}
		{0AEC2FE3-3CBA-419C-83DF-54B3858399A8} = {DE9FA811-D03D-400D-AF5A-BA3B1E1656FB}
		{3C07C55E-6D23-42AD-A581-4A34C8F03A27} = {DE9FA811-D03D-400D-AF5A-BA3B1E1656FB}
		{816E00CF-E7B7-4E57-BAF7-471845DC65BA} = {DE9FA811-D03D-400D-AF5A-BA3B1E1656FB}
		{A7044E35-63B7-4088-92A1-F7F2BBA402BB} = {DE9FA811-D03D-400D-AF5A-BA3B1E1656FB}
		{54F4E415-F621-4C8A-9191-5925D375D435} = {DE9FA811-D03D-400D-AF5A-BA3B1E1656FB}
		{9D350316-186F-4628-ACB0-88CAFDC42535} = {DE9FA811-D03D-400D-AF5A-BA3B1E1656FB}
		{9B1CFC67-55E3-4FF8-A12B-DB0AF345C90B} = {DE9FA811-D03D-400D-AF5A-BA3B1E1656FB}
		{F72D65D9-68D2-4061-8C88-6331B28D7B40} = {DE9FA811-D03D-400D-AF5A-BA3B1E1656FB}
		{E7EA4218-605B-4E16-B03D-59DCB22C3BF7} = {DE9FA811-D03D-400D-AF5A-BA3B1E1656FB}
		{98AFBD4A-C100-4C6C-A51E-0698A6D5F3A2} = {DE9FA811-D03D-400D-AF5A-BA3B1E1656FB}
	EndGlobalSection
	GlobalSection(SolutionConfigurationPlatforms) = preSolution
		Debug|Any CPU = Debug|Any CPU
		Release|Any CPU = Release|Any CPU
	EndGlobalSection
	GlobalSection(ProjectConfigurationPlatforms) = postSolution
		{3FF79870-355F-479F-ACD1-C1FDEC4A0E0B}.Debug|Any CPU.ActiveCfg = Debug|Any CPU
		{3FF79870-355F-479F-ACD1-C1FDEC4A0E0B}.Debug|Any CPU.Build.0 = Debug|Any CPU
		{3FF79870-355F-479F-ACD1-C1FDEC4A0E0B}.Release|Any CPU.ActiveCfg = Release|Any CPU
		{3FF79870-355F-479F-ACD1-C1FDEC4A0E0B}.Release|Any CPU.Build.0 = Release|Any CPU
		{E35CA9E4-9119-483C-B5CB-2915BF2EF6CB}.Debug|Any CPU.ActiveCfg = Debug|Any CPU
		{E35CA9E4-9119-483C-B5CB-2915BF2EF6CB}.Debug|Any CPU.Build.0 = Debug|Any CPU
		{E35CA9E4-9119-483C-B5CB-2915BF2EF6CB}.Release|Any CPU.ActiveCfg = Release|Any CPU
		{E35CA9E4-9119-483C-B5CB-2915BF2EF6CB}.Release|Any CPU.Build.0 = Release|Any CPU
		{B1074ED5-A53B-4D32-BC53-E09773FB1E8C}.Debug|Any CPU.ActiveCfg = Debug|Any CPU
		{B1074ED5-A53B-4D32-BC53-E09773FB1E8C}.Debug|Any CPU.Build.0 = Debug|Any CPU
		{B1074ED5-A53B-4D32-BC53-E09773FB1E8C}.Release|Any CPU.ActiveCfg = Release|Any CPU
		{B1074ED5-A53B-4D32-BC53-E09773FB1E8C}.Release|Any CPU.Build.0 = Release|Any CPU
		{122E66A9-12B4-4D8D-AB4D-26C38CB42A01}.Debug|Any CPU.ActiveCfg = Debug|Any CPU
		{122E66A9-12B4-4D8D-AB4D-26C38CB42A01}.Debug|Any CPU.Build.0 = Debug|Any CPU
		{122E66A9-12B4-4D8D-AB4D-26C38CB42A01}.Release|Any CPU.ActiveCfg = Release|Any CPU
		{122E66A9-12B4-4D8D-AB4D-26C38CB42A01}.Release|Any CPU.Build.0 = Release|Any CPU
		{0C3D72AC-0E34-45B0-A614-EAB84ABCBCBC}.Debug|Any CPU.ActiveCfg = Debug|Any CPU
		{0C3D72AC-0E34-45B0-A614-EAB84ABCBCBC}.Debug|Any CPU.Build.0 = Debug|Any CPU
		{0C3D72AC-0E34-45B0-A614-EAB84ABCBCBC}.Release|Any CPU.ActiveCfg = Release|Any CPU
		{0C3D72AC-0E34-45B0-A614-EAB84ABCBCBC}.Release|Any CPU.Build.0 = Release|Any CPU
		{BC1A9097-322B-45FF-9680-E6B06B5A3D9E}.Debug|Any CPU.ActiveCfg = Debug|Any CPU
		{BC1A9097-322B-45FF-9680-E6B06B5A3D9E}.Debug|Any CPU.Build.0 = Debug|Any CPU
		{BC1A9097-322B-45FF-9680-E6B06B5A3D9E}.Release|Any CPU.ActiveCfg = Release|Any CPU
		{BC1A9097-322B-45FF-9680-E6B06B5A3D9E}.Release|Any CPU.Build.0 = Release|Any CPU
		{DC8029D7-3562-462F-AA26-9F083AE4F1CB}.Debug|Any CPU.ActiveCfg = Debug|Any CPU
		{DC8029D7-3562-462F-AA26-9F083AE4F1CB}.Debug|Any CPU.Build.0 = Debug|Any CPU
		{DC8029D7-3562-462F-AA26-9F083AE4F1CB}.Release|Any CPU.ActiveCfg = Release|Any CPU
		{DC8029D7-3562-462F-AA26-9F083AE4F1CB}.Release|Any CPU.Build.0 = Release|Any CPU
		{BE88D249-9D39-4DE0-AA77-34DFB10DC70C}.Debug|Any CPU.ActiveCfg = Debug|Any CPU
		{BE88D249-9D39-4DE0-AA77-34DFB10DC70C}.Debug|Any CPU.Build.0 = Debug|Any CPU
		{BE88D249-9D39-4DE0-AA77-34DFB10DC70C}.Release|Any CPU.ActiveCfg = Release|Any CPU
		{BE88D249-9D39-4DE0-AA77-34DFB10DC70C}.Release|Any CPU.Build.0 = Release|Any CPU
		{2DF622D3-334B-4B1C-9D9F-1269F23DF140}.Debug|Any CPU.ActiveCfg = Debug|Any CPU
		{2DF622D3-334B-4B1C-9D9F-1269F23DF140}.Debug|Any CPU.Build.0 = Debug|Any CPU
		{2DF622D3-334B-4B1C-9D9F-1269F23DF140}.Release|Any CPU.ActiveCfg = Release|Any CPU
		{2DF622D3-334B-4B1C-9D9F-1269F23DF140}.Release|Any CPU.Build.0 = Release|Any CPU
		{6C449D8F-AE6F-4442-BADA-62EE53D53D1A}.Debug|Any CPU.ActiveCfg = Debug|Any CPU
		{6C449D8F-AE6F-4442-BADA-62EE53D53D1A}.Debug|Any CPU.Build.0 = Debug|Any CPU
		{6C449D8F-AE6F-4442-BADA-62EE53D53D1A}.Release|Any CPU.ActiveCfg = Release|Any CPU
		{6C449D8F-AE6F-4442-BADA-62EE53D53D1A}.Release|Any CPU.Build.0 = Release|Any CPU
		{0AEC2FE3-3CBA-419C-83DF-54B3858399A8}.Debug|Any CPU.ActiveCfg = Debug|Any CPU
		{0AEC2FE3-3CBA-419C-83DF-54B3858399A8}.Debug|Any CPU.Build.0 = Debug|Any CPU
		{0AEC2FE3-3CBA-419C-83DF-54B3858399A8}.Release|Any CPU.ActiveCfg = Release|Any CPU
		{0AEC2FE3-3CBA-419C-83DF-54B3858399A8}.Release|Any CPU.Build.0 = Release|Any CPU
		{3C07C55E-6D23-42AD-A581-4A34C8F03A27}.Debug|Any CPU.ActiveCfg = Debug|Any CPU
		{3C07C55E-6D23-42AD-A581-4A34C8F03A27}.Debug|Any CPU.Build.0 = Debug|Any CPU
		{3C07C55E-6D23-42AD-A581-4A34C8F03A27}.Release|Any CPU.ActiveCfg = Release|Any CPU
		{3C07C55E-6D23-42AD-A581-4A34C8F03A27}.Release|Any CPU.Build.0 = Release|Any CPU
		{816E00CF-E7B7-4E57-BAF7-471845DC65BA}.Debug|Any CPU.ActiveCfg = Debug|Any CPU
		{816E00CF-E7B7-4E57-BAF7-471845DC65BA}.Debug|Any CPU.Build.0 = Debug|Any CPU
		{816E00CF-E7B7-4E57-BAF7-471845DC65BA}.Release|Any CPU.ActiveCfg = Release|Any CPU
		{816E00CF-E7B7-4E57-BAF7-471845DC65BA}.Release|Any CPU.Build.0 = Release|Any CPU
		{A7044E35-63B7-4088-92A1-F7F2BBA402BB}.Debug|Any CPU.ActiveCfg = Debug|Any CPU
		{A7044E35-63B7-4088-92A1-F7F2BBA402BB}.Debug|Any CPU.Build.0 = Debug|Any CPU
		{A7044E35-63B7-4088-92A1-F7F2BBA402BB}.Release|Any CPU.ActiveCfg = Release|Any CPU
		{A7044E35-63B7-4088-92A1-F7F2BBA402BB}.Release|Any CPU.Build.0 = Release|Any CPU
		{54F4E415-F621-4C8A-9191-5925D375D435}.Debug|Any CPU.ActiveCfg = Debug|Any CPU
		{54F4E415-F621-4C8A-9191-5925D375D435}.Debug|Any CPU.Build.0 = Debug|Any CPU
		{54F4E415-F621-4C8A-9191-5925D375D435}.Release|Any CPU.ActiveCfg = Release|Any CPU
		{54F4E415-F621-4C8A-9191-5925D375D435}.Release|Any CPU.Build.0 = Release|Any CPU
		{9D350316-186F-4628-ACB0-88CAFDC42535}.Debug|Any CPU.ActiveCfg = Debug|Any CPU
		{9D350316-186F-4628-ACB0-88CAFDC42535}.Debug|Any CPU.Build.0 = Debug|Any CPU
		{9D350316-186F-4628-ACB0-88CAFDC42535}.Release|Any CPU.ActiveCfg = Release|Any CPU
		{9D350316-186F-4628-ACB0-88CAFDC42535}.Release|Any CPU.Build.0 = Release|Any CPU
		{9B1CFC67-55E3-4FF8-A12B-DB0AF345C90B}.Debug|Any CPU.ActiveCfg = Debug|Any CPU
		{9B1CFC67-55E3-4FF8-A12B-DB0AF345C90B}.Debug|Any CPU.Build.0 = Debug|Any CPU
		{9B1CFC67-55E3-4FF8-A12B-DB0AF345C90B}.Release|Any CPU.ActiveCfg = Release|Any CPU
		{9B1CFC67-55E3-4FF8-A12B-DB0AF345C90B}.Release|Any CPU.Build.0 = Release|Any CPU
		{F72D65D9-68D2-4061-8C88-6331B28D7B40}.Debug|Any CPU.ActiveCfg = Debug|Any CPU
		{F72D65D9-68D2-4061-8C88-6331B28D7B40}.Debug|Any CPU.Build.0 = Debug|Any CPU
		{F72D65D9-68D2-4061-8C88-6331B28D7B40}.Release|Any CPU.ActiveCfg = Release|Any CPU
		{F72D65D9-68D2-4061-8C88-6331B28D7B40}.Release|Any CPU.Build.0 = Release|Any CPU
		{E7EA4218-605B-4E16-B03D-59DCB22C3BF7}.Debug|Any CPU.ActiveCfg = Debug|Any CPU
		{E7EA4218-605B-4E16-B03D-59DCB22C3BF7}.Debug|Any CPU.Build.0 = Debug|Any CPU
		{E7EA4218-605B-4E16-B03D-59DCB22C3BF7}.Release|Any CPU.ActiveCfg = Release|Any CPU
		{E7EA4218-605B-4E16-B03D-59DCB22C3BF7}.Release|Any CPU.Build.0 = Release|Any CPU
		{98AFBD4A-C100-4C6C-A51E-0698A6D5F3A2}.Debug|Any CPU.ActiveCfg = Debug|Any CPU
		{98AFBD4A-C100-4C6C-A51E-0698A6D5F3A2}.Debug|Any CPU.Build.0 = Debug|Any CPU
		{98AFBD4A-C100-4C6C-A51E-0698A6D5F3A2}.Release|Any CPU.ActiveCfg = Release|Any CPU
		{98AFBD4A-C100-4C6C-A51E-0698A6D5F3A2}.Release|Any CPU.Build.0 = Release|Any CPU
	EndGlobalSection
	GlobalSection(SolutionProperties) = preSolution
		HideSolutionNode = FALSE
	EndGlobalSection
	GlobalSection(ExtensibilityGlobals) = postSolution
		SolutionGuid = {01D0A0BA-68CF-4E23-9A2E-674E5CE05BAE}
	EndGlobalSection
EndGlobal
