
Microsoft Visual Studio Solution File, Format Version 12.00
# Visual Studio Version 17
VisualStudioVersion = 17.2.32630.192
MinimumVisualStudioVersion = 10.0.40219.1
Project("{9A19103F-16F7-4668-BE54-9A1E7A4F7556}") = "R5T.O0006", "R5T.O0006\R5T.O0006.csproj", "{3FF79870-355F-479F-ACD1-C1FDEC4A0E0B}"
EndProject
Project("{2150E333-8FDC-42A3-9474-1A3956D46DE8}") = "_Dependencies", "_Dependencies", "{DE9FA811-D03D-400D-AF5A-BA3B1E1656FB}"
EndProject
Project("{9A19103F-16F7-4668-BE54-9A1E7A4F7556}") = "R5T.F0000", "..\..\R5T.F0000\source\R5T.F0000\R5T.F0000.csproj", "{E35CA9E4-9119-483C-B5CB-2915BF2EF6CB}"
EndProject
Project("{9A19103F-16F7-4668-BE54-9A1E7A4F7556}") = "R5T.F0002", "..\..\R5T.F0002\source\R5T.F0002\R5T.F0002.csproj", "{B1074ED5-A53B-4D32-BC53-E09773FB1E8C}"
EndProject
Project("{9A19103F-16F7-4668-BE54-9A1E7A4F7556}") = "R5T.F0020", "..\..\R5T.F0020\source\R5T.F0020\R5T.F0020.csproj", "{122E66A9-12B4-4D8D-AB4D-26C38CB42A01}"
EndProject
Project("{9A19103F-16F7-4668-BE54-9A1E7A4F7556}") = "R5T.F0040.F000", "..\..\R5T.F0040\source\R5T.F0040.F000\R5T.F0040.F000.csproj", "{0C3D72AC-0E34-45B0-A614-EAB84ABCBCBC}"
EndProject
Project("{9A19103F-16F7-4668-BE54-9A1E7A4F7556}") = "R5T.T0131", "..\..\R5T.T0131\source\R5T.T0131\R5T.T0131.csproj", "{BC1A9097-322B-45FF-9680-E6B06B5A3D9E}"
EndProject
Project("{9A19103F-16F7-4668-BE54-9A1E7A4F7556}") = "R5T.T0132", "..\..\R5T.T0132\source\R5T.T0132\R5T.T0132.csproj", "{DC8029D7-3562-462F-AA26-9F083AE4F1CB}"
EndProject
Project("{9A19103F-16F7-4668-BE54-9A1E7A4F7556}") = "R5T.T0142", "..\..\R5T.T0142\source\R5T.T0142\R5T.T0142.csproj", "{BE88D249-9D39-4DE0-AA77-34DFB10DC70C}"
EndProject
Project("{9A19103F-16F7-4668-BE54-9A1E7A4F7556}") = "R5T.T0143", "..\..\R5T.T0143\source\R5T.T0143\R5T.T0143.csproj", "{2DF622D3-334B-4B1C-9D9F-1269F23DF140}"
EndProject
Project("{9A19103F-16F7-4668-BE54-9A1E7A4F7556}") = "R5T.T0152", "..\..\R5T.T0152\source\R5T.T0152\R5T.T0152.csproj", "{6C449D8F-AE6F-4442-BADA-62EE53D53D1A}"
EndProject
Project("{9A19103F-16F7-4668-BE54-9A1E7A4F7556}") = "R5T.T0156", "..\..\R5T.T0156\source\R5T.T0156\R5T.T0156.csproj", "{0AEC2FE3-3CBA-419C-83DF-54B3858399A8}"
EndProject
Project("{9A19103F-16F7-4668-BE54-9A1E7A4F7556}") = "R5T.Y0000", "..\..\R5T.Y0000\source\R5T.Y0000\R5T.Y0000.csproj", "{3C07C55E-6D23-42AD-A581-4A34C8F03A27}"
EndProject
Project("{9A19103F-16F7-4668-BE54-9A1E7A4F7556}") = "R5T.Z0000", "..\..\R5T.Z0000\source\R5T.Z0000\R5T.Z0000.csproj", "{816E00CF-E7B7-4E57-BAF7-471845DC65BA}"
EndProject
Project("{9A19103F-16F7-4668-BE54-9A1E7A4F7556}") = "R5T.T0150", "..\..\R5T.T0150\source\R5T.T0150\R5T.T0150.csproj", "{A7044E35-63B7-4088-92A1-F7F2BBA402BB}"
EndProject
Project("{9A19103F-16F7-4668-BE54-9A1E7A4F7556}") = "R5T.T0151", "..\..\R5T.T0151\source\R5T.T0151\R5T.T0151.csproj", "{54F4E415-F621-4C8A-9191-5925D375D435}"
EndProject
Project("{9A19103F-16F7-4668-BE54-9A1E7A4F7556}") = "R5T.T0172", "..\..\R5T.T0172\source\R5T.T0172\R5T.T0172.csproj", "{9D350316-186F-4628-ACB0-88CAFDC42535}"
EndProject
Project("{9A19103F-16F7-4668-BE54-9A1E7A4F7556}") = "R5T.T0178", "..\..\R5T.T0178\source\R5T.T0178\R5T.T0178.csproj", "{9B1CFC67-55E3-4FF8-A12B-DB0AF345C90B}"
EndProject
Project("{9A19103F-16F7-4668-BE54-9A1E7A4F7556}") = "R5T.T0179", "..\..\R5T.T0179\source\R5T.T0179\R5T.T0179.csproj", "{F72D65D9-68D2-4061-8C88-6331B28D7B40}"
EndProject
Project("{9A19103F-16F7-4668-BE54-9A1E7A4F7556}") = "R5T.T0180", "..\..\R5T.T0180\source\R5T.T0180\R5T.T0180.csproj", "{E7EA4218-605B-4E16-B03D-59DCB22C3BF7}"
EndProject
Project("{9A19103F-16F7-4668-BE54-9A1E7A4F7556}") = "R5T.T0181", "..\..\R5T.T0181\source\R5T.T0181\R5T.T0181.csproj", "{98AFBD4A-C100-4C6C-A51E-0698A6D5F3A2}"
EndProject
Project("{9A19103F-16F7-4668-BE54-9A1E7A4F7556}") = "R5T.F0016.F001", "..\..\R5T.F0016\source\R5T.F0016.F001\R5T.F0016.F001.csproj", "{4AADF2F8-53E2-43D2-BEE1-F9507F99777F}"
EndProject
Project("{9A19103F-16F7-4668-BE54-9A1E7A4F7556}") = "R5T.F0016", "..\..\R5T.F0016\source\R5T.F0016\R5T.F0016.csproj", "{B798383B-8019-4C7E-AD74-5569DE59F63F}"
EndProject
Project("{9A19103F-16F7-4668-BE54-9A1E7A4F7556}") = "R5T.F0019", "..\..\R5T.F0019\source\R5T.F0019\R5T.F0019.csproj", "{AE473A51-B3A1-4023-8350-0CE706CA5D11}"
EndProject
Project("{9A19103F-16F7-4668-BE54-9A1E7A4F7556}") = "R5T.F0032", "..\..\R5T.F0032\source\R5T.F0032\R5T.F0032.csproj", "{FD3CF4C2-0AFF-4B2F-BD2E-382DC1F95ADB}"
EndProject
Project("{9A19103F-16F7-4668-BE54-9A1E7A4F7556}") = "R5T.F0041", "..\..\R5T.F0041\source\R5T.F0041\R5T.F0041.csproj", "{81A772F1-F3A5-4725-A780-5BF17C115610}"
EndProject
Project("{9A19103F-16F7-4668-BE54-9A1E7A4F7556}") = "R5T.F0044", "..\..\R5T.F0044\source\R5T.F0044\R5T.F0044.csproj", "{D4BC5911-7CC3-4088-98BC-1AD762CF2023}"
EndProject
Project("{9A19103F-16F7-4668-BE54-9A1E7A4F7556}") = "R5T.F0046", "..\..\R5T.F0046\source\R5T.F0046\R5T.F0046.csproj", "{ED215166-1BBE-4587-8D4F-AC9FBD18733F}"
EndProject
Project("{9A19103F-16F7-4668-BE54-9A1E7A4F7556}") = "R5T.F0047", "..\..\R5T.F0047\source\R5T.F0047\R5T.F0047.csproj", "{4D354572-71E7-43B3-81AB-94110CEF2EAB}"
EndProject
Project("{9A19103F-16F7-4668-BE54-9A1E7A4F7556}") = "R5T.F0057", "..\..\R5T.F0057\source\R5T.F0057\R5T.F0057.csproj", "{B7EEDD4E-7070-47AC-8F0A-EB4494212611}"
EndProject
Project("{9A19103F-16F7-4668-BE54-9A1E7A4F7556}") = "R5T.F0120", "..\..\R5T.F0120\source\R5T.F0120\R5T.F0120.csproj", "{FE8AF195-B811-422E-B4D8-E75BB4A3CE7B}"
EndProject
Project("{9A19103F-16F7-4668-BE54-9A1E7A4F7556}") = "R5T.F0124", "..\..\R5T.F0124\source\R5T.F0124\R5T.F0124.csproj", "{B035441C-D5B2-420F-AA49-7B3F90FD418E}"
EndProject
Project("{9A19103F-16F7-4668-BE54-9A1E7A4F7556}") = "R5T.F0125", "..\..\R5T.F0125\source\R5T.F0125\R5T.F0125.csproj", "{FF6125BF-8C78-4083-8E89-36F7968383A0}"
EndProject
Project("{9A19103F-16F7-4668-BE54-9A1E7A4F7556}") = "R5T.L0001.Y000", "..\..\R5T.L0001\source\R5T.L0001.Y000\R5T.L0001.Y000.csproj", "{7C6123E8-EC62-499E-80C5-97F330C4AC87}"
EndProject
Project("{9A19103F-16F7-4668-BE54-9A1E7A4F7556}") = "R5T.L0001.Z000", "..\..\R5T.L0001\source\R5T.L0001.Z000\R5T.L0001.Z000.csproj", "{B1FB7536-3CB1-4780-833F-C8826B0D1F10}"
EndProject
Project("{9A19103F-16F7-4668-BE54-9A1E7A4F7556}") = "R5T.L0001", "..\..\R5T.L0001\source\R5T.L0001\R5T.L0001.csproj", "{441E7567-45B8-4ED8-8395-705E48FBF926}"
EndProject
Project("{9A19103F-16F7-4668-BE54-9A1E7A4F7556}") = "R5T.L0030.T000", "..\..\R5T.L0030\source\R5T.L0030.T000\R5T.L0030.T000.csproj", "{9CE70211-37CD-41B7-8129-263F17611FF3}"
EndProject
Project("{9A19103F-16F7-4668-BE54-9A1E7A4F7556}") = "R5T.L0030", "..\..\R5T.L0030\source\R5T.L0030\R5T.L0030.csproj", "{56AAFD02-1098-4D5D-A3CF-C2BB9815C0AC}"
EndProject
Project("{9A19103F-16F7-4668-BE54-9A1E7A4F7556}") = "R5T.L0031.T000", "..\..\R5T.L0031\source\R5T.L0031.T000\R5T.L0031.T000.csproj", "{A5288807-9D52-4BA2-BDD4-CD4A925DF258}"
EndProject
Project("{9A19103F-16F7-4668-BE54-9A1E7A4F7556}") = "R5T.L0031", "..\..\R5T.L0031\source\R5T.L0031\R5T.L0031.csproj", "{3CA4C324-1ECD-4212-AD8B-8F223AF84043}"
EndProject
Project("{9A19103F-16F7-4668-BE54-9A1E7A4F7556}") = "R5T.L0032.T000", "..\..\R5T.L0032\source\R5T.L0032.T000\R5T.L0032.T000.csproj", "{842BA1DF-8CC0-45D6-9F14-3185A39A757E}"
EndProject
Project("{9A19103F-16F7-4668-BE54-9A1E7A4F7556}") = "R5T.L0032.Z000", "..\..\R5T.L0032\source\R5T.L0032.Z000\R5T.L0032.Z000.csproj", "{5D725E7E-7100-447E-9818-8D45CC3C66E0}"
EndProject
Project("{9A19103F-16F7-4668-BE54-9A1E7A4F7556}") = "R5T.L0032", "..\..\R5T.L0032\source\R5T.L0032\R5T.L0032.csproj", "{53016D64-CD7F-47A4-A2DD-2332BCF32ED0}"
EndProject
Project("{9A19103F-16F7-4668-BE54-9A1E7A4F7556}") = "R5T.L0034", "..\..\R5T.L0034\source\R5T.L0034\R5T.L0034.csproj", "{02385D2F-0A47-43AE-9D6D-BDF37D20642F}"
EndProject
Project("{9A19103F-16F7-4668-BE54-9A1E7A4F7556}") = "R5T.L0035", "..\..\R5T.L0035\source\R5T.L0035\R5T.L0035.csproj", "{5E446827-FF90-49D9-B25D-07EBF64EA414}"
EndProject
Project("{9A19103F-16F7-4668-BE54-9A1E7A4F7556}") = "R5T.L0036.T000", "..\..\R5T.L0036\source\R5T.L0036.T000\R5T.L0036.T000.csproj", "{F74B7279-66EF-44FF-9BEE-4796B7F48591}"
EndProject
Project("{9A19103F-16F7-4668-BE54-9A1E7A4F7556}") = "R5T.L0036", "..\..\R5T.L0036\source\R5T.L0036\R5T.L0036.csproj", "{B110BB5A-F4EE-4E96-AFE1-94E2EB78B98E}"
EndProject
Project("{9A19103F-16F7-4668-BE54-9A1E7A4F7556}") = "R5T.NG0005", "..\..\R5T.NG0005\source\R5T.NG0005\R5T.NG0005.csproj", "{F6DBDA3C-238C-4DDF-B102-07BE4C8BE81E}"
EndProject
Project("{9A19103F-16F7-4668-BE54-9A1E7A4F7556}") = "R5T.NG0006", "..\..\R5T.NG0006\source\R5T.NG0006\R5T.NG0006.csproj", "{F5ECF433-4389-4B72-ACC8-1DAF3B10E14F}"
EndProject
Project("{9A19103F-16F7-4668-BE54-9A1E7A4F7556}") = "R5T.NG0008", "..\..\R5T.NG0008\source\R5T.NG0008\R5T.NG0008.csproj", "{C7F9F14A-E50C-4209-8236-37A7BB6A5187}"
EndProject
Project("{9A19103F-16F7-4668-BE54-9A1E7A4F7556}") = "R5T.NG0022", "..\..\R5T.NG0022\source\R5T.NG0022\R5T.NG0022.csproj", "{9B9BA3F4-EA4A-4596-8658-2161BA857A00}"
EndProject
Project("{9A19103F-16F7-4668-BE54-9A1E7A4F7556}") = "R5T.O0017", "..\..\R5T.O0017\source\R5T.O0017\R5T.O0017.csproj", "{AC834322-035C-4FFA-B105-D8D08A1E8B4D}"
EndProject
Project("{9A19103F-16F7-4668-BE54-9A1E7A4F7556}") = "R5T.O0023", "..\..\R5T.O0023\source\R5T.O0023\R5T.O0023.csproj", "{9E13289C-2FB2-4CA3-A057-39A875C8DE66}"
EndProject
Project("{9A19103F-16F7-4668-BE54-9A1E7A4F7556}") = "R5T.T0046", "..\..\R5T.T0046\source\R5T.T0046\R5T.T0046.csproj", "{F2582C6A-54F1-4317-9D75-49009AC68DB7}"
EndProject
Project("{9A19103F-16F7-4668-BE54-9A1E7A4F7556}") = "R5T.T0137", "..\..\R5T.T0137\source\R5T.T0137\R5T.T0137.csproj", "{936CA562-1549-4B27-9FC1-C0A008C04841}"
EndProject
Project("{9A19103F-16F7-4668-BE54-9A1E7A4F7556}") = "R5T.T0144", "..\..\R5T.T0144\source\R5T.T0144\R5T.T0144.csproj", "{AAF72EDC-27C0-485C-AED3-F8F0ECB49919}"
EndProject
Project("{9A19103F-16F7-4668-BE54-9A1E7A4F7556}") = "R5T.T0158", "..\..\R5T.T0158\source\R5T.T0158\R5T.T0158.csproj", "{8A6BF0CB-6F96-4037-B375-17BD89E1FC8A}"
EndProject
Project("{9A19103F-16F7-4668-BE54-9A1E7A4F7556}") = "R5T.T0159", "..\..\R5T.T0159\source\R5T.T0159\R5T.T0159.csproj", "{C7DD66BF-9F07-4295-A045-EDBF2C828B02}"
EndProject
Project("{9A19103F-16F7-4668-BE54-9A1E7A4F7556}") = "R5T.T0174", "..\..\R5T.T0174\source\R5T.T0174\R5T.T0174.csproj", "{533625D3-63D8-4EC7-88A0-F0C37CAFC519}"
EndProject
Project("{9A19103F-16F7-4668-BE54-9A1E7A4F7556}") = "R5T.T0176", "..\..\R5T.T0176\source\R5T.T0176\R5T.T0176.csproj", "{FAF6FD33-19BD-43F6-A99B-67DEF4320827}"
EndProject
Project("{9A19103F-16F7-4668-BE54-9A1E7A4F7556}") = "R5T.T0177", "..\..\R5T.T0177\source\R5T.T0177\R5T.T0177.csproj", "{59D14077-ED2B-4E92-BFA5-1E44141EF86C}"
EndProject
Project("{9A19103F-16F7-4668-BE54-9A1E7A4F7556}") = "R5T.T0184", "..\..\R5T.T0184\source\R5T.T0184\R5T.T0184.csproj", "{DE57F80B-167B-4617-9169-640E7483762E}"
EndProject
Project("{9A19103F-16F7-4668-BE54-9A1E7A4F7556}") = "R5T.T0185", "..\..\R5T.T0185\source\R5T.T0185\R5T.T0185.csproj", "{0B9BBB81-C598-4BF5-9F9C-0550756F3615}"
EndProject
Project("{9A19103F-16F7-4668-BE54-9A1E7A4F7556}") = "R5T.T0186", "..\..\R5T.T0186\source\R5T.T0186\R5T.T0186.csproj", "{7C0E35A2-5307-425B-847E-C67EBE3DC299}"
EndProject
Project("{9A19103F-16F7-4668-BE54-9A1E7A4F7556}") = "R5T.T0198", "..\..\R5T.T0198\source\R5T.T0198\R5T.T0198.csproj", "{F7C47C02-1A73-447A-AFFA-37F951780480}"
EndProject
Project("{9A19103F-16F7-4668-BE54-9A1E7A4F7556}") = "R5T.T0200", "..\..\R5T.T0200\source\R5T.T0200\R5T.T0200.csproj", "{416B69B7-46C6-474D-B134-E9A9A2BC2B15}"
EndProject
Project("{9A19103F-16F7-4668-BE54-9A1E7A4F7556}") = "R5T.T0202", "..\..\R5T.T0202\source\R5T.T0202\R5T.T0202.csproj", "{36E974CF-3E65-42B0-8F9C-72761DE7CC4F}"
EndProject
Project("{9A19103F-16F7-4668-BE54-9A1E7A4F7556}") = "R5T.T0203", "..\..\R5T.T0203\source\R5T.T0203\R5T.T0203.csproj", "{6C22D235-DAB7-4A2C-A32D-ED4E698DBBC1}"
EndProject
Project("{9A19103F-16F7-4668-BE54-9A1E7A4F7556}") = "R5T.T0205", "..\..\R5T.T0205\source\R5T.T0205\R5T.T0205.csproj", "{5B9627E1-F713-4D95-9E67-CC469AFCCACC}"
EndProject
Project("{9A19103F-16F7-4668-BE54-9A1E7A4F7556}") = "R5T.T0206", "..\..\R5T.T0206\source\R5T.T0206\R5T.T0206.csproj", "{1537544C-B0E9-489E-B1D3-B2A6A2049557}"
EndProject
Project("{9A19103F-16F7-4668-BE54-9A1E7A4F7556}") = "R5T.T0208", "..\..\R5T.T0208\source\R5T.T0208\R5T.T0208.csproj", "{5024F1A7-C569-4234-B743-69066DE67198}"
EndProject
Project("{9A19103F-16F7-4668-BE54-9A1E7A4F7556}") = "R5T.T0209", "..\..\R5T.T0209\source\R5T.T0209\R5T.T0209.csproj", "{1EF1900A-BF9A-4DF2-9F37-E085FD57CE65}"
EndProject
Project("{9A19103F-16F7-4668-BE54-9A1E7A4F7556}") = "R5T.Y0004", "..\..\R5T.Y0004\source\R5T.Y0004\R5T.Y0004.csproj", "{97685946-88F0-4757-B930-B332FC346009}"
EndProject
Project("{9A19103F-16F7-4668-BE54-9A1E7A4F7556}") = "R5T.Z0005", "..\..\R5T.Z0005\source\R5T.Z0005\R5T.Z0005.csproj", "{7A31ED75-FF32-426D-B104-1AEA23428115}"
EndProject
Project("{9A19103F-16F7-4668-BE54-9A1E7A4F7556}") = "R5T.Z0013", "..\..\R5T.Z0013\source\R5T.Z0013\R5T.Z0013.csproj", "{F4BC5E21-8B63-4D35-A4AC-7AD6E24DEFD8}"
EndProject
Project("{9A19103F-16F7-4668-BE54-9A1E7A4F7556}") = "R5T.L0032.F000", "..\..\R5T.L0032\source\R5T.L0032.F000\R5T.L0032.F000.csproj", "{AADA4649-B709-415D-AC1E-F3D53CE9DA88}"
EndProject
Project("{9A19103F-16F7-4668-BE54-9A1E7A4F7556}") = "R5T.L0033.Z001", "..\..\R5T.L0033\source\R5T.L0033.Z001\R5T.L0033.Z001.csproj", "{B9B89466-8442-4C13-AF03-BCB47C971A38}"
EndProject
Project("{9A19103F-16F7-4668-BE54-9A1E7A4F7556}") = "R5T.O0025.O000", "..\..\R5T.O0025\source\R5T.O0025.O000\R5T.O0025.O000.csproj", "{F6CAEEA5-F924-4FC1-BC84-3BFC83253970}"
EndProject
Project("{9A19103F-16F7-4668-BE54-9A1E7A4F7556}") = "R5T.O0025.O002", "..\..\R5T.O0025\source\R5T.O0025.O002\R5T.O0025.O002.csproj", "{80094AF4-AEA6-4788-A3F7-592B87818868}"
EndProject
Project("{9A19103F-16F7-4668-BE54-9A1E7A4F7556}") = "R5T.O0025", "..\..\R5T.O0025\source\R5T.O0025\R5T.O0025.csproj", "{F23CEEA6-9E8A-43DC-BCA2-6980D1CB6122}"
EndProject
Project("{9A19103F-16F7-4668-BE54-9A1E7A4F7556}") = "R5T.T0210", "..\..\R5T.T0210\source\R5T.T0210\R5T.T0210.csproj", "{C4C29FEF-8DB2-4D18-92EF-3B3077753EA5}"
EndProject
Project("{9A19103F-16F7-4668-BE54-9A1E7A4F7556}") = "R5T.Z0048", "..\..\R5T.Z0048\source\R5T.Z0048\R5T.Z0048.csproj", "{9C7C094B-04B8-44F9-9DB6-9FF8A227EE57}"
EndProject
Project("{9A19103F-16F7-4668-BE54-9A1E7A4F7556}") = "R5T.O0025.O001", "..\..\R5T.O0025\source\R5T.O0025.O001\R5T.O0025.O001.csproj", "{6C84B471-D3D4-4365-83B1-EBF89AE8AB23}"
EndProject
Project("{9A19103F-16F7-4668-BE54-9A1E7A4F7556}") = "R5T.O0025.O003", "..\..\R5T.O0025\source\R5T.O0025.O003\R5T.O0025.O003.csproj", "{56354E4A-536E-4D69-884D-8D822F0A8B10}"
EndProject
Project("{9A19103F-16F7-4668-BE54-9A1E7A4F7556}") = "R5T.O0026", "..\..\R5T.O0026\source\R5T.O0026\R5T.O0026.csproj", "{18DB4D2F-5B51-4EBD-A2A8-4C1DFA9A8CF3}"
EndProject
Global
	GlobalSection(NestedProjects) = preSolution
		{E35CA9E4-9119-483C-B5CB-2915BF2EF6CB} = {DE9FA811-D03D-400D-AF5A-BA3B1E1656FB}
		{B1074ED5-A53B-4D32-BC53-E09773FB1E8C} = {DE9FA811-D03D-400D-AF5A-BA3B1E1656FB}
		{122E66A9-12B4-4D8D-AB4D-26C38CB42A01} = {DE9FA811-D03D-400D-AF5A-BA3B1E1656FB}
		{0C3D72AC-0E34-45B0-A614-EAB84ABCBCBC} = {DE9FA811-D03D-400D-AF5A-BA3B1E1656FB}
		{BC1A9097-322B-45FF-9680-E6B06B5A3D9E} = {DE9FA811-D03D-400D-AF5A-BA3B1E1656FB}
		{DC8029D7-3562-462F-AA26-9F083AE4F1CB} = {DE9FA811-D03D-400D-AF5A-BA3B1E1656FB}
		{BE88D249-9D39-4DE0-AA77-34DFB10DC70C} = {DE9FA811-D03D-400D-AF5A-BA3B1E1656FB}
		{2DF622D3-334B-4B1C-9D9F-1269F23DF140} = {DE9FA811-D03D-400D-AF5A-BA3B1E1656FB}
		{6C449D8F-AE6F-4442-BADA-62EE53D53D1A} = {DE9FA811-D03D-400D-AF5A-BA3B1E1656FB}
		{0AEC2FE3-3CBA-419C-83DF-54B3858399A8} = {DE9FA811-D03D-400D-AF5A-BA3B1E1656FB}
		{3C07C55E-6D23-42AD-A581-4A34C8F03A27} = {DE9FA811-D03D-400D-AF5A-BA3B1E1656FB}
		{816E00CF-E7B7-4E57-BAF7-471845DC65BA} = {DE9FA811-D03D-400D-AF5A-BA3B1E1656FB}
		{A7044E35-63B7-4088-92A1-F7F2BBA402BB} = {DE9FA811-D03D-400D-AF5A-BA3B1E1656FB}
		{54F4E415-F621-4C8A-9191-5925D375D435} = {DE9FA811-D03D-400D-AF5A-BA3B1E1656FB}
		{9D350316-186F-4628-ACB0-88CAFDC42535} = {DE9FA811-D03D-400D-AF5A-BA3B1E1656FB}
		{9B1CFC67-55E3-4FF8-A12B-DB0AF345C90B} = {DE9FA811-D03D-400D-AF5A-BA3B1E1656FB}
		{F72D65D9-68D2-4061-8C88-6331B28D7B40} = {DE9FA811-D03D-400D-AF5A-BA3B1E1656FB}
		{E7EA4218-605B-4E16-B03D-59DCB22C3BF7} = {DE9FA811-D03D-400D-AF5A-BA3B1E1656FB}
		{98AFBD4A-C100-4C6C-A51E-0698A6D5F3A2} = {DE9FA811-D03D-400D-AF5A-BA3B1E1656FB}
		{4AADF2F8-53E2-43D2-BEE1-F9507F99777F} = {DE9FA811-D03D-400D-AF5A-BA3B1E1656FB}
		{B798383B-8019-4C7E-AD74-5569DE59F63F} = {DE9FA811-D03D-400D-AF5A-BA3B1E1656FB}
		{AE473A51-B3A1-4023-8350-0CE706CA5D11} = {DE9FA811-D03D-400D-AF5A-BA3B1E1656FB}
		{FD3CF4C2-0AFF-4B2F-BD2E-382DC1F95ADB} = {DE9FA811-D03D-400D-AF5A-BA3B1E1656FB}
		{81A772F1-F3A5-4725-A780-5BF17C115610} = {DE9FA811-D03D-400D-AF5A-BA3B1E1656FB}
		{D4BC5911-7CC3-4088-98BC-1AD762CF2023} = {DE9FA811-D03D-400D-AF5A-BA3B1E1656FB}
		{ED215166-1BBE-4587-8D4F-AC9FBD18733F} = {DE9FA811-D03D-400D-AF5A-BA3B1E1656FB}
		{4D354572-71E7-43B3-81AB-94110CEF2EAB} = {DE9FA811-D03D-400D-AF5A-BA3B1E1656FB}
		{B7EEDD4E-7070-47AC-8F0A-EB4494212611} = {DE9FA811-D03D-400D-AF5A-BA3B1E1656FB}
		{FE8AF195-B811-422E-B4D8-E75BB4A3CE7B} = {DE9FA811-D03D-400D-AF5A-BA3B1E1656FB}
		{B035441C-D5B2-420F-AA49-7B3F90FD418E} = {DE9FA811-D03D-400D-AF5A-BA3B1E1656FB}
		{FF6125BF-8C78-4083-8E89-36F7968383A0} = {DE9FA811-D03D-400D-AF5A-BA3B1E1656FB}
		{7C6123E8-EC62-499E-80C5-97F330C4AC87} = {DE9FA811-D03D-400D-AF5A-BA3B1E1656FB}
		{B1FB7536-3CB1-4780-833F-C8826B0D1F10} = {DE9FA811-D03D-400D-AF5A-BA3B1E1656FB}
		{441E7567-45B8-4ED8-8395-705E48FBF926} = {DE9FA811-D03D-400D-AF5A-BA3B1E1656FB}
		{9CE70211-37CD-41B7-8129-263F17611FF3} = {DE9FA811-D03D-400D-AF5A-BA3B1E1656FB}
		{56AAFD02-1098-4D5D-A3CF-C2BB9815C0AC} = {DE9FA811-D03D-400D-AF5A-BA3B1E1656FB}
		{A5288807-9D52-4BA2-BDD4-CD4A925DF258} = {DE9FA811-D03D-400D-AF5A-BA3B1E1656FB}
		{3CA4C324-1ECD-4212-AD8B-8F223AF84043} = {DE9FA811-D03D-400D-AF5A-BA3B1E1656FB}
		{842BA1DF-8CC0-45D6-9F14-3185A39A757E} = {DE9FA811-D03D-400D-AF5A-BA3B1E1656FB}
		{5D725E7E-7100-447E-9818-8D45CC3C66E0} = {DE9FA811-D03D-400D-AF5A-BA3B1E1656FB}
		{53016D64-CD7F-47A4-A2DD-2332BCF32ED0} = {DE9FA811-D03D-400D-AF5A-BA3B1E1656FB}
		{02385D2F-0A47-43AE-9D6D-BDF37D20642F} = {DE9FA811-D03D-400D-AF5A-BA3B1E1656FB}
		{5E446827-FF90-49D9-B25D-07EBF64EA414} = {DE9FA811-D03D-400D-AF5A-BA3B1E1656FB}
		{F74B7279-66EF-44FF-9BEE-4796B7F48591} = {DE9FA811-D03D-400D-AF5A-BA3B1E1656FB}
		{B110BB5A-F4EE-4E96-AFE1-94E2EB78B98E} = {DE9FA811-D03D-400D-AF5A-BA3B1E1656FB}
		{F6DBDA3C-238C-4DDF-B102-07BE4C8BE81E} = {DE9FA811-D03D-400D-AF5A-BA3B1E1656FB}
		{F5ECF433-4389-4B72-ACC8-1DAF3B10E14F} = {DE9FA811-D03D-400D-AF5A-BA3B1E1656FB}
		{C7F9F14A-E50C-4209-8236-37A7BB6A5187} = {DE9FA811-D03D-400D-AF5A-BA3B1E1656FB}
		{9B9BA3F4-EA4A-4596-8658-2161BA857A00} = {DE9FA811-D03D-400D-AF5A-BA3B1E1656FB}
		{AC834322-035C-4FFA-B105-D8D08A1E8B4D} = {DE9FA811-D03D-400D-AF5A-BA3B1E1656FB}
		{9E13289C-2FB2-4CA3-A057-39A875C8DE66} = {DE9FA811-D03D-400D-AF5A-BA3B1E1656FB}
		{F2582C6A-54F1-4317-9D75-49009AC68DB7} = {DE9FA811-D03D-400D-AF5A-BA3B1E1656FB}
		{936CA562-1549-4B27-9FC1-C0A008C04841} = {DE9FA811-D03D-400D-AF5A-BA3B1E1656FB}
		{AAF72EDC-27C0-485C-AED3-F8F0ECB49919} = {DE9FA811-D03D-400D-AF5A-BA3B1E1656FB}
		{8A6BF0CB-6F96-4037-B375-17BD89E1FC8A} = {DE9FA811-D03D-400D-AF5A-BA3B1E1656FB}
		{C7DD66BF-9F07-4295-A045-EDBF2C828B02} = {DE9FA811-D03D-400D-AF5A-BA3B1E1656FB}
		{533625D3-63D8-4EC7-88A0-F0C37CAFC519} = {DE9FA811-D03D-400D-AF5A-BA3B1E1656FB}
		{FAF6FD33-19BD-43F6-A99B-67DEF4320827} = {DE9FA811-D03D-400D-AF5A-BA3B1E1656FB}
		{59D14077-ED2B-4E92-BFA5-1E44141EF86C} = {DE9FA811-D03D-400D-AF5A-BA3B1E1656FB}
		{DE57F80B-167B-4617-9169-640E7483762E} = {DE9FA811-D03D-400D-AF5A-BA3B1E1656FB}
		{0B9BBB81-C598-4BF5-9F9C-0550756F3615} = {DE9FA811-D03D-400D-AF5A-BA3B1E1656FB}
		{7C0E35A2-5307-425B-847E-C67EBE3DC299} = {DE9FA811-D03D-400D-AF5A-BA3B1E1656FB}
		{F7C47C02-1A73-447A-AFFA-37F951780480} = {DE9FA811-D03D-400D-AF5A-BA3B1E1656FB}
		{416B69B7-46C6-474D-B134-E9A9A2BC2B15} = {DE9FA811-D03D-400D-AF5A-BA3B1E1656FB}
		{36E974CF-3E65-42B0-8F9C-72761DE7CC4F} = {DE9FA811-D03D-400D-AF5A-BA3B1E1656FB}
		{6C22D235-DAB7-4A2C-A32D-ED4E698DBBC1} = {DE9FA811-D03D-400D-AF5A-BA3B1E1656FB}
		{5B9627E1-F713-4D95-9E67-CC469AFCCACC} = {DE9FA811-D03D-400D-AF5A-BA3B1E1656FB}
		{1537544C-B0E9-489E-B1D3-B2A6A2049557} = {DE9FA811-D03D-400D-AF5A-BA3B1E1656FB}
		{5024F1A7-C569-4234-B743-69066DE67198} = {DE9FA811-D03D-400D-AF5A-BA3B1E1656FB}
		{1EF1900A-BF9A-4DF2-9F37-E085FD57CE65} = {DE9FA811-D03D-400D-AF5A-BA3B1E1656FB}
		{97685946-88F0-4757-B930-B332FC346009} = {DE9FA811-D03D-400D-AF5A-BA3B1E1656FB}
		{7A31ED75-FF32-426D-B104-1AEA23428115} = {DE9FA811-D03D-400D-AF5A-BA3B1E1656FB}
		{F4BC5E21-8B63-4D35-A4AC-7AD6E24DEFD8} = {DE9FA811-D03D-400D-AF5A-BA3B1E1656FB}
		{AADA4649-B709-415D-AC1E-F3D53CE9DA88} = {DE9FA811-D03D-400D-AF5A-BA3B1E1656FB}
		{B9B89466-8442-4C13-AF03-BCB47C971A38} = {DE9FA811-D03D-400D-AF5A-BA3B1E1656FB}
		{F6CAEEA5-F924-4FC1-BC84-3BFC83253970} = {DE9FA811-D03D-400D-AF5A-BA3B1E1656FB}
		{80094AF4-AEA6-4788-A3F7-592B87818868} = {DE9FA811-D03D-400D-AF5A-BA3B1E1656FB}
		{F23CEEA6-9E8A-43DC-BCA2-6980D1CB6122} = {DE9FA811-D03D-400D-AF5A-BA3B1E1656FB}
		{C4C29FEF-8DB2-4D18-92EF-3B3077753EA5} = {DE9FA811-D03D-400D-AF5A-BA3B1E1656FB}
		{9C7C094B-04B8-44F9-9DB6-9FF8A227EE57} = {DE9FA811-D03D-400D-AF5A-BA3B1E1656FB}
		{6C84B471-D3D4-4365-83B1-EBF89AE8AB23} = {DE9FA811-D03D-400D-AF5A-BA3B1E1656FB}
		{56354E4A-536E-4D69-884D-8D822F0A8B10} = {DE9FA811-D03D-400D-AF5A-BA3B1E1656FB}
		{18DB4D2F-5B51-4EBD-A2A8-4C1DFA9A8CF3} = {DE9FA811-D03D-400D-AF5A-BA3B1E1656FB}
	EndGlobalSection
	GlobalSection(SolutionConfigurationPlatforms) = preSolution
		Debug|Any CPU = Debug|Any CPU
		Release|Any CPU = Release|Any CPU
	EndGlobalSection
	GlobalSection(ProjectConfigurationPlatforms) = postSolution
		{3FF79870-355F-479F-ACD1-C1FDEC4A0E0B}.Debug|Any CPU.ActiveCfg = Debug|Any CPU
		{3FF79870-355F-479F-ACD1-C1FDEC4A0E0B}.Debug|Any CPU.Build.0 = Debug|Any CPU
		{3FF79870-355F-479F-ACD1-C1FDEC4A0E0B}.Release|Any CPU.ActiveCfg = Release|Any CPU
		{3FF79870-355F-479F-ACD1-C1FDEC4A0E0B}.Release|Any CPU.Build.0 = Release|Any CPU
		{E35CA9E4-9119-483C-B5CB-2915BF2EF6CB}.Debug|Any CPU.ActiveCfg = Debug|Any CPU
		{E35CA9E4-9119-483C-B5CB-2915BF2EF6CB}.Debug|Any CPU.Build.0 = Debug|Any CPU
		{E35CA9E4-9119-483C-B5CB-2915BF2EF6CB}.Release|Any CPU.ActiveCfg = Release|Any CPU
		{E35CA9E4-9119-483C-B5CB-2915BF2EF6CB}.Release|Any CPU.Build.0 = Release|Any CPU
		{B1074ED5-A53B-4D32-BC53-E09773FB1E8C}.Debug|Any CPU.ActiveCfg = Debug|Any CPU
		{B1074ED5-A53B-4D32-BC53-E09773FB1E8C}.Debug|Any CPU.Build.0 = Debug|Any CPU
		{B1074ED5-A53B-4D32-BC53-E09773FB1E8C}.Release|Any CPU.ActiveCfg = Release|Any CPU
		{B1074ED5-A53B-4D32-BC53-E09773FB1E8C}.Release|Any CPU.Build.0 = Release|Any CPU
		{122E66A9-12B4-4D8D-AB4D-26C38CB42A01}.Debug|Any CPU.ActiveCfg = Debug|Any CPU
		{122E66A9-12B4-4D8D-AB4D-26C38CB42A01}.Debug|Any CPU.Build.0 = Debug|Any CPU
		{122E66A9-12B4-4D8D-AB4D-26C38CB42A01}.Release|Any CPU.ActiveCfg = Release|Any CPU
		{122E66A9-12B4-4D8D-AB4D-26C38CB42A01}.Release|Any CPU.Build.0 = Release|Any CPU
		{0C3D72AC-0E34-45B0-A614-EAB84ABCBCBC}.Debug|Any CPU.ActiveCfg = Debug|Any CPU
		{0C3D72AC-0E34-45B0-A614-EAB84ABCBCBC}.Debug|Any CPU.Build.0 = Debug|Any CPU
		{0C3D72AC-0E34-45B0-A614-EAB84ABCBCBC}.Release|Any CPU.ActiveCfg = Release|Any CPU
		{0C3D72AC-0E34-45B0-A614-EAB84ABCBCBC}.Release|Any CPU.Build.0 = Release|Any CPU
		{BC1A9097-322B-45FF-9680-E6B06B5A3D9E}.Debug|Any CPU.ActiveCfg = Debug|Any CPU
		{BC1A9097-322B-45FF-9680-E6B06B5A3D9E}.Debug|Any CPU.Build.0 = Debug|Any CPU
		{BC1A9097-322B-45FF-9680-E6B06B5A3D9E}.Release|Any CPU.ActiveCfg = Release|Any CPU
		{BC1A9097-322B-45FF-9680-E6B06B5A3D9E}.Release|Any CPU.Build.0 = Release|Any CPU
		{DC8029D7-3562-462F-AA26-9F083AE4F1CB}.Debug|Any CPU.ActiveCfg = Debug|Any CPU
		{DC8029D7-3562-462F-AA26-9F083AE4F1CB}.Debug|Any CPU.Build.0 = Debug|Any CPU
		{DC8029D7-3562-462F-AA26-9F083AE4F1CB}.Release|Any CPU.ActiveCfg = Release|Any CPU
		{DC8029D7-3562-462F-AA26-9F083AE4F1CB}.Release|Any CPU.Build.0 = Release|Any CPU
		{BE88D249-9D39-4DE0-AA77-34DFB10DC70C}.Debug|Any CPU.ActiveCfg = Debug|Any CPU
		{BE88D249-9D39-4DE0-AA77-34DFB10DC70C}.Debug|Any CPU.Build.0 = Debug|Any CPU
		{BE88D249-9D39-4DE0-AA77-34DFB10DC70C}.Release|Any CPU.ActiveCfg = Release|Any CPU
		{BE88D249-9D39-4DE0-AA77-34DFB10DC70C}.Release|Any CPU.Build.0 = Release|Any CPU
		{2DF622D3-334B-4B1C-9D9F-1269F23DF140}.Debug|Any CPU.ActiveCfg = Debug|Any CPU
		{2DF622D3-334B-4B1C-9D9F-1269F23DF140}.Debug|Any CPU.Build.0 = Debug|Any CPU
		{2DF622D3-334B-4B1C-9D9F-1269F23DF140}.Release|Any CPU.ActiveCfg = Release|Any CPU
		{2DF622D3-334B-4B1C-9D9F-1269F23DF140}.Release|Any CPU.Build.0 = Release|Any CPU
		{6C449D8F-AE6F-4442-BADA-62EE53D53D1A}.Debug|Any CPU.ActiveCfg = Debug|Any CPU
		{6C449D8F-AE6F-4442-BADA-62EE53D53D1A}.Debug|Any CPU.Build.0 = Debug|Any CPU
		{6C449D8F-AE6F-4442-BADA-62EE53D53D1A}.Release|Any CPU.ActiveCfg = Release|Any CPU
		{6C449D8F-AE6F-4442-BADA-62EE53D53D1A}.Release|Any CPU.Build.0 = Release|Any CPU
		{0AEC2FE3-3CBA-419C-83DF-54B3858399A8}.Debug|Any CPU.ActiveCfg = Debug|Any CPU
		{0AEC2FE3-3CBA-419C-83DF-54B3858399A8}.Debug|Any CPU.Build.0 = Debug|Any CPU
		{0AEC2FE3-3CBA-419C-83DF-54B3858399A8}.Release|Any CPU.ActiveCfg = Release|Any CPU
		{0AEC2FE3-3CBA-419C-83DF-54B3858399A8}.Release|Any CPU.Build.0 = Release|Any CPU
		{3C07C55E-6D23-42AD-A581-4A34C8F03A27}.Debug|Any CPU.ActiveCfg = Debug|Any CPU
		{3C07C55E-6D23-42AD-A581-4A34C8F03A27}.Debug|Any CPU.Build.0 = Debug|Any CPU
		{3C07C55E-6D23-42AD-A581-4A34C8F03A27}.Release|Any CPU.ActiveCfg = Release|Any CPU
		{3C07C55E-6D23-42AD-A581-4A34C8F03A27}.Release|Any CPU.Build.0 = Release|Any CPU
		{816E00CF-E7B7-4E57-BAF7-471845DC65BA}.Debug|Any CPU.ActiveCfg = Debug|Any CPU
		{816E00CF-E7B7-4E57-BAF7-471845DC65BA}.Debug|Any CPU.Build.0 = Debug|Any CPU
		{816E00CF-E7B7-4E57-BAF7-471845DC65BA}.Release|Any CPU.ActiveCfg = Release|Any CPU
		{816E00CF-E7B7-4E57-BAF7-471845DC65BA}.Release|Any CPU.Build.0 = Release|Any CPU
		{A7044E35-63B7-4088-92A1-F7F2BBA402BB}.Debug|Any CPU.ActiveCfg = Debug|Any CPU
		{A7044E35-63B7-4088-92A1-F7F2BBA402BB}.Debug|Any CPU.Build.0 = Debug|Any CPU
		{A7044E35-63B7-4088-92A1-F7F2BBA402BB}.Release|Any CPU.ActiveCfg = Release|Any CPU
		{A7044E35-63B7-4088-92A1-F7F2BBA402BB}.Release|Any CPU.Build.0 = Release|Any CPU
		{54F4E415-F621-4C8A-9191-5925D375D435}.Debug|Any CPU.ActiveCfg = Debug|Any CPU
		{54F4E415-F621-4C8A-9191-5925D375D435}.Debug|Any CPU.Build.0 = Debug|Any CPU
		{54F4E415-F621-4C8A-9191-5925D375D435}.Release|Any CPU.ActiveCfg = Release|Any CPU
		{54F4E415-F621-4C8A-9191-5925D375D435}.Release|Any CPU.Build.0 = Release|Any CPU
		{9D350316-186F-4628-ACB0-88CAFDC42535}.Debug|Any CPU.ActiveCfg = Debug|Any CPU
		{9D350316-186F-4628-ACB0-88CAFDC42535}.Debug|Any CPU.Build.0 = Debug|Any CPU
		{9D350316-186F-4628-ACB0-88CAFDC42535}.Release|Any CPU.ActiveCfg = Release|Any CPU
		{9D350316-186F-4628-ACB0-88CAFDC42535}.Release|Any CPU.Build.0 = Release|Any CPU
		{9B1CFC67-55E3-4FF8-A12B-DB0AF345C90B}.Debug|Any CPU.ActiveCfg = Debug|Any CPU
		{9B1CFC67-55E3-4FF8-A12B-DB0AF345C90B}.Debug|Any CPU.Build.0 = Debug|Any CPU
		{9B1CFC67-55E3-4FF8-A12B-DB0AF345C90B}.Release|Any CPU.ActiveCfg = Release|Any CPU
		{9B1CFC67-55E3-4FF8-A12B-DB0AF345C90B}.Release|Any CPU.Build.0 = Release|Any CPU
		{F72D65D9-68D2-4061-8C88-6331B28D7B40}.Debug|Any CPU.ActiveCfg = Debug|Any CPU
		{F72D65D9-68D2-4061-8C88-6331B28D7B40}.Debug|Any CPU.Build.0 = Debug|Any CPU
		{F72D65D9-68D2-4061-8C88-6331B28D7B40}.Release|Any CPU.ActiveCfg = Release|Any CPU
		{F72D65D9-68D2-4061-8C88-6331B28D7B40}.Release|Any CPU.Build.0 = Release|Any CPU
		{E7EA4218-605B-4E16-B03D-59DCB22C3BF7}.Debug|Any CPU.ActiveCfg = Debug|Any CPU
		{E7EA4218-605B-4E16-B03D-59DCB22C3BF7}.Debug|Any CPU.Build.0 = Debug|Any CPU
		{E7EA4218-605B-4E16-B03D-59DCB22C3BF7}.Release|Any CPU.ActiveCfg = Release|Any CPU
		{E7EA4218-605B-4E16-B03D-59DCB22C3BF7}.Release|Any CPU.Build.0 = Release|Any CPU
		{98AFBD4A-C100-4C6C-A51E-0698A6D5F3A2}.Debug|Any CPU.ActiveCfg = Debug|Any CPU
		{98AFBD4A-C100-4C6C-A51E-0698A6D5F3A2}.Debug|Any CPU.Build.0 = Debug|Any CPU
		{98AFBD4A-C100-4C6C-A51E-0698A6D5F3A2}.Release|Any CPU.ActiveCfg = Release|Any CPU
		{98AFBD4A-C100-4C6C-A51E-0698A6D5F3A2}.Release|Any CPU.Build.0 = Release|Any CPU
		{4AADF2F8-53E2-43D2-BEE1-F9507F99777F}.Debug|Any CPU.ActiveCfg = Debug|Any CPU
		{4AADF2F8-53E2-43D2-BEE1-F9507F99777F}.Debug|Any CPU.Build.0 = Debug|Any CPU
		{4AADF2F8-53E2-43D2-BEE1-F9507F99777F}.Release|Any CPU.ActiveCfg = Release|Any CPU
		{4AADF2F8-53E2-43D2-BEE1-F9507F99777F}.Release|Any CPU.Build.0 = Release|Any CPU
		{B798383B-8019-4C7E-AD74-5569DE59F63F}.Debug|Any CPU.ActiveCfg = Debug|Any CPU
		{B798383B-8019-4C7E-AD74-5569DE59F63F}.Debug|Any CPU.Build.0 = Debug|Any CPU
		{B798383B-8019-4C7E-AD74-5569DE59F63F}.Release|Any CPU.ActiveCfg = Release|Any CPU
		{B798383B-8019-4C7E-AD74-5569DE59F63F}.Release|Any CPU.Build.0 = Release|Any CPU
		{AE473A51-B3A1-4023-8350-0CE706CA5D11}.Debug|Any CPU.ActiveCfg = Debug|Any CPU
		{AE473A51-B3A1-4023-8350-0CE706CA5D11}.Debug|Any CPU.Build.0 = Debug|Any CPU
		{AE473A51-B3A1-4023-8350-0CE706CA5D11}.Release|Any CPU.ActiveCfg = Release|Any CPU
		{AE473A51-B3A1-4023-8350-0CE706CA5D11}.Release|Any CPU.Build.0 = Release|Any CPU
		{FD3CF4C2-0AFF-4B2F-BD2E-382DC1F95ADB}.Debug|Any CPU.ActiveCfg = Debug|Any CPU
		{FD3CF4C2-0AFF-4B2F-BD2E-382DC1F95ADB}.Debug|Any CPU.Build.0 = Debug|Any CPU
		{FD3CF4C2-0AFF-4B2F-BD2E-382DC1F95ADB}.Release|Any CPU.ActiveCfg = Release|Any CPU
		{FD3CF4C2-0AFF-4B2F-BD2E-382DC1F95ADB}.Release|Any CPU.Build.0 = Release|Any CPU
		{81A772F1-F3A5-4725-A780-5BF17C115610}.Debug|Any CPU.ActiveCfg = Debug|Any CPU
		{81A772F1-F3A5-4725-A780-5BF17C115610}.Debug|Any CPU.Build.0 = Debug|Any CPU
		{81A772F1-F3A5-4725-A780-5BF17C115610}.Release|Any CPU.ActiveCfg = Release|Any CPU
		{81A772F1-F3A5-4725-A780-5BF17C115610}.Release|Any CPU.Build.0 = Release|Any CPU
		{D4BC5911-7CC3-4088-98BC-1AD762CF2023}.Debug|Any CPU.ActiveCfg = Debug|Any CPU
		{D4BC5911-7CC3-4088-98BC-1AD762CF2023}.Debug|Any CPU.Build.0 = Debug|Any CPU
		{D4BC5911-7CC3-4088-98BC-1AD762CF2023}.Release|Any CPU.ActiveCfg = Release|Any CPU
		{D4BC5911-7CC3-4088-98BC-1AD762CF2023}.Release|Any CPU.Build.0 = Release|Any CPU
		{ED215166-1BBE-4587-8D4F-AC9FBD18733F}.Debug|Any CPU.ActiveCfg = Debug|Any CPU
		{ED215166-1BBE-4587-8D4F-AC9FBD18733F}.Debug|Any CPU.Build.0 = Debug|Any CPU
		{ED215166-1BBE-4587-8D4F-AC9FBD18733F}.Release|Any CPU.ActiveCfg = Release|Any CPU
		{ED215166-1BBE-4587-8D4F-AC9FBD18733F}.Release|Any CPU.Build.0 = Release|Any CPU
		{4D354572-71E7-43B3-81AB-94110CEF2EAB}.Debug|Any CPU.ActiveCfg = Debug|Any CPU
		{4D354572-71E7-43B3-81AB-94110CEF2EAB}.Debug|Any CPU.Build.0 = Debug|Any CPU
		{4D354572-71E7-43B3-81AB-94110CEF2EAB}.Release|Any CPU.ActiveCfg = Release|Any CPU
		{4D354572-71E7-43B3-81AB-94110CEF2EAB}.Release|Any CPU.Build.0 = Release|Any CPU
		{B7EEDD4E-7070-47AC-8F0A-EB4494212611}.Debug|Any CPU.ActiveCfg = Debug|Any CPU
		{B7EEDD4E-7070-47AC-8F0A-EB4494212611}.Debug|Any CPU.Build.0 = Debug|Any CPU
		{B7EEDD4E-7070-47AC-8F0A-EB4494212611}.Release|Any CPU.ActiveCfg = Release|Any CPU
		{B7EEDD4E-7070-47AC-8F0A-EB4494212611}.Release|Any CPU.Build.0 = Release|Any CPU
		{FE8AF195-B811-422E-B4D8-E75BB4A3CE7B}.Debug|Any CPU.ActiveCfg = Debug|Any CPU
		{FE8AF195-B811-422E-B4D8-E75BB4A3CE7B}.Debug|Any CPU.Build.0 = Debug|Any CPU
		{FE8AF195-B811-422E-B4D8-E75BB4A3CE7B}.Release|Any CPU.ActiveCfg = Release|Any CPU
		{FE8AF195-B811-422E-B4D8-E75BB4A3CE7B}.Release|Any CPU.Build.0 = Release|Any CPU
		{B035441C-D5B2-420F-AA49-7B3F90FD418E}.Debug|Any CPU.ActiveCfg = Debug|Any CPU
		{B035441C-D5B2-420F-AA49-7B3F90FD418E}.Debug|Any CPU.Build.0 = Debug|Any CPU
		{B035441C-D5B2-420F-AA49-7B3F90FD418E}.Release|Any CPU.ActiveCfg = Release|Any CPU
		{B035441C-D5B2-420F-AA49-7B3F90FD418E}.Release|Any CPU.Build.0 = Release|Any CPU
		{FF6125BF-8C78-4083-8E89-36F7968383A0}.Debug|Any CPU.ActiveCfg = Debug|Any CPU
		{FF6125BF-8C78-4083-8E89-36F7968383A0}.Debug|Any CPU.Build.0 = Debug|Any CPU
		{FF6125BF-8C78-4083-8E89-36F7968383A0}.Release|Any CPU.ActiveCfg = Release|Any CPU
		{FF6125BF-8C78-4083-8E89-36F7968383A0}.Release|Any CPU.Build.0 = Release|Any CPU
		{7C6123E8-EC62-499E-80C5-97F330C4AC87}.Debug|Any CPU.ActiveCfg = Debug|Any CPU
		{7C6123E8-EC62-499E-80C5-97F330C4AC87}.Debug|Any CPU.Build.0 = Debug|Any CPU
		{7C6123E8-EC62-499E-80C5-97F330C4AC87}.Release|Any CPU.ActiveCfg = Release|Any CPU
		{7C6123E8-EC62-499E-80C5-97F330C4AC87}.Release|Any CPU.Build.0 = Release|Any CPU
		{B1FB7536-3CB1-4780-833F-C8826B0D1F10}.Debug|Any CPU.ActiveCfg = Debug|Any CPU
		{B1FB7536-3CB1-4780-833F-C8826B0D1F10}.Debug|Any CPU.Build.0 = Debug|Any CPU
		{B1FB7536-3CB1-4780-833F-C8826B0D1F10}.Release|Any CPU.ActiveCfg = Release|Any CPU
		{B1FB7536-3CB1-4780-833F-C8826B0D1F10}.Release|Any CPU.Build.0 = Release|Any CPU
		{441E7567-45B8-4ED8-8395-705E48FBF926}.Debug|Any CPU.ActiveCfg = Debug|Any CPU
		{441E7567-45B8-4ED8-8395-705E48FBF926}.Debug|Any CPU.Build.0 = Debug|Any CPU
		{441E7567-45B8-4ED8-8395-705E48FBF926}.Release|Any CPU.ActiveCfg = Release|Any CPU
		{441E7567-45B8-4ED8-8395-705E48FBF926}.Release|Any CPU.Build.0 = Release|Any CPU
		{9CE70211-37CD-41B7-8129-263F17611FF3}.Debug|Any CPU.ActiveCfg = Debug|Any CPU
		{9CE70211-37CD-41B7-8129-263F17611FF3}.Debug|Any CPU.Build.0 = Debug|Any CPU
		{9CE70211-37CD-41B7-8129-263F17611FF3}.Release|Any CPU.ActiveCfg = Release|Any CPU
		{9CE70211-37CD-41B7-8129-263F17611FF3}.Release|Any CPU.Build.0 = Release|Any CPU
		{56AAFD02-1098-4D5D-A3CF-C2BB9815C0AC}.Debug|Any CPU.ActiveCfg = Debug|Any CPU
		{56AAFD02-1098-4D5D-A3CF-C2BB9815C0AC}.Debug|Any CPU.Build.0 = Debug|Any CPU
		{56AAFD02-1098-4D5D-A3CF-C2BB9815C0AC}.Release|Any CPU.ActiveCfg = Release|Any CPU
		{56AAFD02-1098-4D5D-A3CF-C2BB9815C0AC}.Release|Any CPU.Build.0 = Release|Any CPU
		{A5288807-9D52-4BA2-BDD4-CD4A925DF258}.Debug|Any CPU.ActiveCfg = Debug|Any CPU
		{A5288807-9D52-4BA2-BDD4-CD4A925DF258}.Debug|Any CPU.Build.0 = Debug|Any CPU
		{A5288807-9D52-4BA2-BDD4-CD4A925DF258}.Release|Any CPU.ActiveCfg = Release|Any CPU
		{A5288807-9D52-4BA2-BDD4-CD4A925DF258}.Release|Any CPU.Build.0 = Release|Any CPU
		{3CA4C324-1ECD-4212-AD8B-8F223AF84043}.Debug|Any CPU.ActiveCfg = Debug|Any CPU
		{3CA4C324-1ECD-4212-AD8B-8F223AF84043}.Debug|Any CPU.Build.0 = Debug|Any CPU
		{3CA4C324-1ECD-4212-AD8B-8F223AF84043}.Release|Any CPU.ActiveCfg = Release|Any CPU
		{3CA4C324-1ECD-4212-AD8B-8F223AF84043}.Release|Any CPU.Build.0 = Release|Any CPU
		{842BA1DF-8CC0-45D6-9F14-3185A39A757E}.Debug|Any CPU.ActiveCfg = Debug|Any CPU
		{842BA1DF-8CC0-45D6-9F14-3185A39A757E}.Debug|Any CPU.Build.0 = Debug|Any CPU
		{842BA1DF-8CC0-45D6-9F14-3185A39A757E}.Release|Any CPU.ActiveCfg = Release|Any CPU
		{842BA1DF-8CC0-45D6-9F14-3185A39A757E}.Release|Any CPU.Build.0 = Release|Any CPU
		{5D725E7E-7100-447E-9818-8D45CC3C66E0}.Debug|Any CPU.ActiveCfg = Debug|Any CPU
		{5D725E7E-7100-447E-9818-8D45CC3C66E0}.Debug|Any CPU.Build.0 = Debug|Any CPU
		{5D725E7E-7100-447E-9818-8D45CC3C66E0}.Release|Any CPU.ActiveCfg = Release|Any CPU
		{5D725E7E-7100-447E-9818-8D45CC3C66E0}.Release|Any CPU.Build.0 = Release|Any CPU
		{53016D64-CD7F-47A4-A2DD-2332BCF32ED0}.Debug|Any CPU.ActiveCfg = Debug|Any CPU
		{53016D64-CD7F-47A4-A2DD-2332BCF32ED0}.Debug|Any CPU.Build.0 = Debug|Any CPU
		{53016D64-CD7F-47A4-A2DD-2332BCF32ED0}.Release|Any CPU.ActiveCfg = Release|Any CPU
		{53016D64-CD7F-47A4-A2DD-2332BCF32ED0}.Release|Any CPU.Build.0 = Release|Any CPU
		{02385D2F-0A47-43AE-9D6D-BDF37D20642F}.Debug|Any CPU.ActiveCfg = Debug|Any CPU
		{02385D2F-0A47-43AE-9D6D-BDF37D20642F}.Debug|Any CPU.Build.0 = Debug|Any CPU
		{02385D2F-0A47-43AE-9D6D-BDF37D20642F}.Release|Any CPU.ActiveCfg = Release|Any CPU
		{02385D2F-0A47-43AE-9D6D-BDF37D20642F}.Release|Any CPU.Build.0 = Release|Any CPU
		{5E446827-FF90-49D9-B25D-07EBF64EA414}.Debug|Any CPU.ActiveCfg = Debug|Any CPU
		{5E446827-FF90-49D9-B25D-07EBF64EA414}.Debug|Any CPU.Build.0 = Debug|Any CPU
		{5E446827-FF90-49D9-B25D-07EBF64EA414}.Release|Any CPU.ActiveCfg = Release|Any CPU
		{5E446827-FF90-49D9-B25D-07EBF64EA414}.Release|Any CPU.Build.0 = Release|Any CPU
		{F74B7279-66EF-44FF-9BEE-4796B7F48591}.Debug|Any CPU.ActiveCfg = Debug|Any CPU
		{F74B7279-66EF-44FF-9BEE-4796B7F48591}.Debug|Any CPU.Build.0 = Debug|Any CPU
		{F74B7279-66EF-44FF-9BEE-4796B7F48591}.Release|Any CPU.ActiveCfg = Release|Any CPU
		{F74B7279-66EF-44FF-9BEE-4796B7F48591}.Release|Any CPU.Build.0 = Release|Any CPU
		{B110BB5A-F4EE-4E96-AFE1-94E2EB78B98E}.Debug|Any CPU.ActiveCfg = Debug|Any CPU
		{B110BB5A-F4EE-4E96-AFE1-94E2EB78B98E}.Debug|Any CPU.Build.0 = Debug|Any CPU
		{B110BB5A-F4EE-4E96-AFE1-94E2EB78B98E}.Release|Any CPU.ActiveCfg = Release|Any CPU
		{B110BB5A-F4EE-4E96-AFE1-94E2EB78B98E}.Release|Any CPU.Build.0 = Release|Any CPU
		{F6DBDA3C-238C-4DDF-B102-07BE4C8BE81E}.Debug|Any CPU.ActiveCfg = Debug|Any CPU
		{F6DBDA3C-238C-4DDF-B102-07BE4C8BE81E}.Debug|Any CPU.Build.0 = Debug|Any CPU
		{F6DBDA3C-238C-4DDF-B102-07BE4C8BE81E}.Release|Any CPU.ActiveCfg = Release|Any CPU
		{F6DBDA3C-238C-4DDF-B102-07BE4C8BE81E}.Release|Any CPU.Build.0 = Release|Any CPU
		{F5ECF433-4389-4B72-ACC8-1DAF3B10E14F}.Debug|Any CPU.ActiveCfg = Debug|Any CPU
		{F5ECF433-4389-4B72-ACC8-1DAF3B10E14F}.Debug|Any CPU.Build.0 = Debug|Any CPU
		{F5ECF433-4389-4B72-ACC8-1DAF3B10E14F}.Release|Any CPU.ActiveCfg = Release|Any CPU
		{F5ECF433-4389-4B72-ACC8-1DAF3B10E14F}.Release|Any CPU.Build.0 = Release|Any CPU
		{C7F9F14A-E50C-4209-8236-37A7BB6A5187}.Debug|Any CPU.ActiveCfg = Debug|Any CPU
		{C7F9F14A-E50C-4209-8236-37A7BB6A5187}.Debug|Any CPU.Build.0 = Debug|Any CPU
		{C7F9F14A-E50C-4209-8236-37A7BB6A5187}.Release|Any CPU.ActiveCfg = Release|Any CPU
		{C7F9F14A-E50C-4209-8236-37A7BB6A5187}.Release|Any CPU.Build.0 = Release|Any CPU
		{9B9BA3F4-EA4A-4596-8658-2161BA857A00}.Debug|Any CPU.ActiveCfg = Debug|Any CPU
		{9B9BA3F4-EA4A-4596-8658-2161BA857A00}.Debug|Any CPU.Build.0 = Debug|Any CPU
		{9B9BA3F4-EA4A-4596-8658-2161BA857A00}.Release|Any CPU.ActiveCfg = Release|Any CPU
		{9B9BA3F4-EA4A-4596-8658-2161BA857A00}.Release|Any CPU.Build.0 = Release|Any CPU
		{AC834322-035C-4FFA-B105-D8D08A1E8B4D}.Debug|Any CPU.ActiveCfg = Debug|Any CPU
		{AC834322-035C-4FFA-B105-D8D08A1E8B4D}.Debug|Any CPU.Build.0 = Debug|Any CPU
		{AC834322-035C-4FFA-B105-D8D08A1E8B4D}.Release|Any CPU.ActiveCfg = Release|Any CPU
		{AC834322-035C-4FFA-B105-D8D08A1E8B4D}.Release|Any CPU.Build.0 = Release|Any CPU
		{9E13289C-2FB2-4CA3-A057-39A875C8DE66}.Debug|Any CPU.ActiveCfg = Debug|Any CPU
		{9E13289C-2FB2-4CA3-A057-39A875C8DE66}.Debug|Any CPU.Build.0 = Debug|Any CPU
		{9E13289C-2FB2-4CA3-A057-39A875C8DE66}.Release|Any CPU.ActiveCfg = Release|Any CPU
		{9E13289C-2FB2-4CA3-A057-39A875C8DE66}.Release|Any CPU.Build.0 = Release|Any CPU
		{F2582C6A-54F1-4317-9D75-49009AC68DB7}.Debug|Any CPU.ActiveCfg = Debug|Any CPU
		{F2582C6A-54F1-4317-9D75-49009AC68DB7}.Debug|Any CPU.Build.0 = Debug|Any CPU
		{F2582C6A-54F1-4317-9D75-49009AC68DB7}.Release|Any CPU.ActiveCfg = Release|Any CPU
		{F2582C6A-54F1-4317-9D75-49009AC68DB7}.Release|Any CPU.Build.0 = Release|Any CPU
		{936CA562-1549-4B27-9FC1-C0A008C04841}.Debug|Any CPU.ActiveCfg = Debug|Any CPU
		{936CA562-1549-4B27-9FC1-C0A008C04841}.Debug|Any CPU.Build.0 = Debug|Any CPU
		{936CA562-1549-4B27-9FC1-C0A008C04841}.Release|Any CPU.ActiveCfg = Release|Any CPU
		{936CA562-1549-4B27-9FC1-C0A008C04841}.Release|Any CPU.Build.0 = Release|Any CPU
		{AAF72EDC-27C0-485C-AED3-F8F0ECB49919}.Debug|Any CPU.ActiveCfg = Debug|Any CPU
		{AAF72EDC-27C0-485C-AED3-F8F0ECB49919}.Debug|Any CPU.Build.0 = Debug|Any CPU
		{AAF72EDC-27C0-485C-AED3-F8F0ECB49919}.Release|Any CPU.ActiveCfg = Release|Any CPU
		{AAF72EDC-27C0-485C-AED3-F8F0ECB49919}.Release|Any CPU.Build.0 = Release|Any CPU
		{8A6BF0CB-6F96-4037-B375-17BD89E1FC8A}.Debug|Any CPU.ActiveCfg = Debug|Any CPU
		{8A6BF0CB-6F96-4037-B375-17BD89E1FC8A}.Debug|Any CPU.Build.0 = Debug|Any CPU
		{8A6BF0CB-6F96-4037-B375-17BD89E1FC8A}.Release|Any CPU.ActiveCfg = Release|Any CPU
		{8A6BF0CB-6F96-4037-B375-17BD89E1FC8A}.Release|Any CPU.Build.0 = Release|Any CPU
		{C7DD66BF-9F07-4295-A045-EDBF2C828B02}.Debug|Any CPU.ActiveCfg = Debug|Any CPU
		{C7DD66BF-9F07-4295-A045-EDBF2C828B02}.Debug|Any CPU.Build.0 = Debug|Any CPU
		{C7DD66BF-9F07-4295-A045-EDBF2C828B02}.Release|Any CPU.ActiveCfg = Release|Any CPU
		{C7DD66BF-9F07-4295-A045-EDBF2C828B02}.Release|Any CPU.Build.0 = Release|Any CPU
		{533625D3-63D8-4EC7-88A0-F0C37CAFC519}.Debug|Any CPU.ActiveCfg = Debug|Any CPU
		{533625D3-63D8-4EC7-88A0-F0C37CAFC519}.Debug|Any CPU.Build.0 = Debug|Any CPU
		{533625D3-63D8-4EC7-88A0-F0C37CAFC519}.Release|Any CPU.ActiveCfg = Release|Any CPU
		{533625D3-63D8-4EC7-88A0-F0C37CAFC519}.Release|Any CPU.Build.0 = Release|Any CPU
		{FAF6FD33-19BD-43F6-A99B-67DEF4320827}.Debug|Any CPU.ActiveCfg = Debug|Any CPU
		{FAF6FD33-19BD-43F6-A99B-67DEF4320827}.Debug|Any CPU.Build.0 = Debug|Any CPU
		{FAF6FD33-19BD-43F6-A99B-67DEF4320827}.Release|Any CPU.ActiveCfg = Release|Any CPU
		{FAF6FD33-19BD-43F6-A99B-67DEF4320827}.Release|Any CPU.Build.0 = Release|Any CPU
		{59D14077-ED2B-4E92-BFA5-1E44141EF86C}.Debug|Any CPU.ActiveCfg = Debug|Any CPU
		{59D14077-ED2B-4E92-BFA5-1E44141EF86C}.Debug|Any CPU.Build.0 = Debug|Any CPU
		{59D14077-ED2B-4E92-BFA5-1E44141EF86C}.Release|Any CPU.ActiveCfg = Release|Any CPU
		{59D14077-ED2B-4E92-BFA5-1E44141EF86C}.Release|Any CPU.Build.0 = Release|Any CPU
		{DE57F80B-167B-4617-9169-640E7483762E}.Debug|Any CPU.ActiveCfg = Debug|Any CPU
		{DE57F80B-167B-4617-9169-640E7483762E}.Debug|Any CPU.Build.0 = Debug|Any CPU
		{DE57F80B-167B-4617-9169-640E7483762E}.Release|Any CPU.ActiveCfg = Release|Any CPU
		{DE57F80B-167B-4617-9169-640E7483762E}.Release|Any CPU.Build.0 = Release|Any CPU
		{0B9BBB81-C598-4BF5-9F9C-0550756F3615}.Debug|Any CPU.ActiveCfg = Debug|Any CPU
		{0B9BBB81-C598-4BF5-9F9C-0550756F3615}.Debug|Any CPU.Build.0 = Debug|Any CPU
		{0B9BBB81-C598-4BF5-9F9C-0550756F3615}.Release|Any CPU.ActiveCfg = Release|Any CPU
		{0B9BBB81-C598-4BF5-9F9C-0550756F3615}.Release|Any CPU.Build.0 = Release|Any CPU
		{7C0E35A2-5307-425B-847E-C67EBE3DC299}.Debug|Any CPU.ActiveCfg = Debug|Any CPU
		{7C0E35A2-5307-425B-847E-C67EBE3DC299}.Debug|Any CPU.Build.0 = Debug|Any CPU
		{7C0E35A2-5307-425B-847E-C67EBE3DC299}.Release|Any CPU.ActiveCfg = Release|Any CPU
		{7C0E35A2-5307-425B-847E-C67EBE3DC299}.Release|Any CPU.Build.0 = Release|Any CPU
		{F7C47C02-1A73-447A-AFFA-37F951780480}.Debug|Any CPU.ActiveCfg = Debug|Any CPU
		{F7C47C02-1A73-447A-AFFA-37F951780480}.Debug|Any CPU.Build.0 = Debug|Any CPU
		{F7C47C02-1A73-447A-AFFA-37F951780480}.Release|Any CPU.ActiveCfg = Release|Any CPU
		{F7C47C02-1A73-447A-AFFA-37F951780480}.Release|Any CPU.Build.0 = Release|Any CPU
		{416B69B7-46C6-474D-B134-E9A9A2BC2B15}.Debug|Any CPU.ActiveCfg = Debug|Any CPU
		{416B69B7-46C6-474D-B134-E9A9A2BC2B15}.Debug|Any CPU.Build.0 = Debug|Any CPU
		{416B69B7-46C6-474D-B134-E9A9A2BC2B15}.Release|Any CPU.ActiveCfg = Release|Any CPU
		{416B69B7-46C6-474D-B134-E9A9A2BC2B15}.Release|Any CPU.Build.0 = Release|Any CPU
		{36E974CF-3E65-42B0-8F9C-72761DE7CC4F}.Debug|Any CPU.ActiveCfg = Debug|Any CPU
		{36E974CF-3E65-42B0-8F9C-72761DE7CC4F}.Debug|Any CPU.Build.0 = Debug|Any CPU
		{36E974CF-3E65-42B0-8F9C-72761DE7CC4F}.Release|Any CPU.ActiveCfg = Release|Any CPU
		{36E974CF-3E65-42B0-8F9C-72761DE7CC4F}.Release|Any CPU.Build.0 = Release|Any CPU
		{6C22D235-DAB7-4A2C-A32D-ED4E698DBBC1}.Debug|Any CPU.ActiveCfg = Debug|Any CPU
		{6C22D235-DAB7-4A2C-A32D-ED4E698DBBC1}.Debug|Any CPU.Build.0 = Debug|Any CPU
		{6C22D235-DAB7-4A2C-A32D-ED4E698DBBC1}.Release|Any CPU.ActiveCfg = Release|Any CPU
		{6C22D235-DAB7-4A2C-A32D-ED4E698DBBC1}.Release|Any CPU.Build.0 = Release|Any CPU
		{5B9627E1-F713-4D95-9E67-CC469AFCCACC}.Debug|Any CPU.ActiveCfg = Debug|Any CPU
		{5B9627E1-F713-4D95-9E67-CC469AFCCACC}.Debug|Any CPU.Build.0 = Debug|Any CPU
		{5B9627E1-F713-4D95-9E67-CC469AFCCACC}.Release|Any CPU.ActiveCfg = Release|Any CPU
		{5B9627E1-F713-4D95-9E67-CC469AFCCACC}.Release|Any CPU.Build.0 = Release|Any CPU
		{1537544C-B0E9-489E-B1D3-B2A6A2049557}.Debug|Any CPU.ActiveCfg = Debug|Any CPU
		{1537544C-B0E9-489E-B1D3-B2A6A2049557}.Debug|Any CPU.Build.0 = Debug|Any CPU
		{1537544C-B0E9-489E-B1D3-B2A6A2049557}.Release|Any CPU.ActiveCfg = Release|Any CPU
		{1537544C-B0E9-489E-B1D3-B2A6A2049557}.Release|Any CPU.Build.0 = Release|Any CPU
		{5024F1A7-C569-4234-B743-69066DE67198}.Debug|Any CPU.ActiveCfg = Debug|Any CPU
		{5024F1A7-C569-4234-B743-69066DE67198}.Debug|Any CPU.Build.0 = Debug|Any CPU
		{5024F1A7-C569-4234-B743-69066DE67198}.Release|Any CPU.ActiveCfg = Release|Any CPU
		{5024F1A7-C569-4234-B743-69066DE67198}.Release|Any CPU.Build.0 = Release|Any CPU
		{1EF1900A-BF9A-4DF2-9F37-E085FD57CE65}.Debug|Any CPU.ActiveCfg = Debug|Any CPU
		{1EF1900A-BF9A-4DF2-9F37-E085FD57CE65}.Debug|Any CPU.Build.0 = Debug|Any CPU
		{1EF1900A-BF9A-4DF2-9F37-E085FD57CE65}.Release|Any CPU.ActiveCfg = Release|Any CPU
		{1EF1900A-BF9A-4DF2-9F37-E085FD57CE65}.Release|Any CPU.Build.0 = Release|Any CPU
		{97685946-88F0-4757-B930-B332FC346009}.Debug|Any CPU.ActiveCfg = Debug|Any CPU
		{97685946-88F0-4757-B930-B332FC346009}.Debug|Any CPU.Build.0 = Debug|Any CPU
		{97685946-88F0-4757-B930-B332FC346009}.Release|Any CPU.ActiveCfg = Release|Any CPU
		{97685946-88F0-4757-B930-B332FC346009}.Release|Any CPU.Build.0 = Release|Any CPU
		{7A31ED75-FF32-426D-B104-1AEA23428115}.Debug|Any CPU.ActiveCfg = Debug|Any CPU
		{7A31ED75-FF32-426D-B104-1AEA23428115}.Debug|Any CPU.Build.0 = Debug|Any CPU
		{7A31ED75-FF32-426D-B104-1AEA23428115}.Release|Any CPU.ActiveCfg = Release|Any CPU
		{7A31ED75-FF32-426D-B104-1AEA23428115}.Release|Any CPU.Build.0 = Release|Any CPU
		{F4BC5E21-8B63-4D35-A4AC-7AD6E24DEFD8}.Debug|Any CPU.ActiveCfg = Debug|Any CPU
		{F4BC5E21-8B63-4D35-A4AC-7AD6E24DEFD8}.Debug|Any CPU.Build.0 = Debug|Any CPU
		{F4BC5E21-8B63-4D35-A4AC-7AD6E24DEFD8}.Release|Any CPU.ActiveCfg = Release|Any CPU
		{F4BC5E21-8B63-4D35-A4AC-7AD6E24DEFD8}.Release|Any CPU.Build.0 = Release|Any CPU
		{AADA4649-B709-415D-AC1E-F3D53CE9DA88}.Debug|Any CPU.ActiveCfg = Debug|Any CPU
		{AADA4649-B709-415D-AC1E-F3D53CE9DA88}.Debug|Any CPU.Build.0 = Debug|Any CPU
		{AADA4649-B709-415D-AC1E-F3D53CE9DA88}.Release|Any CPU.ActiveCfg = Release|Any CPU
		{AADA4649-B709-415D-AC1E-F3D53CE9DA88}.Release|Any CPU.Build.0 = Release|Any CPU
		{B9B89466-8442-4C13-AF03-BCB47C971A38}.Debug|Any CPU.ActiveCfg = Debug|Any CPU
		{B9B89466-8442-4C13-AF03-BCB47C971A38}.Debug|Any CPU.Build.0 = Debug|Any CPU
		{B9B89466-8442-4C13-AF03-BCB47C971A38}.Release|Any CPU.ActiveCfg = Release|Any CPU
		{B9B89466-8442-4C13-AF03-BCB47C971A38}.Release|Any CPU.Build.0 = Release|Any CPU
		{F6CAEEA5-F924-4FC1-BC84-3BFC83253970}.Debug|Any CPU.ActiveCfg = Debug|Any CPU
		{F6CAEEA5-F924-4FC1-BC84-3BFC83253970}.Debug|Any CPU.Build.0 = Debug|Any CPU
		{F6CAEEA5-F924-4FC1-BC84-3BFC83253970}.Release|Any CPU.ActiveCfg = Release|Any CPU
		{F6CAEEA5-F924-4FC1-BC84-3BFC83253970}.Release|Any CPU.Build.0 = Release|Any CPU
		{80094AF4-AEA6-4788-A3F7-592B87818868}.Debug|Any CPU.ActiveCfg = Debug|Any CPU
		{80094AF4-AEA6-4788-A3F7-592B87818868}.Debug|Any CPU.Build.0 = Debug|Any CPU
		{80094AF4-AEA6-4788-A3F7-592B87818868}.Release|Any CPU.ActiveCfg = Release|Any CPU
		{80094AF4-AEA6-4788-A3F7-592B87818868}.Release|Any CPU.Build.0 = Release|Any CPU
		{F23CEEA6-9E8A-43DC-BCA2-6980D1CB6122}.Debug|Any CPU.ActiveCfg = Debug|Any CPU
		{F23CEEA6-9E8A-43DC-BCA2-6980D1CB6122}.Debug|Any CPU.Build.0 = Debug|Any CPU
		{F23CEEA6-9E8A-43DC-BCA2-6980D1CB6122}.Release|Any CPU.ActiveCfg = Release|Any CPU
		{F23CEEA6-9E8A-43DC-BCA2-6980D1CB6122}.Release|Any CPU.Build.0 = Release|Any CPU
		{C4C29FEF-8DB2-4D18-92EF-3B3077753EA5}.Debug|Any CPU.ActiveCfg = Debug|Any CPU
		{C4C29FEF-8DB2-4D18-92EF-3B3077753EA5}.Debug|Any CPU.Build.0 = Debug|Any CPU
		{C4C29FEF-8DB2-4D18-92EF-3B3077753EA5}.Release|Any CPU.ActiveCfg = Release|Any CPU
		{C4C29FEF-8DB2-4D18-92EF-3B3077753EA5}.Release|Any CPU.Build.0 = Release|Any CPU
		{9C7C094B-04B8-44F9-9DB6-9FF8A227EE57}.Debug|Any CPU.ActiveCfg = Debug|Any CPU
		{9C7C094B-04B8-44F9-9DB6-9FF8A227EE57}.Debug|Any CPU.Build.0 = Debug|Any CPU
		{9C7C094B-04B8-44F9-9DB6-9FF8A227EE57}.Release|Any CPU.ActiveCfg = Release|Any CPU
		{9C7C094B-04B8-44F9-9DB6-9FF8A227EE57}.Release|Any CPU.Build.0 = Release|Any CPU
		{6C84B471-D3D4-4365-83B1-EBF89AE8AB23}.Debug|Any CPU.ActiveCfg = Debug|Any CPU
		{6C84B471-D3D4-4365-83B1-EBF89AE8AB23}.Debug|Any CPU.Build.0 = Debug|Any CPU
		{6C84B471-D3D4-4365-83B1-EBF89AE8AB23}.Release|Any CPU.ActiveCfg = Release|Any CPU
		{6C84B471-D3D4-4365-83B1-EBF89AE8AB23}.Release|Any CPU.Build.0 = Release|Any CPU
		{56354E4A-536E-4D69-884D-8D822F0A8B10}.Debug|Any CPU.ActiveCfg = Debug|Any CPU
		{56354E4A-536E-4D69-884D-8D822F0A8B10}.Debug|Any CPU.Build.0 = Debug|Any CPU
		{56354E4A-536E-4D69-884D-8D822F0A8B10}.Release|Any CPU.ActiveCfg = Release|Any CPU
		{56354E4A-536E-4D69-884D-8D822F0A8B10}.Release|Any CPU.Build.0 = Release|Any CPU
		{18DB4D2F-5B51-4EBD-A2A8-4C1DFA9A8CF3}.Debug|Any CPU.ActiveCfg = Debug|Any CPU
		{18DB4D2F-5B51-4EBD-A2A8-4C1DFA9A8CF3}.Debug|Any CPU.Build.0 = Debug|Any CPU
		{18DB4D2F-5B51-4EBD-A2A8-4C1DFA9A8CF3}.Release|Any CPU.ActiveCfg = Release|Any CPU
		{18DB4D2F-5B51-4EBD-A2A8-4C1DFA9A8CF3}.Release|Any CPU.Build.0 = Release|Any CPU
	EndGlobalSection
	GlobalSection(SolutionProperties) = preSolution
		HideSolutionNode = FALSE
	EndGlobalSection
	GlobalSection(ExtensibilityGlobals) = postSolution
		SolutionGuid = {01D0A0BA-68CF-4E23-9A2E-674E5CE05BAE}
	EndGlobalSection
EndGlobal
